
Microsoft Visual Studio Solution File, Format Version 12.00
# Visual Studio 14
VisualStudioVersion = 14.0.23107.0
MinimumVisualStudioVersion = 10.0.40219.1
Project("{FAE04EC0-301F-11D3-BF4B-00C04F79EFBC}") = "DynamicStyles", "DynamicStyles\DynamicStyles\DynamicStyles.csproj", "{F0E9D225-8402-464D-B596-E999F12692A2}"
EndProject
Project("{FAE04EC0-301F-11D3-BF4B-00C04F79EFBC}") = "DynamicStyles.iOS", "DynamicStyles\DynamicStyles.iOS\DynamicStyles.iOS.csproj", "{7726BE7E-462C-4A39-88E1-FFAC5A09522E}"
EndProject
Project("{FAE04EC0-301F-11D3-BF4B-00C04F79EFBC}") = "DynamicStyles.Droid", "DynamicStyles\DynamicStyles.Droid\DynamicStyles.Droid.csproj", "{171D0C06-3A43-42D7-86B1-C939DA23FC83}"
EndProject
Project("{FAE04EC0-301F-11D3-BF4B-00C04F79EFBC}") = "DynamicStyles.UWP", "DynamicStyles\DynamicStyles.UWP\DynamicStyles.UWP.csproj", "{C7D642C0-4B7C-4EFD-A127-372F448791DB}"
EndProject
Global
	GlobalSection(SolutionConfigurationPlatforms) = preSolution
		Ad-Hoc|Any CPU = Ad-Hoc|Any CPU
		Ad-Hoc|ARM = Ad-Hoc|ARM
		Ad-Hoc|iPhone = Ad-Hoc|iPhone
		Ad-Hoc|iPhoneSimulator = Ad-Hoc|iPhoneSimulator
		Ad-Hoc|x64 = Ad-Hoc|x64
		Ad-Hoc|x86 = Ad-Hoc|x86
		AppStore|Any CPU = AppStore|Any CPU
		AppStore|ARM = AppStore|ARM
		AppStore|iPhone = AppStore|iPhone
		AppStore|iPhoneSimulator = AppStore|iPhoneSimulator
		AppStore|x64 = AppStore|x64
		AppStore|x86 = AppStore|x86
		Debug|Any CPU = Debug|Any CPU
		Debug|ARM = Debug|ARM
		Debug|iPhone = Debug|iPhone
		Debug|iPhoneSimulator = Debug|iPhoneSimulator
		Debug|x64 = Debug|x64
		Debug|x86 = Debug|x86
		Release|Any CPU = Release|Any CPU
		Release|ARM = Release|ARM
		Release|iPhone = Release|iPhone
		Release|iPhoneSimulator = Release|iPhoneSimulator
		Release|x64 = Release|x64
		Release|x86 = Release|x86
	EndGlobalSection
	GlobalSection(ProjectConfigurationPlatforms) = postSolution
		{F0E9D225-8402-464D-B596-E999F12692A2}.Ad-Hoc|Any CPU.ActiveCfg = Release|Any CPU
		{F0E9D225-8402-464D-B596-E999F12692A2}.Ad-Hoc|Any CPU.Build.0 = Release|Any CPU
		{F0E9D225-8402-464D-B596-E999F12692A2}.Ad-Hoc|ARM.ActiveCfg = Release|Any CPU
		{F0E9D225-8402-464D-B596-E999F12692A2}.Ad-Hoc|ARM.Build.0 = Release|Any CPU
		{F0E9D225-8402-464D-B596-E999F12692A2}.Ad-Hoc|iPhone.ActiveCfg = Release|Any CPU
		{F0E9D225-8402-464D-B596-E999F12692A2}.Ad-Hoc|iPhone.Build.0 = Release|Any CPU
		{F0E9D225-8402-464D-B596-E999F12692A2}.Ad-Hoc|iPhoneSimulator.ActiveCfg = Release|Any CPU
		{F0E9D225-8402-464D-B596-E999F12692A2}.Ad-Hoc|iPhoneSimulator.Build.0 = Release|Any CPU
		{F0E9D225-8402-464D-B596-E999F12692A2}.Ad-Hoc|x64.ActiveCfg = Release|Any CPU
		{F0E9D225-8402-464D-B596-E999F12692A2}.Ad-Hoc|x64.Build.0 = Release|Any CPU
		{F0E9D225-8402-464D-B596-E999F12692A2}.Ad-Hoc|x86.ActiveCfg = Release|Any CPU
		{F0E9D225-8402-464D-B596-E999F12692A2}.Ad-Hoc|x86.Build.0 = Release|Any CPU
		{F0E9D225-8402-464D-B596-E999F12692A2}.AppStore|Any CPU.ActiveCfg = Release|Any CPU
		{F0E9D225-8402-464D-B596-E999F12692A2}.AppStore|Any CPU.Build.0 = Release|Any CPU
		{F0E9D225-8402-464D-B596-E999F12692A2}.AppStore|ARM.ActiveCfg = Release|Any CPU
		{F0E9D225-8402-464D-B596-E999F12692A2}.AppStore|ARM.Build.0 = Release|Any CPU
		{F0E9D225-8402-464D-B596-E999F12692A2}.AppStore|iPhone.ActiveCfg = Release|Any CPU
		{F0E9D225-8402-464D-B596-E999F12692A2}.AppStore|iPhone.Build.0 = Release|Any CPU
		{F0E9D225-8402-464D-B596-E999F12692A2}.AppStore|iPhoneSimulator.ActiveCfg = Release|Any CPU
		{F0E9D225-8402-464D-B596-E999F12692A2}.AppStore|iPhoneSimulator.Build.0 = Release|Any CPU
		{F0E9D225-8402-464D-B596-E999F12692A2}.AppStore|x64.ActiveCfg = Release|Any CPU
		{F0E9D225-8402-464D-B596-E999F12692A2}.AppStore|x64.Build.0 = Release|Any CPU
		{F0E9D225-8402-464D-B596-E999F12692A2}.AppStore|x86.ActiveCfg = Release|Any CPU
		{F0E9D225-8402-464D-B596-E999F12692A2}.AppStore|x86.Build.0 = Release|Any CPU
		{F0E9D225-8402-464D-B596-E999F12692A2}.Debug|Any CPU.ActiveCfg = Debug|Any CPU
		{F0E9D225-8402-464D-B596-E999F12692A2}.Debug|Any CPU.Build.0 = Debug|Any CPU
		{F0E9D225-8402-464D-B596-E999F12692A2}.Debug|ARM.ActiveCfg = Debug|Any CPU
		{F0E9D225-8402-464D-B596-E999F12692A2}.Debug|ARM.Build.0 = Debug|Any CPU
		{F0E9D225-8402-464D-B596-E999F12692A2}.Debug|iPhone.ActiveCfg = Debug|Any CPU
		{F0E9D225-8402-464D-B596-E999F12692A2}.Debug|iPhone.Build.0 = Debug|Any CPU
		{F0E9D225-8402-464D-B596-E999F12692A2}.Debug|iPhoneSimulator.ActiveCfg = Debug|Any CPU
		{F0E9D225-8402-464D-B596-E999F12692A2}.Debug|iPhoneSimulator.Build.0 = Debug|Any CPU
		{F0E9D225-8402-464D-B596-E999F12692A2}.Debug|x64.ActiveCfg = Debug|Any CPU
		{F0E9D225-8402-464D-B596-E999F12692A2}.Debug|x64.Build.0 = Debug|Any CPU
		{F0E9D225-8402-464D-B596-E999F12692A2}.Debug|x86.ActiveCfg = Debug|Any CPU
		{F0E9D225-8402-464D-B596-E999F12692A2}.Debug|x86.Build.0 = Debug|Any CPU
		{F0E9D225-8402-464D-B596-E999F12692A2}.Release|Any CPU.ActiveCfg = Release|Any CPU
		{F0E9D225-8402-464D-B596-E999F12692A2}.Release|Any CPU.Build.0 = Release|Any CPU
		{F0E9D225-8402-464D-B596-E999F12692A2}.Release|ARM.ActiveCfg = Release|Any CPU
		{F0E9D225-8402-464D-B596-E999F12692A2}.Release|ARM.Build.0 = Release|Any CPU
		{F0E9D225-8402-464D-B596-E999F12692A2}.Release|iPhone.ActiveCfg = Release|Any CPU
		{F0E9D225-8402-464D-B596-E999F12692A2}.Release|iPhone.Build.0 = Release|Any CPU
		{F0E9D225-8402-464D-B596-E999F12692A2}.Release|iPhoneSimulator.ActiveCfg = Release|Any CPU
		{F0E9D225-8402-464D-B596-E999F12692A2}.Release|iPhoneSimulator.Build.0 = Release|Any CPU
		{F0E9D225-8402-464D-B596-E999F12692A2}.Release|x64.ActiveCfg = Release|Any CPU
		{F0E9D225-8402-464D-B596-E999F12692A2}.Release|x64.Build.0 = Release|Any CPU
		{F0E9D225-8402-464D-B596-E999F12692A2}.Release|x86.ActiveCfg = Release|Any CPU
		{F0E9D225-8402-464D-B596-E999F12692A2}.Release|x86.Build.0 = Release|Any CPU
		{7726BE7E-462C-4A39-88E1-FFAC5A09522E}.Ad-Hoc|Any CPU.ActiveCfg = Ad-Hoc|iPhone
		{7726BE7E-462C-4A39-88E1-FFAC5A09522E}.Ad-Hoc|ARM.ActiveCfg = Ad-Hoc|iPhone
		{7726BE7E-462C-4A39-88E1-FFAC5A09522E}.Ad-Hoc|iPhone.ActiveCfg = Ad-Hoc|iPhone
		{7726BE7E-462C-4A39-88E1-FFAC5A09522E}.Ad-Hoc|iPhone.Build.0 = Ad-Hoc|iPhone
		{7726BE7E-462C-4A39-88E1-FFAC5A09522E}.Ad-Hoc|iPhoneSimulator.ActiveCfg = Ad-Hoc|iPhoneSimulator
		{7726BE7E-462C-4A39-88E1-FFAC5A09522E}.Ad-Hoc|iPhoneSimulator.Build.0 = Ad-Hoc|iPhoneSimulator
		{7726BE7E-462C-4A39-88E1-FFAC5A09522E}.Ad-Hoc|x64.ActiveCfg = Ad-Hoc|iPhoneSimulator
		{7726BE7E-462C-4A39-88E1-FFAC5A09522E}.Ad-Hoc|x86.ActiveCfg = Ad-Hoc|iPhone
		{7726BE7E-462C-4A39-88E1-FFAC5A09522E}.AppStore|Any CPU.ActiveCfg = AppStore|iPhone
		{7726BE7E-462C-4A39-88E1-FFAC5A09522E}.AppStore|ARM.ActiveCfg = AppStore|iPhone
		{7726BE7E-462C-4A39-88E1-FFAC5A09522E}.AppStore|iPhone.ActiveCfg = AppStore|iPhone
		{7726BE7E-462C-4A39-88E1-FFAC5A09522E}.AppStore|iPhone.Build.0 = AppStore|iPhone
		{7726BE7E-462C-4A39-88E1-FFAC5A09522E}.AppStore|iPhoneSimulator.ActiveCfg = AppStore|iPhoneSimulator
		{7726BE7E-462C-4A39-88E1-FFAC5A09522E}.AppStore|iPhoneSimulator.Build.0 = AppStore|iPhoneSimulator
		{7726BE7E-462C-4A39-88E1-FFAC5A09522E}.AppStore|x64.ActiveCfg = AppStore|iPhoneSimulator
		{7726BE7E-462C-4A39-88E1-FFAC5A09522E}.AppStore|x86.ActiveCfg = AppStore|iPhone
		{7726BE7E-462C-4A39-88E1-FFAC5A09522E}.Debug|Any CPU.ActiveCfg = Debug|iPhone
		{7726BE7E-462C-4A39-88E1-FFAC5A09522E}.Debug|ARM.ActiveCfg = Debug|iPhone
		{7726BE7E-462C-4A39-88E1-FFAC5A09522E}.Debug|iPhone.ActiveCfg = Debug|iPhone
		{7726BE7E-462C-4A39-88E1-FFAC5A09522E}.Debug|iPhone.Build.0 = Debug|iPhone
		{7726BE7E-462C-4A39-88E1-FFAC5A09522E}.Debug|iPhoneSimulator.ActiveCfg = Debug|iPhoneSimulator
		{7726BE7E-462C-4A39-88E1-FFAC5A09522E}.Debug|iPhoneSimulator.Build.0 = Debug|iPhoneSimulator
		{7726BE7E-462C-4A39-88E1-FFAC5A09522E}.Debug|x64.ActiveCfg = Debug|iPhoneSimulator
		{7726BE7E-462C-4A39-88E1-FFAC5A09522E}.Debug|x86.ActiveCfg = Debug|iPhone
		{7726BE7E-462C-4A39-88E1-FFAC5A09522E}.Release|Any CPU.ActiveCfg = Release|iPhone
		{7726BE7E-462C-4A39-88E1-FFAC5A09522E}.Release|ARM.ActiveCfg = Release|iPhone
		{7726BE7E-462C-4A39-88E1-FFAC5A09522E}.Release|iPhone.ActiveCfg = Release|iPhone
		{7726BE7E-462C-4A39-88E1-FFAC5A09522E}.Release|iPhone.Build.0 = Release|iPhone
		{7726BE7E-462C-4A39-88E1-FFAC5A09522E}.Release|iPhoneSimulator.ActiveCfg = Release|iPhoneSimulator
		{7726BE7E-462C-4A39-88E1-FFAC5A09522E}.Release|iPhoneSimulator.Build.0 = Release|iPhoneSimulator
		{7726BE7E-462C-4A39-88E1-FFAC5A09522E}.Release|x64.ActiveCfg = Release|iPhoneSimulator
		{7726BE7E-462C-4A39-88E1-FFAC5A09522E}.Release|x86.ActiveCfg = Release|iPhone
		{171D0C06-3A43-42D7-86B1-C939DA23FC83}.Ad-Hoc|Any CPU.ActiveCfg = Release|Any CPU
		{171D0C06-3A43-42D7-86B1-C939DA23FC83}.Ad-Hoc|Any CPU.Build.0 = Release|Any CPU
		{171D0C06-3A43-42D7-86B1-C939DA23FC83}.Ad-Hoc|Any CPU.Deploy.0 = Release|Any CPU
		{171D0C06-3A43-42D7-86B1-C939DA23FC83}.Ad-Hoc|ARM.ActiveCfg = Release|Any CPU
		{171D0C06-3A43-42D7-86B1-C939DA23FC83}.Ad-Hoc|ARM.Build.0 = Release|Any CPU
		{171D0C06-3A43-42D7-86B1-C939DA23FC83}.Ad-Hoc|ARM.Deploy.0 = Release|Any CPU
		{171D0C06-3A43-42D7-86B1-C939DA23FC83}.Ad-Hoc|iPhone.ActiveCfg = Release|Any CPU
		{171D0C06-3A43-42D7-86B1-C939DA23FC83}.Ad-Hoc|iPhone.Build.0 = Release|Any CPU
		{171D0C06-3A43-42D7-86B1-C939DA23FC83}.Ad-Hoc|iPhone.Deploy.0 = Release|Any CPU
		{171D0C06-3A43-42D7-86B1-C939DA23FC83}.Ad-Hoc|iPhoneSimulator.ActiveCfg = Release|Any CPU
		{171D0C06-3A43-42D7-86B1-C939DA23FC83}.Ad-Hoc|iPhoneSimulator.Build.0 = Release|Any CPU
		{171D0C06-3A43-42D7-86B1-C939DA23FC83}.Ad-Hoc|iPhoneSimulator.Deploy.0 = Release|Any CPU
		{171D0C06-3A43-42D7-86B1-C939DA23FC83}.Ad-Hoc|x64.ActiveCfg = Release|Any CPU
		{171D0C06-3A43-42D7-86B1-C939DA23FC83}.Ad-Hoc|x64.Build.0 = Release|Any CPU
		{171D0C06-3A43-42D7-86B1-C939DA23FC83}.Ad-Hoc|x64.Deploy.0 = Release|Any CPU
		{171D0C06-3A43-42D7-86B1-C939DA23FC83}.Ad-Hoc|x86.ActiveCfg = Release|Any CPU
		{171D0C06-3A43-42D7-86B1-C939DA23FC83}.Ad-Hoc|x86.Build.0 = Release|Any CPU
		{171D0C06-3A43-42D7-86B1-C939DA23FC83}.Ad-Hoc|x86.Deploy.0 = Release|Any CPU
		{171D0C06-3A43-42D7-86B1-C939DA23FC83}.AppStore|Any CPU.ActiveCfg = Release|Any CPU
		{171D0C06-3A43-42D7-86B1-C939DA23FC83}.AppStore|Any CPU.Build.0 = Release|Any CPU
		{171D0C06-3A43-42D7-86B1-C939DA23FC83}.AppStore|Any CPU.Deploy.0 = Release|Any CPU
		{171D0C06-3A43-42D7-86B1-C939DA23FC83}.AppStore|ARM.ActiveCfg = Release|Any CPU
		{171D0C06-3A43-42D7-86B1-C939DA23FC83}.AppStore|ARM.Build.0 = Release|Any CPU
		{171D0C06-3A43-42D7-86B1-C939DA23FC83}.AppStore|ARM.Deploy.0 = Release|Any CPU
		{171D0C06-3A43-42D7-86B1-C939DA23FC83}.AppStore|iPhone.ActiveCfg = Release|Any CPU
		{171D0C06-3A43-42D7-86B1-C939DA23FC83}.AppStore|iPhone.Build.0 = Release|Any CPU
		{171D0C06-3A43-42D7-86B1-C939DA23FC83}.AppStore|iPhone.Deploy.0 = Release|Any CPU
		{171D0C06-3A43-42D7-86B1-C939DA23FC83}.AppStore|iPhoneSimulator.ActiveCfg = Release|Any CPU
		{171D0C06-3A43-42D7-86B1-C939DA23FC83}.AppStore|iPhoneSimulator.Build.0 = Release|Any CPU
		{171D0C06-3A43-42D7-86B1-C939DA23FC83}.AppStore|iPhoneSimulator.Deploy.0 = Release|Any CPU
		{171D0C06-3A43-42D7-86B1-C939DA23FC83}.AppStore|x64.ActiveCfg = Release|Any CPU
		{171D0C06-3A43-42D7-86B1-C939DA23FC83}.AppStore|x64.Build.0 = Release|Any CPU
		{171D0C06-3A43-42D7-86B1-C939DA23FC83}.AppStore|x64.Deploy.0 = Release|Any CPU
		{171D0C06-3A43-42D7-86B1-C939DA23FC83}.AppStore|x86.ActiveCfg = Release|Any CPU
		{171D0C06-3A43-42D7-86B1-C939DA23FC83}.AppStore|x86.Build.0 = Release|Any CPU
		{171D0C06-3A43-42D7-86B1-C939DA23FC83}.AppStore|x86.Deploy.0 = Release|Any CPU
		{171D0C06-3A43-42D7-86B1-C939DA23FC83}.Debug|Any CPU.ActiveCfg = Debug|Any CPU
		{171D0C06-3A43-42D7-86B1-C939DA23FC83}.Debug|Any CPU.Build.0 = Debug|Any CPU
		{171D0C06-3A43-42D7-86B1-C939DA23FC83}.Debug|Any CPU.Deploy.0 = Debug|Any CPU
		{171D0C06-3A43-42D7-86B1-C939DA23FC83}.Debug|ARM.ActiveCfg = Debug|Any CPU
		{171D0C06-3A43-42D7-86B1-C939DA23FC83}.Debug|ARM.Build.0 = Debug|Any CPU
		{171D0C06-3A43-42D7-86B1-C939DA23FC83}.Debug|ARM.Deploy.0 = Debug|Any CPU
		{171D0C06-3A43-42D7-86B1-C939DA23FC83}.Debug|iPhone.ActiveCfg = Debug|Any CPU
		{171D0C06-3A43-42D7-86B1-C939DA23FC83}.Debug|iPhone.Build.0 = Debug|Any CPU
		{171D0C06-3A43-42D7-86B1-C939DA23FC83}.Debug|iPhone.Deploy.0 = Debug|Any CPU
		{171D0C06-3A43-42D7-86B1-C939DA23FC83}.Debug|iPhoneSimulator.ActiveCfg = Debug|Any CPU
		{171D0C06-3A43-42D7-86B1-C939DA23FC83}.Debug|iPhoneSimulator.Build.0 = Debug|Any CPU
		{171D0C06-3A43-42D7-86B1-C939DA23FC83}.Debug|iPhoneSimulator.Deploy.0 = Debug|Any CPU
		{171D0C06-3A43-42D7-86B1-C939DA23FC83}.Debug|x64.ActiveCfg = Debug|Any CPU
		{171D0C06-3A43-42D7-86B1-C939DA23FC83}.Debug|x64.Build.0 = Debug|Any CPU
		{171D0C06-3A43-42D7-86B1-C939DA23FC83}.Debug|x64.Deploy.0 = Debug|Any CPU
		{171D0C06-3A43-42D7-86B1-C939DA23FC83}.Debug|x86.ActiveCfg = Debug|Any CPU
		{171D0C06-3A43-42D7-86B1-C939DA23FC83}.Debug|x86.Build.0 = Debug|Any CPU
		{171D0C06-3A43-42D7-86B1-C939DA23FC83}.Debug|x86.Deploy.0 = Debug|Any CPU
		{171D0C06-3A43-42D7-86B1-C939DA23FC83}.Release|Any CPU.ActiveCfg = Release|Any CPU
		{171D0C06-3A43-42D7-86B1-C939DA23FC83}.Release|Any CPU.Build.0 = Release|Any CPU
		{171D0C06-3A43-42D7-86B1-C939DA23FC83}.Release|Any CPU.Deploy.0 = Release|Any CPU
		{171D0C06-3A43-42D7-86B1-C939DA23FC83}.Release|ARM.ActiveCfg = Release|Any CPU
		{171D0C06-3A43-42D7-86B1-C939DA23FC83}.Release|ARM.Build.0 = Release|Any CPU
		{171D0C06-3A43-42D7-86B1-C939DA23FC83}.Release|ARM.Deploy.0 = Release|Any CPU
		{171D0C06-3A43-42D7-86B1-C939DA23FC83}.Release|iPhone.ActiveCfg = Release|Any CPU
		{171D0C06-3A43-42D7-86B1-C939DA23FC83}.Release|iPhone.Build.0 = Release|Any CPU
		{171D0C06-3A43-42D7-86B1-C939DA23FC83}.Release|iPhone.Deploy.0 = Release|Any CPU
		{171D0C06-3A43-42D7-86B1-C939DA23FC83}.Release|iPhoneSimulator.ActiveCfg = Release|Any CPU
		{171D0C06-3A43-42D7-86B1-C939DA23FC83}.Release|iPhoneSimulator.Build.0 = Release|Any CPU
		{171D0C06-3A43-42D7-86B1-C939DA23FC83}.Release|iPhoneSimulator.Deploy.0 = Release|Any CPU
		{171D0C06-3A43-42D7-86B1-C939DA23FC83}.Release|x64.ActiveCfg = Release|Any CPU
		{171D0C06-3A43-42D7-86B1-C939DA23FC83}.Release|x64.Build.0 = Release|Any CPU
		{171D0C06-3A43-42D7-86B1-C939DA23FC83}.Release|x64.Deploy.0 = Release|Any CPU
		{171D0C06-3A43-42D7-86B1-C939DA23FC83}.Release|x86.ActiveCfg = Release|Any CPU
		{171D0C06-3A43-42D7-86B1-C939DA23FC83}.Release|x86.Build.0 = Release|Any CPU
		{171D0C06-3A43-42D7-86B1-C939DA23FC83}.Release|x86.Deploy.0 = Release|Any CPU
		{C7D642C0-4B7C-4EFD-A127-372F448791DB}.Ad-Hoc|Any CPU.ActiveCfg = Release|x86
		{C7D642C0-4B7C-4EFD-A127-372F448791DB}.Ad-Hoc|Any CPU.Build.0 = Release|x86
		{C7D642C0-4B7C-4EFD-A127-372F448791DB}.Ad-Hoc|Any CPU.Deploy.0 = Release|x86
		{C7D642C0-4B7C-4EFD-A127-372F448791DB}.Ad-Hoc|ARM.ActiveCfg = Release|ARM
		{C7D642C0-4B7C-4EFD-A127-372F448791DB}.Ad-Hoc|ARM.Build.0 = Release|ARM
		{C7D642C0-4B7C-4EFD-A127-372F448791DB}.Ad-Hoc|ARM.Deploy.0 = Release|ARM
		{C7D642C0-4B7C-4EFD-A127-372F448791DB}.Ad-Hoc|iPhone.ActiveCfg = Release|x86
		{C7D642C0-4B7C-4EFD-A127-372F448791DB}.Ad-Hoc|iPhone.Build.0 = Release|x86
		{C7D642C0-4B7C-4EFD-A127-372F448791DB}.Ad-Hoc|iPhone.Deploy.0 = Release|x86
		{C7D642C0-4B7C-4EFD-A127-372F448791DB}.Ad-Hoc|iPhoneSimulator.ActiveCfg = Release|x86
		{C7D642C0-4B7C-4EFD-A127-372F448791DB}.Ad-Hoc|iPhoneSimulator.Build.0 = Release|x86
		{C7D642C0-4B7C-4EFD-A127-372F448791DB}.Ad-Hoc|iPhoneSimulator.Deploy.0 = Release|x86
		{C7D642C0-4B7C-4EFD-A127-372F448791DB}.Ad-Hoc|x64.ActiveCfg = Release|x64
		{C7D642C0-4B7C-4EFD-A127-372F448791DB}.Ad-Hoc|x64.Build.0 = Release|x64
		{C7D642C0-4B7C-4EFD-A127-372F448791DB}.Ad-Hoc|x64.Deploy.0 = Release|x64
		{C7D642C0-4B7C-4EFD-A127-372F448791DB}.Ad-Hoc|x86.ActiveCfg = Release|x86
		{C7D642C0-4B7C-4EFD-A127-372F448791DB}.Ad-Hoc|x86.Build.0 = Release|x86
		{C7D642C0-4B7C-4EFD-A127-372F448791DB}.Ad-Hoc|x86.Deploy.0 = Release|x86
		{C7D642C0-4B7C-4EFD-A127-372F448791DB}.AppStore|Any CPU.ActiveCfg = Release|x86
		{C7D642C0-4B7C-4EFD-A127-372F448791DB}.AppStore|Any CPU.Build.0 = Release|x86
		{C7D642C0-4B7C-4EFD-A127-372F448791DB}.AppStore|Any CPU.Deploy.0 = Release|x86
		{C7D642C0-4B7C-4EFD-A127-372F448791DB}.AppStore|ARM.ActiveCfg = Release|ARM
		{C7D642C0-4B7C-4EFD-A127-372F448791DB}.AppStore|ARM.Build.0 = Release|ARM
		{C7D642C0-4B7C-4EFD-A127-372F448791DB}.AppStore|ARM.Deploy.0 = Release|ARM
		{C7D642C0-4B7C-4EFD-A127-372F448791DB}.AppStore|iPhone.ActiveCfg = Release|x86
		{C7D642C0-4B7C-4EFD-A127-372F448791DB}.AppStore|iPhone.Build.0 = Release|x86
		{C7D642C0-4B7C-4EFD-A127-372F448791DB}.AppStore|iPhone.Deploy.0 = Release|x86
		{C7D642C0-4B7C-4EFD-A127-372F448791DB}.AppStore|iPhoneSimulator.ActiveCfg = Release|x86
		{C7D642C0-4B7C-4EFD-A127-372F448791DB}.AppStore|iPhoneSimulator.Build.0 = Release|x86
		{C7D642C0-4B7C-4EFD-A127-372F448791DB}.AppStore|iPhoneSimulator.Deploy.0 = Release|x86
		{C7D642C0-4B7C-4EFD-A127-372F448791DB}.AppStore|x64.ActiveCfg = Release|x64
		{C7D642C0-4B7C-4EFD-A127-372F448791DB}.AppStore|x64.Build.0 = Release|x64
		{C7D642C0-4B7C-4EFD-A127-372F448791DB}.AppStore|x64.Deploy.0 = Release|x64
		{C7D642C0-4B7C-4EFD-A127-372F448791DB}.AppStore|x86.ActiveCfg = Release|x86
		{C7D642C0-4B7C-4EFD-A127-372F448791DB}.AppStore|x86.Build.0 = Release|x86
		{C7D642C0-4B7C-4EFD-A127-372F448791DB}.AppStore|x86.Deploy.0 = Release|x86
		{C7D642C0-4B7C-4EFD-A127-372F448791DB}.Debug|Any CPU.ActiveCfg = Debug|x86
		{C7D642C0-4B7C-4EFD-A127-372F448791DB}.Debug|Any CPU.Build.0 = Debug|x86
		{C7D642C0-4B7C-4EFD-A127-372F448791DB}.Debug|Any CPU.Deploy.0 = Debug|x86
		{C7D642C0-4B7C-4EFD-A127-372F448791DB}.Debug|ARM.ActiveCfg = Debug|ARM
		{C7D642C0-4B7C-4EFD-A127-372F448791DB}.Debug|ARM.Build.0 = Debug|ARM
		{C7D642C0-4B7C-4EFD-A127-372F448791DB}.Debug|ARM.Deploy.0 = Debug|ARM
		{C7D642C0-4B7C-4EFD-A127-372F448791DB}.Debug|iPhone.ActiveCfg = Debug|x86
		{C7D642C0-4B7C-4EFD-A127-372F448791DB}.Debug|iPhone.Build.0 = Debug|x86
		{C7D642C0-4B7C-4EFD-A127-372F448791DB}.Debug|iPhone.Deploy.0 = Debug|x86
		{C7D642C0-4B7C-4EFD-A127-372F448791DB}.Debug|iPhoneSimulator.ActiveCfg = Debug|x86
		{C7D642C0-4B7C-4EFD-A127-372F448791DB}.Debug|iPhoneSimulator.Build.0 = Debug|x86
		{C7D642C0-4B7C-4EFD-A127-372F448791DB}.Debug|iPhoneSimulator.Deploy.0 = Debug|x86
		{C7D642C0-4B7C-4EFD-A127-372F448791DB}.Debug|x64.ActiveCfg = Debug|x64
		{C7D642C0-4B7C-4EFD-A127-372F448791DB}.Debug|x64.Build.0 = Debug|x64
		{C7D642C0-4B7C-4EFD-A127-372F448791DB}.Debug|x64.Deploy.0 = Debug|x64
		{C7D642C0-4B7C-4EFD-A127-372F448791DB}.Debug|x86.ActiveCfg = Debug|x86
		{C7D642C0-4B7C-4EFD-A127-372F448791DB}.Debug|x86.Build.0 = Debug|x86
		{C7D642C0-4B7C-4EFD-A127-372F448791DB}.Debug|x86.Deploy.0 = Debug|x86
		{C7D642C0-4B7C-4EFD-A127-372F448791DB}.Release|Any CPU.ActiveCfg = Release|x86
		{C7D642C0-4B7C-4EFD-A127-372F448791DB}.Release|Any CPU.Build.0 = Release|x86
		{C7D642C0-4B7C-4EFD-A127-372F448791DB}.Release|Any CPU.Deploy.0 = Release|x86
		{C7D642C0-4B7C-4EFD-A127-372F448791DB}.Release|ARM.ActiveCfg = Release|ARM
		{C7D642C0-4B7C-4EFD-A127-372F448791DB}.Release|ARM.Build.0 = Release|ARM
		{C7D642C0-4B7C-4EFD-A127-372F448791DB}.Release|ARM.Deploy.0 = Release|ARM
		{C7D642C0-4B7C-4EFD-A127-372F448791DB}.Release|iPhone.ActiveCfg = Release|x86
		{C7D642C0-4B7C-4EFD-A127-372F448791DB}.Release|iPhone.Build.0 = Release|x86
		{C7D642C0-4B7C-4EFD-A127-372F448791DB}.Release|iPhone.Deploy.0 = Release|x86
		{C7D642C0-4B7C-4EFD-A127-372F448791DB}.Release|iPhoneSimulator.ActiveCfg = Release|x86
		{C7D642C0-4B7C-4EFD-A127-372F448791DB}.Release|iPhoneSimulator.Build.0 = Release|x86
		{C7D642C0-4B7C-4EFD-A127-372F448791DB}.Release|iPhoneSimulator.Deploy.0 = Release|x86
		{C7D642C0-4B7C-4EFD-A127-372F448791DB}.Release|x64.ActiveCfg = Release|x64
		{C7D642C0-4B7C-4EFD-A127-372F448791DB}.Release|x64.Build.0 = Release|x64
		{C7D642C0-4B7C-4EFD-A127-372F448791DB}.Release|x64.Deploy.0 = Release|x64
		{C7D642C0-4B7C-4EFD-A127-372F448791DB}.Release|x86.ActiveCfg = Release|x86
		{C7D642C0-4B7C-4EFD-A127-372F448791DB}.Release|x86.Build.0 = Release|x86
		{C7D642C0-4B7C-4EFD-A127-372F448791DB}.Release|x86.Deploy.0 = Release|x86
	EndGlobalSection
	GlobalSection(SolutionProperties) = preSolution
		HideSolutionNode = FALSE
	EndGlobalSection
EndGlobal
