
Microsoft Visual Studio Solution File, Format Version 12.00
# Visual Studio 2013
VisualStudioVersion = 12.0.31101.0
MinimumVisualStudioVersion = 10.0.40219.1
Project("{FAE04EC0-301F-11D3-BF4B-00C04F79EFBC}") = "Xamarin.FormsBook.Toolkit", "Xamarin.FormsBook.Toolkit\Xamarin.FormsBook.Toolkit.csproj", "{58EEAFFF-D1BB-4375-AEFC-8270F8415DCE}"
EndProject
Global
	GlobalSection(SolutionConfigurationPlatforms) = preSolution
		Debug|Any CPU = Debug|Any CPU
		Release|Any CPU = Release|Any CPU
	EndGlobalSection
	GlobalSection(ProjectConfigurationPlatforms) = postSolution
		{58EEAFFF-D1BB-4375-AEFC-8270F8415DCE}.Debug|Any CPU.ActiveCfg = Debug|Any CPU
		{58EEAFFF-D1BB-4375-AEFC-8270F8415DCE}.Debug|Any CPU.Build.0 = Debug|Any CPU
		{58EEAFFF-D1BB-4375-AEFC-8270F8415DCE}.Release|Any CPU.ActiveCfg = Release|Any CPU
		{58EEAFFF-D1BB-4375-AEFC-8270F8415DCE}.Release|Any CPU.Build.0 = Release|Any CPU
	EndGlobalSection
	GlobalSection(SolutionProperties) = preSolution
		HideSolutionNode = FALSE
	EndGlobalSection
EndGlobal
