
Microsoft Visual Studio Solution File, Format Version 12.00
# Visual Studio 14
VisualStudioVersion = 14.0.23107.0
MinimumVisualStudioVersion = 10.0.40219.1
Project("{FAE04EC0-301F-11D3-BF4B-00C04F79EFBC}") = "WhatSize", "WhatSize\WhatSize\WhatSize.csproj", "{3923DFAF-8F8D-482B-BA0C-64CA2A7E1D11}"
EndProject
Project("{FAE04EC0-301F-11D3-BF4B-00C04F79EFBC}") = "WhatSize.iOS", "WhatSize\WhatSize.iOS\WhatSize.iOS.csproj", "{71AF5BF4-10CF-4974-890A-0FAC0CCDDFA8}"
EndProject
Project("{FAE04EC0-301F-11D3-BF4B-00C04F79EFBC}") = "WhatSize.Droid", "WhatSize\WhatSize.Droid\WhatSize.Droid.csproj", "{3DD7460E-8D1A-4DE9-8C4F-2AD3D961026C}"
EndProject
Project("{FAE04EC0-301F-11D3-BF4B-00C04F79EFBC}") = "WhatSize.UWP", "WhatSize\WhatSize.UWP\WhatSize.UWP.csproj", "{0138E5C8-3415-4180-A25A-24ABFBBBD104}"
EndProject
Global
	GlobalSection(SolutionConfigurationPlatforms) = preSolution
		Ad-Hoc|Any CPU = Ad-Hoc|Any CPU
		Ad-Hoc|ARM = Ad-Hoc|ARM
		Ad-Hoc|iPhone = Ad-Hoc|iPhone
		Ad-Hoc|iPhoneSimulator = Ad-Hoc|iPhoneSimulator
		Ad-Hoc|x64 = Ad-Hoc|x64
		Ad-Hoc|x86 = Ad-Hoc|x86
		AppStore|Any CPU = AppStore|Any CPU
		AppStore|ARM = AppStore|ARM
		AppStore|iPhone = AppStore|iPhone
		AppStore|iPhoneSimulator = AppStore|iPhoneSimulator
		AppStore|x64 = AppStore|x64
		AppStore|x86 = AppStore|x86
		Debug|Any CPU = Debug|Any CPU
		Debug|ARM = Debug|ARM
		Debug|iPhone = Debug|iPhone
		Debug|iPhoneSimulator = Debug|iPhoneSimulator
		Debug|x64 = Debug|x64
		Debug|x86 = Debug|x86
		Release|Any CPU = Release|Any CPU
		Release|ARM = Release|ARM
		Release|iPhone = Release|iPhone
		Release|iPhoneSimulator = Release|iPhoneSimulator
		Release|x64 = Release|x64
		Release|x86 = Release|x86
	EndGlobalSection
	GlobalSection(ProjectConfigurationPlatforms) = postSolution
		{3923DFAF-8F8D-482B-BA0C-64CA2A7E1D11}.Ad-Hoc|Any CPU.ActiveCfg = Release|Any CPU
		{3923DFAF-8F8D-482B-BA0C-64CA2A7E1D11}.Ad-Hoc|Any CPU.Build.0 = Release|Any CPU
		{3923DFAF-8F8D-482B-BA0C-64CA2A7E1D11}.Ad-Hoc|ARM.ActiveCfg = Release|Any CPU
		{3923DFAF-8F8D-482B-BA0C-64CA2A7E1D11}.Ad-Hoc|ARM.Build.0 = Release|Any CPU
		{3923DFAF-8F8D-482B-BA0C-64CA2A7E1D11}.Ad-Hoc|iPhone.ActiveCfg = Release|Any CPU
		{3923DFAF-8F8D-482B-BA0C-64CA2A7E1D11}.Ad-Hoc|iPhone.Build.0 = Release|Any CPU
		{3923DFAF-8F8D-482B-BA0C-64CA2A7E1D11}.Ad-Hoc|iPhoneSimulator.ActiveCfg = Release|Any CPU
		{3923DFAF-8F8D-482B-BA0C-64CA2A7E1D11}.Ad-Hoc|iPhoneSimulator.Build.0 = Release|Any CPU
		{3923DFAF-8F8D-482B-BA0C-64CA2A7E1D11}.Ad-Hoc|x64.ActiveCfg = Release|Any CPU
		{3923DFAF-8F8D-482B-BA0C-64CA2A7E1D11}.Ad-Hoc|x64.Build.0 = Release|Any CPU
		{3923DFAF-8F8D-482B-BA0C-64CA2A7E1D11}.Ad-Hoc|x86.ActiveCfg = Release|Any CPU
		{3923DFAF-8F8D-482B-BA0C-64CA2A7E1D11}.Ad-Hoc|x86.Build.0 = Release|Any CPU
		{3923DFAF-8F8D-482B-BA0C-64CA2A7E1D11}.AppStore|Any CPU.ActiveCfg = Release|Any CPU
		{3923DFAF-8F8D-482B-BA0C-64CA2A7E1D11}.AppStore|Any CPU.Build.0 = Release|Any CPU
		{3923DFAF-8F8D-482B-BA0C-64CA2A7E1D11}.AppStore|ARM.ActiveCfg = Release|Any CPU
		{3923DFAF-8F8D-482B-BA0C-64CA2A7E1D11}.AppStore|ARM.Build.0 = Release|Any CPU
		{3923DFAF-8F8D-482B-BA0C-64CA2A7E1D11}.AppStore|iPhone.ActiveCfg = Release|Any CPU
		{3923DFAF-8F8D-482B-BA0C-64CA2A7E1D11}.AppStore|iPhone.Build.0 = Release|Any CPU
		{3923DFAF-8F8D-482B-BA0C-64CA2A7E1D11}.AppStore|iPhoneSimulator.ActiveCfg = Release|Any CPU
		{3923DFAF-8F8D-482B-BA0C-64CA2A7E1D11}.AppStore|iPhoneSimulator.Build.0 = Release|Any CPU
		{3923DFAF-8F8D-482B-BA0C-64CA2A7E1D11}.AppStore|x64.ActiveCfg = Release|Any CPU
		{3923DFAF-8F8D-482B-BA0C-64CA2A7E1D11}.AppStore|x64.Build.0 = Release|Any CPU
		{3923DFAF-8F8D-482B-BA0C-64CA2A7E1D11}.AppStore|x86.ActiveCfg = Release|Any CPU
		{3923DFAF-8F8D-482B-BA0C-64CA2A7E1D11}.AppStore|x86.Build.0 = Release|Any CPU
		{3923DFAF-8F8D-482B-BA0C-64CA2A7E1D11}.Debug|Any CPU.ActiveCfg = Debug|Any CPU
		{3923DFAF-8F8D-482B-BA0C-64CA2A7E1D11}.Debug|Any CPU.Build.0 = Debug|Any CPU
		{3923DFAF-8F8D-482B-BA0C-64CA2A7E1D11}.Debug|ARM.ActiveCfg = Debug|Any CPU
		{3923DFAF-8F8D-482B-BA0C-64CA2A7E1D11}.Debug|ARM.Build.0 = Debug|Any CPU
		{3923DFAF-8F8D-482B-BA0C-64CA2A7E1D11}.Debug|iPhone.ActiveCfg = Debug|Any CPU
		{3923DFAF-8F8D-482B-BA0C-64CA2A7E1D11}.Debug|iPhone.Build.0 = Debug|Any CPU
		{3923DFAF-8F8D-482B-BA0C-64CA2A7E1D11}.Debug|iPhoneSimulator.ActiveCfg = Debug|Any CPU
		{3923DFAF-8F8D-482B-BA0C-64CA2A7E1D11}.Debug|iPhoneSimulator.Build.0 = Debug|Any CPU
		{3923DFAF-8F8D-482B-BA0C-64CA2A7E1D11}.Debug|x64.ActiveCfg = Debug|Any CPU
		{3923DFAF-8F8D-482B-BA0C-64CA2A7E1D11}.Debug|x64.Build.0 = Debug|Any CPU
		{3923DFAF-8F8D-482B-BA0C-64CA2A7E1D11}.Debug|x86.ActiveCfg = Debug|Any CPU
		{3923DFAF-8F8D-482B-BA0C-64CA2A7E1D11}.Debug|x86.Build.0 = Debug|Any CPU
		{3923DFAF-8F8D-482B-BA0C-64CA2A7E1D11}.Release|Any CPU.ActiveCfg = Release|Any CPU
		{3923DFAF-8F8D-482B-BA0C-64CA2A7E1D11}.Release|Any CPU.Build.0 = Release|Any CPU
		{3923DFAF-8F8D-482B-BA0C-64CA2A7E1D11}.Release|ARM.ActiveCfg = Release|Any CPU
		{3923DFAF-8F8D-482B-BA0C-64CA2A7E1D11}.Release|ARM.Build.0 = Release|Any CPU
		{3923DFAF-8F8D-482B-BA0C-64CA2A7E1D11}.Release|iPhone.ActiveCfg = Release|Any CPU
		{3923DFAF-8F8D-482B-BA0C-64CA2A7E1D11}.Release|iPhone.Build.0 = Release|Any CPU
		{3923DFAF-8F8D-482B-BA0C-64CA2A7E1D11}.Release|iPhoneSimulator.ActiveCfg = Release|Any CPU
		{3923DFAF-8F8D-482B-BA0C-64CA2A7E1D11}.Release|iPhoneSimulator.Build.0 = Release|Any CPU
		{3923DFAF-8F8D-482B-BA0C-64CA2A7E1D11}.Release|x64.ActiveCfg = Release|Any CPU
		{3923DFAF-8F8D-482B-BA0C-64CA2A7E1D11}.Release|x64.Build.0 = Release|Any CPU
		{3923DFAF-8F8D-482B-BA0C-64CA2A7E1D11}.Release|x86.ActiveCfg = Release|Any CPU
		{3923DFAF-8F8D-482B-BA0C-64CA2A7E1D11}.Release|x86.Build.0 = Release|Any CPU
		{71AF5BF4-10CF-4974-890A-0FAC0CCDDFA8}.Ad-Hoc|Any CPU.ActiveCfg = Ad-Hoc|iPhone
		{71AF5BF4-10CF-4974-890A-0FAC0CCDDFA8}.Ad-Hoc|ARM.ActiveCfg = Ad-Hoc|iPhone
		{71AF5BF4-10CF-4974-890A-0FAC0CCDDFA8}.Ad-Hoc|iPhone.ActiveCfg = Ad-Hoc|iPhone
		{71AF5BF4-10CF-4974-890A-0FAC0CCDDFA8}.Ad-Hoc|iPhone.Build.0 = Ad-Hoc|iPhone
		{71AF5BF4-10CF-4974-890A-0FAC0CCDDFA8}.Ad-Hoc|iPhoneSimulator.ActiveCfg = Ad-Hoc|iPhoneSimulator
		{71AF5BF4-10CF-4974-890A-0FAC0CCDDFA8}.Ad-Hoc|iPhoneSimulator.Build.0 = Ad-Hoc|iPhoneSimulator
		{71AF5BF4-10CF-4974-890A-0FAC0CCDDFA8}.Ad-Hoc|x64.ActiveCfg = Ad-Hoc|iPhoneSimulator
		{71AF5BF4-10CF-4974-890A-0FAC0CCDDFA8}.Ad-Hoc|x86.ActiveCfg = Ad-Hoc|iPhone
		{71AF5BF4-10CF-4974-890A-0FAC0CCDDFA8}.AppStore|Any CPU.ActiveCfg = AppStore|iPhone
		{71AF5BF4-10CF-4974-890A-0FAC0CCDDFA8}.AppStore|ARM.ActiveCfg = AppStore|iPhone
		{71AF5BF4-10CF-4974-890A-0FAC0CCDDFA8}.AppStore|iPhone.ActiveCfg = AppStore|iPhone
		{71AF5BF4-10CF-4974-890A-0FAC0CCDDFA8}.AppStore|iPhone.Build.0 = AppStore|iPhone
		{71AF5BF4-10CF-4974-890A-0FAC0CCDDFA8}.AppStore|iPhoneSimulator.ActiveCfg = AppStore|iPhoneSimulator
		{71AF5BF4-10CF-4974-890A-0FAC0CCDDFA8}.AppStore|iPhoneSimulator.Build.0 = AppStore|iPhoneSimulator
		{71AF5BF4-10CF-4974-890A-0FAC0CCDDFA8}.AppStore|x64.ActiveCfg = AppStore|iPhoneSimulator
		{71AF5BF4-10CF-4974-890A-0FAC0CCDDFA8}.AppStore|x86.ActiveCfg = AppStore|iPhone
		{71AF5BF4-10CF-4974-890A-0FAC0CCDDFA8}.Debug|Any CPU.ActiveCfg = Debug|iPhone
		{71AF5BF4-10CF-4974-890A-0FAC0CCDDFA8}.Debug|ARM.ActiveCfg = Debug|iPhone
		{71AF5BF4-10CF-4974-890A-0FAC0CCDDFA8}.Debug|iPhone.ActiveCfg = Debug|iPhone
		{71AF5BF4-10CF-4974-890A-0FAC0CCDDFA8}.Debug|iPhone.Build.0 = Debug|iPhone
		{71AF5BF4-10CF-4974-890A-0FAC0CCDDFA8}.Debug|iPhoneSimulator.ActiveCfg = Debug|iPhoneSimulator
		{71AF5BF4-10CF-4974-890A-0FAC0CCDDFA8}.Debug|iPhoneSimulator.Build.0 = Debug|iPhoneSimulator
		{71AF5BF4-10CF-4974-890A-0FAC0CCDDFA8}.Debug|x64.ActiveCfg = Debug|iPhoneSimulator
		{71AF5BF4-10CF-4974-890A-0FAC0CCDDFA8}.Debug|x86.ActiveCfg = Debug|iPhone
		{71AF5BF4-10CF-4974-890A-0FAC0CCDDFA8}.Release|Any CPU.ActiveCfg = Release|iPhone
		{71AF5BF4-10CF-4974-890A-0FAC0CCDDFA8}.Release|ARM.ActiveCfg = Release|iPhone
		{71AF5BF4-10CF-4974-890A-0FAC0CCDDFA8}.Release|iPhone.ActiveCfg = Release|iPhone
		{71AF5BF4-10CF-4974-890A-0FAC0CCDDFA8}.Release|iPhone.Build.0 = Release|iPhone
		{71AF5BF4-10CF-4974-890A-0FAC0CCDDFA8}.Release|iPhoneSimulator.ActiveCfg = Release|iPhoneSimulator
		{71AF5BF4-10CF-4974-890A-0FAC0CCDDFA8}.Release|iPhoneSimulator.Build.0 = Release|iPhoneSimulator
		{71AF5BF4-10CF-4974-890A-0FAC0CCDDFA8}.Release|x64.ActiveCfg = Release|iPhoneSimulator
		{71AF5BF4-10CF-4974-890A-0FAC0CCDDFA8}.Release|x86.ActiveCfg = Release|iPhone
		{3DD7460E-8D1A-4DE9-8C4F-2AD3D961026C}.Ad-Hoc|Any CPU.ActiveCfg = Release|Any CPU
		{3DD7460E-8D1A-4DE9-8C4F-2AD3D961026C}.Ad-Hoc|Any CPU.Build.0 = Release|Any CPU
		{3DD7460E-8D1A-4DE9-8C4F-2AD3D961026C}.Ad-Hoc|Any CPU.Deploy.0 = Release|Any CPU
		{3DD7460E-8D1A-4DE9-8C4F-2AD3D961026C}.Ad-Hoc|ARM.ActiveCfg = Release|Any CPU
		{3DD7460E-8D1A-4DE9-8C4F-2AD3D961026C}.Ad-Hoc|ARM.Build.0 = Release|Any CPU
		{3DD7460E-8D1A-4DE9-8C4F-2AD3D961026C}.Ad-Hoc|ARM.Deploy.0 = Release|Any CPU
		{3DD7460E-8D1A-4DE9-8C4F-2AD3D961026C}.Ad-Hoc|iPhone.ActiveCfg = Release|Any CPU
		{3DD7460E-8D1A-4DE9-8C4F-2AD3D961026C}.Ad-Hoc|iPhone.Build.0 = Release|Any CPU
		{3DD7460E-8D1A-4DE9-8C4F-2AD3D961026C}.Ad-Hoc|iPhone.Deploy.0 = Release|Any CPU
		{3DD7460E-8D1A-4DE9-8C4F-2AD3D961026C}.Ad-Hoc|iPhoneSimulator.ActiveCfg = Release|Any CPU
		{3DD7460E-8D1A-4DE9-8C4F-2AD3D961026C}.Ad-Hoc|iPhoneSimulator.Build.0 = Release|Any CPU
		{3DD7460E-8D1A-4DE9-8C4F-2AD3D961026C}.Ad-Hoc|iPhoneSimulator.Deploy.0 = Release|Any CPU
		{3DD7460E-8D1A-4DE9-8C4F-2AD3D961026C}.Ad-Hoc|x64.ActiveCfg = Release|Any CPU
		{3DD7460E-8D1A-4DE9-8C4F-2AD3D961026C}.Ad-Hoc|x64.Build.0 = Release|Any CPU
		{3DD7460E-8D1A-4DE9-8C4F-2AD3D961026C}.Ad-Hoc|x64.Deploy.0 = Release|Any CPU
		{3DD7460E-8D1A-4DE9-8C4F-2AD3D961026C}.Ad-Hoc|x86.ActiveCfg = Release|Any CPU
		{3DD7460E-8D1A-4DE9-8C4F-2AD3D961026C}.Ad-Hoc|x86.Build.0 = Release|Any CPU
		{3DD7460E-8D1A-4DE9-8C4F-2AD3D961026C}.Ad-Hoc|x86.Deploy.0 = Release|Any CPU
		{3DD7460E-8D1A-4DE9-8C4F-2AD3D961026C}.AppStore|Any CPU.ActiveCfg = Release|Any CPU
		{3DD7460E-8D1A-4DE9-8C4F-2AD3D961026C}.AppStore|Any CPU.Build.0 = Release|Any CPU
		{3DD7460E-8D1A-4DE9-8C4F-2AD3D961026C}.AppStore|Any CPU.Deploy.0 = Release|Any CPU
		{3DD7460E-8D1A-4DE9-8C4F-2AD3D961026C}.AppStore|ARM.ActiveCfg = Release|Any CPU
		{3DD7460E-8D1A-4DE9-8C4F-2AD3D961026C}.AppStore|ARM.Build.0 = Release|Any CPU
		{3DD7460E-8D1A-4DE9-8C4F-2AD3D961026C}.AppStore|ARM.Deploy.0 = Release|Any CPU
		{3DD7460E-8D1A-4DE9-8C4F-2AD3D961026C}.AppStore|iPhone.ActiveCfg = Release|Any CPU
		{3DD7460E-8D1A-4DE9-8C4F-2AD3D961026C}.AppStore|iPhone.Build.0 = Release|Any CPU
		{3DD7460E-8D1A-4DE9-8C4F-2AD3D961026C}.AppStore|iPhone.Deploy.0 = Release|Any CPU
		{3DD7460E-8D1A-4DE9-8C4F-2AD3D961026C}.AppStore|iPhoneSimulator.ActiveCfg = Release|Any CPU
		{3DD7460E-8D1A-4DE9-8C4F-2AD3D961026C}.AppStore|iPhoneSimulator.Build.0 = Release|Any CPU
		{3DD7460E-8D1A-4DE9-8C4F-2AD3D961026C}.AppStore|iPhoneSimulator.Deploy.0 = Release|Any CPU
		{3DD7460E-8D1A-4DE9-8C4F-2AD3D961026C}.AppStore|x64.ActiveCfg = Release|Any CPU
		{3DD7460E-8D1A-4DE9-8C4F-2AD3D961026C}.AppStore|x64.Build.0 = Release|Any CPU
		{3DD7460E-8D1A-4DE9-8C4F-2AD3D961026C}.AppStore|x64.Deploy.0 = Release|Any CPU
		{3DD7460E-8D1A-4DE9-8C4F-2AD3D961026C}.AppStore|x86.ActiveCfg = Release|Any CPU
		{3DD7460E-8D1A-4DE9-8C4F-2AD3D961026C}.AppStore|x86.Build.0 = Release|Any CPU
		{3DD7460E-8D1A-4DE9-8C4F-2AD3D961026C}.AppStore|x86.Deploy.0 = Release|Any CPU
		{3DD7460E-8D1A-4DE9-8C4F-2AD3D961026C}.Debug|Any CPU.ActiveCfg = Debug|Any CPU
		{3DD7460E-8D1A-4DE9-8C4F-2AD3D961026C}.Debug|Any CPU.Build.0 = Debug|Any CPU
		{3DD7460E-8D1A-4DE9-8C4F-2AD3D961026C}.Debug|Any CPU.Deploy.0 = Debug|Any CPU
		{3DD7460E-8D1A-4DE9-8C4F-2AD3D961026C}.Debug|ARM.ActiveCfg = Debug|Any CPU
		{3DD7460E-8D1A-4DE9-8C4F-2AD3D961026C}.Debug|ARM.Build.0 = Debug|Any CPU
		{3DD7460E-8D1A-4DE9-8C4F-2AD3D961026C}.Debug|ARM.Deploy.0 = Debug|Any CPU
		{3DD7460E-8D1A-4DE9-8C4F-2AD3D961026C}.Debug|iPhone.ActiveCfg = Debug|Any CPU
		{3DD7460E-8D1A-4DE9-8C4F-2AD3D961026C}.Debug|iPhone.Build.0 = Debug|Any CPU
		{3DD7460E-8D1A-4DE9-8C4F-2AD3D961026C}.Debug|iPhone.Deploy.0 = Debug|Any CPU
		{3DD7460E-8D1A-4DE9-8C4F-2AD3D961026C}.Debug|iPhoneSimulator.ActiveCfg = Debug|Any CPU
		{3DD7460E-8D1A-4DE9-8C4F-2AD3D961026C}.Debug|iPhoneSimulator.Build.0 = Debug|Any CPU
		{3DD7460E-8D1A-4DE9-8C4F-2AD3D961026C}.Debug|iPhoneSimulator.Deploy.0 = Debug|Any CPU
		{3DD7460E-8D1A-4DE9-8C4F-2AD3D961026C}.Debug|x64.ActiveCfg = Debug|Any CPU
		{3DD7460E-8D1A-4DE9-8C4F-2AD3D961026C}.Debug|x64.Build.0 = Debug|Any CPU
		{3DD7460E-8D1A-4DE9-8C4F-2AD3D961026C}.Debug|x64.Deploy.0 = Debug|Any CPU
		{3DD7460E-8D1A-4DE9-8C4F-2AD3D961026C}.Debug|x86.ActiveCfg = Debug|Any CPU
		{3DD7460E-8D1A-4DE9-8C4F-2AD3D961026C}.Debug|x86.Build.0 = Debug|Any CPU
		{3DD7460E-8D1A-4DE9-8C4F-2AD3D961026C}.Debug|x86.Deploy.0 = Debug|Any CPU
		{3DD7460E-8D1A-4DE9-8C4F-2AD3D961026C}.Release|Any CPU.ActiveCfg = Release|Any CPU
		{3DD7460E-8D1A-4DE9-8C4F-2AD3D961026C}.Release|Any CPU.Build.0 = Release|Any CPU
		{3DD7460E-8D1A-4DE9-8C4F-2AD3D961026C}.Release|Any CPU.Deploy.0 = Release|Any CPU
		{3DD7460E-8D1A-4DE9-8C4F-2AD3D961026C}.Release|ARM.ActiveCfg = Release|Any CPU
		{3DD7460E-8D1A-4DE9-8C4F-2AD3D961026C}.Release|ARM.Build.0 = Release|Any CPU
		{3DD7460E-8D1A-4DE9-8C4F-2AD3D961026C}.Release|ARM.Deploy.0 = Release|Any CPU
		{3DD7460E-8D1A-4DE9-8C4F-2AD3D961026C}.Release|iPhone.ActiveCfg = Release|Any CPU
		{3DD7460E-8D1A-4DE9-8C4F-2AD3D961026C}.Release|iPhone.Build.0 = Release|Any CPU
		{3DD7460E-8D1A-4DE9-8C4F-2AD3D961026C}.Release|iPhone.Deploy.0 = Release|Any CPU
		{3DD7460E-8D1A-4DE9-8C4F-2AD3D961026C}.Release|iPhoneSimulator.ActiveCfg = Release|Any CPU
		{3DD7460E-8D1A-4DE9-8C4F-2AD3D961026C}.Release|iPhoneSimulator.Build.0 = Release|Any CPU
		{3DD7460E-8D1A-4DE9-8C4F-2AD3D961026C}.Release|iPhoneSimulator.Deploy.0 = Release|Any CPU
		{3DD7460E-8D1A-4DE9-8C4F-2AD3D961026C}.Release|x64.ActiveCfg = Release|Any CPU
		{3DD7460E-8D1A-4DE9-8C4F-2AD3D961026C}.Release|x64.Build.0 = Release|Any CPU
		{3DD7460E-8D1A-4DE9-8C4F-2AD3D961026C}.Release|x64.Deploy.0 = Release|Any CPU
		{3DD7460E-8D1A-4DE9-8C4F-2AD3D961026C}.Release|x86.ActiveCfg = Release|Any CPU
		{3DD7460E-8D1A-4DE9-8C4F-2AD3D961026C}.Release|x86.Build.0 = Release|Any CPU
		{3DD7460E-8D1A-4DE9-8C4F-2AD3D961026C}.Release|x86.Deploy.0 = Release|Any CPU
		{0138E5C8-3415-4180-A25A-24ABFBBBD104}.Ad-Hoc|Any CPU.ActiveCfg = Release|x86
		{0138E5C8-3415-4180-A25A-24ABFBBBD104}.Ad-Hoc|Any CPU.Build.0 = Release|x86
		{0138E5C8-3415-4180-A25A-24ABFBBBD104}.Ad-Hoc|Any CPU.Deploy.0 = Release|x86
		{0138E5C8-3415-4180-A25A-24ABFBBBD104}.Ad-Hoc|ARM.ActiveCfg = Release|ARM
		{0138E5C8-3415-4180-A25A-24ABFBBBD104}.Ad-Hoc|ARM.Build.0 = Release|ARM
		{0138E5C8-3415-4180-A25A-24ABFBBBD104}.Ad-Hoc|ARM.Deploy.0 = Release|ARM
		{0138E5C8-3415-4180-A25A-24ABFBBBD104}.Ad-Hoc|iPhone.ActiveCfg = Release|x86
		{0138E5C8-3415-4180-A25A-24ABFBBBD104}.Ad-Hoc|iPhone.Build.0 = Release|x86
		{0138E5C8-3415-4180-A25A-24ABFBBBD104}.Ad-Hoc|iPhone.Deploy.0 = Release|x86
		{0138E5C8-3415-4180-A25A-24ABFBBBD104}.Ad-Hoc|iPhoneSimulator.ActiveCfg = Release|x86
		{0138E5C8-3415-4180-A25A-24ABFBBBD104}.Ad-Hoc|iPhoneSimulator.Build.0 = Release|x86
		{0138E5C8-3415-4180-A25A-24ABFBBBD104}.Ad-Hoc|iPhoneSimulator.Deploy.0 = Release|x86
		{0138E5C8-3415-4180-A25A-24ABFBBBD104}.Ad-Hoc|x64.ActiveCfg = Release|x64
		{0138E5C8-3415-4180-A25A-24ABFBBBD104}.Ad-Hoc|x64.Build.0 = Release|x64
		{0138E5C8-3415-4180-A25A-24ABFBBBD104}.Ad-Hoc|x64.Deploy.0 = Release|x64
		{0138E5C8-3415-4180-A25A-24ABFBBBD104}.Ad-Hoc|x86.ActiveCfg = Release|x86
		{0138E5C8-3415-4180-A25A-24ABFBBBD104}.Ad-Hoc|x86.Build.0 = Release|x86
		{0138E5C8-3415-4180-A25A-24ABFBBBD104}.Ad-Hoc|x86.Deploy.0 = Release|x86
		{0138E5C8-3415-4180-A25A-24ABFBBBD104}.AppStore|Any CPU.ActiveCfg = Release|x86
		{0138E5C8-3415-4180-A25A-24ABFBBBD104}.AppStore|Any CPU.Build.0 = Release|x86
		{0138E5C8-3415-4180-A25A-24ABFBBBD104}.AppStore|Any CPU.Deploy.0 = Release|x86
		{0138E5C8-3415-4180-A25A-24ABFBBBD104}.AppStore|ARM.ActiveCfg = Release|ARM
		{0138E5C8-3415-4180-A25A-24ABFBBBD104}.AppStore|ARM.Build.0 = Release|ARM
		{0138E5C8-3415-4180-A25A-24ABFBBBD104}.AppStore|ARM.Deploy.0 = Release|ARM
		{0138E5C8-3415-4180-A25A-24ABFBBBD104}.AppStore|iPhone.ActiveCfg = Release|x86
		{0138E5C8-3415-4180-A25A-24ABFBBBD104}.AppStore|iPhone.Build.0 = Release|x86
		{0138E5C8-3415-4180-A25A-24ABFBBBD104}.AppStore|iPhone.Deploy.0 = Release|x86
		{0138E5C8-3415-4180-A25A-24ABFBBBD104}.AppStore|iPhoneSimulator.ActiveCfg = Release|x86
		{0138E5C8-3415-4180-A25A-24ABFBBBD104}.AppStore|iPhoneSimulator.Build.0 = Release|x86
		{0138E5C8-3415-4180-A25A-24ABFBBBD104}.AppStore|iPhoneSimulator.Deploy.0 = Release|x86
		{0138E5C8-3415-4180-A25A-24ABFBBBD104}.AppStore|x64.ActiveCfg = Release|x64
		{0138E5C8-3415-4180-A25A-24ABFBBBD104}.AppStore|x64.Build.0 = Release|x64
		{0138E5C8-3415-4180-A25A-24ABFBBBD104}.AppStore|x64.Deploy.0 = Release|x64
		{0138E5C8-3415-4180-A25A-24ABFBBBD104}.AppStore|x86.ActiveCfg = Release|x86
		{0138E5C8-3415-4180-A25A-24ABFBBBD104}.AppStore|x86.Build.0 = Release|x86
		{0138E5C8-3415-4180-A25A-24ABFBBBD104}.AppStore|x86.Deploy.0 = Release|x86
		{0138E5C8-3415-4180-A25A-24ABFBBBD104}.Debug|Any CPU.ActiveCfg = Debug|x86
		{0138E5C8-3415-4180-A25A-24ABFBBBD104}.Debug|Any CPU.Build.0 = Debug|x86
		{0138E5C8-3415-4180-A25A-24ABFBBBD104}.Debug|Any CPU.Deploy.0 = Debug|x86
		{0138E5C8-3415-4180-A25A-24ABFBBBD104}.Debug|ARM.ActiveCfg = Debug|ARM
		{0138E5C8-3415-4180-A25A-24ABFBBBD104}.Debug|ARM.Build.0 = Debug|ARM
		{0138E5C8-3415-4180-A25A-24ABFBBBD104}.Debug|ARM.Deploy.0 = Debug|ARM
		{0138E5C8-3415-4180-A25A-24ABFBBBD104}.Debug|iPhone.ActiveCfg = Debug|x86
		{0138E5C8-3415-4180-A25A-24ABFBBBD104}.Debug|iPhone.Build.0 = Debug|x86
		{0138E5C8-3415-4180-A25A-24ABFBBBD104}.Debug|iPhone.Deploy.0 = Debug|x86
		{0138E5C8-3415-4180-A25A-24ABFBBBD104}.Debug|iPhoneSimulator.ActiveCfg = Debug|x86
		{0138E5C8-3415-4180-A25A-24ABFBBBD104}.Debug|iPhoneSimulator.Build.0 = Debug|x86
		{0138E5C8-3415-4180-A25A-24ABFBBBD104}.Debug|iPhoneSimulator.Deploy.0 = Debug|x86
		{0138E5C8-3415-4180-A25A-24ABFBBBD104}.Debug|x64.ActiveCfg = Debug|x64
		{0138E5C8-3415-4180-A25A-24ABFBBBD104}.Debug|x64.Build.0 = Debug|x64
		{0138E5C8-3415-4180-A25A-24ABFBBBD104}.Debug|x64.Deploy.0 = Debug|x64
		{0138E5C8-3415-4180-A25A-24ABFBBBD104}.Debug|x86.ActiveCfg = Debug|x86
		{0138E5C8-3415-4180-A25A-24ABFBBBD104}.Debug|x86.Build.0 = Debug|x86
		{0138E5C8-3415-4180-A25A-24ABFBBBD104}.Debug|x86.Deploy.0 = Debug|x86
		{0138E5C8-3415-4180-A25A-24ABFBBBD104}.Release|Any CPU.ActiveCfg = Release|x86
		{0138E5C8-3415-4180-A25A-24ABFBBBD104}.Release|Any CPU.Build.0 = Release|x86
		{0138E5C8-3415-4180-A25A-24ABFBBBD104}.Release|Any CPU.Deploy.0 = Release|x86
		{0138E5C8-3415-4180-A25A-24ABFBBBD104}.Release|ARM.ActiveCfg = Release|ARM
		{0138E5C8-3415-4180-A25A-24ABFBBBD104}.Release|ARM.Build.0 = Release|ARM
		{0138E5C8-3415-4180-A25A-24ABFBBBD104}.Release|ARM.Deploy.0 = Release|ARM
		{0138E5C8-3415-4180-A25A-24ABFBBBD104}.Release|iPhone.ActiveCfg = Release|x86
		{0138E5C8-3415-4180-A25A-24ABFBBBD104}.Release|iPhone.Build.0 = Release|x86
		{0138E5C8-3415-4180-A25A-24ABFBBBD104}.Release|iPhone.Deploy.0 = Release|x86
		{0138E5C8-3415-4180-A25A-24ABFBBBD104}.Release|iPhoneSimulator.ActiveCfg = Release|x86
		{0138E5C8-3415-4180-A25A-24ABFBBBD104}.Release|iPhoneSimulator.Build.0 = Release|x86
		{0138E5C8-3415-4180-A25A-24ABFBBBD104}.Release|iPhoneSimulator.Deploy.0 = Release|x86
		{0138E5C8-3415-4180-A25A-24ABFBBBD104}.Release|x64.ActiveCfg = Release|x64
		{0138E5C8-3415-4180-A25A-24ABFBBBD104}.Release|x64.Build.0 = Release|x64
		{0138E5C8-3415-4180-A25A-24ABFBBBD104}.Release|x64.Deploy.0 = Release|x64
		{0138E5C8-3415-4180-A25A-24ABFBBBD104}.Release|x86.ActiveCfg = Release|x86
		{0138E5C8-3415-4180-A25A-24ABFBBBD104}.Release|x86.Build.0 = Release|x86
		{0138E5C8-3415-4180-A25A-24ABFBBBD104}.Release|x86.Deploy.0 = Release|x86
	EndGlobalSection
	GlobalSection(SolutionProperties) = preSolution
		HideSolutionNode = FALSE
	EndGlobalSection
EndGlobal
