
Microsoft Visual Studio Solution File, Format Version 12.00
# Visual Studio 14
VisualStudioVersion = 14.0.23107.0
MinimumVisualStudioVersion = 10.0.40219.1
Project("{FAE04EC0-301F-11D3-BF4B-00C04F79EFBC}") = "DynamicVsStaticCode", "DynamicVsStaticCode\DynamicVsStaticCode\DynamicVsStaticCode.csproj", "{30D53E0A-E92D-48B3-89DC-0619A9E19EB8}"
EndProject
Project("{FAE04EC0-301F-11D3-BF4B-00C04F79EFBC}") = "DynamicVsStaticCode.iOS", "DynamicVsStaticCode\DynamicVsStaticCode.iOS\DynamicVsStaticCode.iOS.csproj", "{890D286D-9D81-4EE7-8EF8-A3BA818CE0EA}"
EndProject
Project("{FAE04EC0-301F-11D3-BF4B-00C04F79EFBC}") = "DynamicVsStaticCode.Droid", "DynamicVsStaticCode\DynamicVsStaticCode.Droid\DynamicVsStaticCode.Droid.csproj", "{72DA4FA2-4B56-410F-893B-DFBF3953C8E2}"
EndProject
Project("{FAE04EC0-301F-11D3-BF4B-00C04F79EFBC}") = "DynamicVsStaticCode.UWP", "DynamicVsStaticCode\DynamicVsStaticCode.UWP\DynamicVsStaticCode.UWP.csproj", "{7AB99842-69C1-482C-9C04-7F606DE4CC27}"
EndProject
Global
	GlobalSection(SolutionConfigurationPlatforms) = preSolution
		Ad-Hoc|Any CPU = Ad-Hoc|Any CPU
		Ad-Hoc|ARM = Ad-Hoc|ARM
		Ad-Hoc|iPhone = Ad-Hoc|iPhone
		Ad-Hoc|iPhoneSimulator = Ad-Hoc|iPhoneSimulator
		Ad-Hoc|x64 = Ad-Hoc|x64
		Ad-Hoc|x86 = Ad-Hoc|x86
		AppStore|Any CPU = AppStore|Any CPU
		AppStore|ARM = AppStore|ARM
		AppStore|iPhone = AppStore|iPhone
		AppStore|iPhoneSimulator = AppStore|iPhoneSimulator
		AppStore|x64 = AppStore|x64
		AppStore|x86 = AppStore|x86
		Debug|Any CPU = Debug|Any CPU
		Debug|ARM = Debug|ARM
		Debug|iPhone = Debug|iPhone
		Debug|iPhoneSimulator = Debug|iPhoneSimulator
		Debug|x64 = Debug|x64
		Debug|x86 = Debug|x86
		Release|Any CPU = Release|Any CPU
		Release|ARM = Release|ARM
		Release|iPhone = Release|iPhone
		Release|iPhoneSimulator = Release|iPhoneSimulator
		Release|x64 = Release|x64
		Release|x86 = Release|x86
	EndGlobalSection
	GlobalSection(ProjectConfigurationPlatforms) = postSolution
		{30D53E0A-E92D-48B3-89DC-0619A9E19EB8}.Ad-Hoc|Any CPU.ActiveCfg = Release|Any CPU
		{30D53E0A-E92D-48B3-89DC-0619A9E19EB8}.Ad-Hoc|Any CPU.Build.0 = Release|Any CPU
		{30D53E0A-E92D-48B3-89DC-0619A9E19EB8}.Ad-Hoc|ARM.ActiveCfg = Release|Any CPU
		{30D53E0A-E92D-48B3-89DC-0619A9E19EB8}.Ad-Hoc|ARM.Build.0 = Release|Any CPU
		{30D53E0A-E92D-48B3-89DC-0619A9E19EB8}.Ad-Hoc|iPhone.ActiveCfg = Release|Any CPU
		{30D53E0A-E92D-48B3-89DC-0619A9E19EB8}.Ad-Hoc|iPhone.Build.0 = Release|Any CPU
		{30D53E0A-E92D-48B3-89DC-0619A9E19EB8}.Ad-Hoc|iPhoneSimulator.ActiveCfg = Release|Any CPU
		{30D53E0A-E92D-48B3-89DC-0619A9E19EB8}.Ad-Hoc|iPhoneSimulator.Build.0 = Release|Any CPU
		{30D53E0A-E92D-48B3-89DC-0619A9E19EB8}.Ad-Hoc|x64.ActiveCfg = Release|Any CPU
		{30D53E0A-E92D-48B3-89DC-0619A9E19EB8}.Ad-Hoc|x64.Build.0 = Release|Any CPU
		{30D53E0A-E92D-48B3-89DC-0619A9E19EB8}.Ad-Hoc|x86.ActiveCfg = Release|Any CPU
		{30D53E0A-E92D-48B3-89DC-0619A9E19EB8}.Ad-Hoc|x86.Build.0 = Release|Any CPU
		{30D53E0A-E92D-48B3-89DC-0619A9E19EB8}.AppStore|Any CPU.ActiveCfg = Release|Any CPU
		{30D53E0A-E92D-48B3-89DC-0619A9E19EB8}.AppStore|Any CPU.Build.0 = Release|Any CPU
		{30D53E0A-E92D-48B3-89DC-0619A9E19EB8}.AppStore|ARM.ActiveCfg = Release|Any CPU
		{30D53E0A-E92D-48B3-89DC-0619A9E19EB8}.AppStore|ARM.Build.0 = Release|Any CPU
		{30D53E0A-E92D-48B3-89DC-0619A9E19EB8}.AppStore|iPhone.ActiveCfg = Release|Any CPU
		{30D53E0A-E92D-48B3-89DC-0619A9E19EB8}.AppStore|iPhone.Build.0 = Release|Any CPU
		{30D53E0A-E92D-48B3-89DC-0619A9E19EB8}.AppStore|iPhoneSimulator.ActiveCfg = Release|Any CPU
		{30D53E0A-E92D-48B3-89DC-0619A9E19EB8}.AppStore|iPhoneSimulator.Build.0 = Release|Any CPU
		{30D53E0A-E92D-48B3-89DC-0619A9E19EB8}.AppStore|x64.ActiveCfg = Release|Any CPU
		{30D53E0A-E92D-48B3-89DC-0619A9E19EB8}.AppStore|x64.Build.0 = Release|Any CPU
		{30D53E0A-E92D-48B3-89DC-0619A9E19EB8}.AppStore|x86.ActiveCfg = Release|Any CPU
		{30D53E0A-E92D-48B3-89DC-0619A9E19EB8}.AppStore|x86.Build.0 = Release|Any CPU
		{30D53E0A-E92D-48B3-89DC-0619A9E19EB8}.Debug|Any CPU.ActiveCfg = Debug|Any CPU
		{30D53E0A-E92D-48B3-89DC-0619A9E19EB8}.Debug|Any CPU.Build.0 = Debug|Any CPU
		{30D53E0A-E92D-48B3-89DC-0619A9E19EB8}.Debug|ARM.ActiveCfg = Debug|Any CPU
		{30D53E0A-E92D-48B3-89DC-0619A9E19EB8}.Debug|ARM.Build.0 = Debug|Any CPU
		{30D53E0A-E92D-48B3-89DC-0619A9E19EB8}.Debug|iPhone.ActiveCfg = Debug|Any CPU
		{30D53E0A-E92D-48B3-89DC-0619A9E19EB8}.Debug|iPhone.Build.0 = Debug|Any CPU
		{30D53E0A-E92D-48B3-89DC-0619A9E19EB8}.Debug|iPhoneSimulator.ActiveCfg = Debug|Any CPU
		{30D53E0A-E92D-48B3-89DC-0619A9E19EB8}.Debug|iPhoneSimulator.Build.0 = Debug|Any CPU
		{30D53E0A-E92D-48B3-89DC-0619A9E19EB8}.Debug|x64.ActiveCfg = Debug|Any CPU
		{30D53E0A-E92D-48B3-89DC-0619A9E19EB8}.Debug|x64.Build.0 = Debug|Any CPU
		{30D53E0A-E92D-48B3-89DC-0619A9E19EB8}.Debug|x86.ActiveCfg = Debug|Any CPU
		{30D53E0A-E92D-48B3-89DC-0619A9E19EB8}.Debug|x86.Build.0 = Debug|Any CPU
		{30D53E0A-E92D-48B3-89DC-0619A9E19EB8}.Release|Any CPU.ActiveCfg = Release|Any CPU
		{30D53E0A-E92D-48B3-89DC-0619A9E19EB8}.Release|Any CPU.Build.0 = Release|Any CPU
		{30D53E0A-E92D-48B3-89DC-0619A9E19EB8}.Release|ARM.ActiveCfg = Release|Any CPU
		{30D53E0A-E92D-48B3-89DC-0619A9E19EB8}.Release|ARM.Build.0 = Release|Any CPU
		{30D53E0A-E92D-48B3-89DC-0619A9E19EB8}.Release|iPhone.ActiveCfg = Release|Any CPU
		{30D53E0A-E92D-48B3-89DC-0619A9E19EB8}.Release|iPhone.Build.0 = Release|Any CPU
		{30D53E0A-E92D-48B3-89DC-0619A9E19EB8}.Release|iPhoneSimulator.ActiveCfg = Release|Any CPU
		{30D53E0A-E92D-48B3-89DC-0619A9E19EB8}.Release|iPhoneSimulator.Build.0 = Release|Any CPU
		{30D53E0A-E92D-48B3-89DC-0619A9E19EB8}.Release|x64.ActiveCfg = Release|Any CPU
		{30D53E0A-E92D-48B3-89DC-0619A9E19EB8}.Release|x64.Build.0 = Release|Any CPU
		{30D53E0A-E92D-48B3-89DC-0619A9E19EB8}.Release|x86.ActiveCfg = Release|Any CPU
		{30D53E0A-E92D-48B3-89DC-0619A9E19EB8}.Release|x86.Build.0 = Release|Any CPU
		{890D286D-9D81-4EE7-8EF8-A3BA818CE0EA}.Ad-Hoc|Any CPU.ActiveCfg = Ad-Hoc|iPhone
		{890D286D-9D81-4EE7-8EF8-A3BA818CE0EA}.Ad-Hoc|ARM.ActiveCfg = Ad-Hoc|iPhone
		{890D286D-9D81-4EE7-8EF8-A3BA818CE0EA}.Ad-Hoc|iPhone.ActiveCfg = Ad-Hoc|iPhone
		{890D286D-9D81-4EE7-8EF8-A3BA818CE0EA}.Ad-Hoc|iPhone.Build.0 = Ad-Hoc|iPhone
		{890D286D-9D81-4EE7-8EF8-A3BA818CE0EA}.Ad-Hoc|iPhoneSimulator.ActiveCfg = Ad-Hoc|iPhoneSimulator
		{890D286D-9D81-4EE7-8EF8-A3BA818CE0EA}.Ad-Hoc|iPhoneSimulator.Build.0 = Ad-Hoc|iPhoneSimulator
		{890D286D-9D81-4EE7-8EF8-A3BA818CE0EA}.Ad-Hoc|x64.ActiveCfg = Ad-Hoc|iPhoneSimulator
		{890D286D-9D81-4EE7-8EF8-A3BA818CE0EA}.Ad-Hoc|x86.ActiveCfg = Ad-Hoc|iPhone
		{890D286D-9D81-4EE7-8EF8-A3BA818CE0EA}.AppStore|Any CPU.ActiveCfg = AppStore|iPhone
		{890D286D-9D81-4EE7-8EF8-A3BA818CE0EA}.AppStore|ARM.ActiveCfg = AppStore|iPhone
		{890D286D-9D81-4EE7-8EF8-A3BA818CE0EA}.AppStore|iPhone.ActiveCfg = AppStore|iPhone
		{890D286D-9D81-4EE7-8EF8-A3BA818CE0EA}.AppStore|iPhone.Build.0 = AppStore|iPhone
		{890D286D-9D81-4EE7-8EF8-A3BA818CE0EA}.AppStore|iPhoneSimulator.ActiveCfg = AppStore|iPhoneSimulator
		{890D286D-9D81-4EE7-8EF8-A3BA818CE0EA}.AppStore|iPhoneSimulator.Build.0 = AppStore|iPhoneSimulator
		{890D286D-9D81-4EE7-8EF8-A3BA818CE0EA}.AppStore|x64.ActiveCfg = AppStore|iPhoneSimulator
		{890D286D-9D81-4EE7-8EF8-A3BA818CE0EA}.AppStore|x86.ActiveCfg = AppStore|iPhone
		{890D286D-9D81-4EE7-8EF8-A3BA818CE0EA}.Debug|Any CPU.ActiveCfg = Debug|iPhone
		{890D286D-9D81-4EE7-8EF8-A3BA818CE0EA}.Debug|ARM.ActiveCfg = Debug|iPhone
		{890D286D-9D81-4EE7-8EF8-A3BA818CE0EA}.Debug|iPhone.ActiveCfg = Debug|iPhone
		{890D286D-9D81-4EE7-8EF8-A3BA818CE0EA}.Debug|iPhone.Build.0 = Debug|iPhone
		{890D286D-9D81-4EE7-8EF8-A3BA818CE0EA}.Debug|iPhoneSimulator.ActiveCfg = Debug|iPhoneSimulator
		{890D286D-9D81-4EE7-8EF8-A3BA818CE0EA}.Debug|iPhoneSimulator.Build.0 = Debug|iPhoneSimulator
		{890D286D-9D81-4EE7-8EF8-A3BA818CE0EA}.Debug|x64.ActiveCfg = Debug|iPhoneSimulator
		{890D286D-9D81-4EE7-8EF8-A3BA818CE0EA}.Debug|x86.ActiveCfg = Debug|iPhone
		{890D286D-9D81-4EE7-8EF8-A3BA818CE0EA}.Release|Any CPU.ActiveCfg = Release|iPhone
		{890D286D-9D81-4EE7-8EF8-A3BA818CE0EA}.Release|ARM.ActiveCfg = Release|iPhone
		{890D286D-9D81-4EE7-8EF8-A3BA818CE0EA}.Release|iPhone.ActiveCfg = Release|iPhone
		{890D286D-9D81-4EE7-8EF8-A3BA818CE0EA}.Release|iPhone.Build.0 = Release|iPhone
		{890D286D-9D81-4EE7-8EF8-A3BA818CE0EA}.Release|iPhoneSimulator.ActiveCfg = Release|iPhoneSimulator
		{890D286D-9D81-4EE7-8EF8-A3BA818CE0EA}.Release|iPhoneSimulator.Build.0 = Release|iPhoneSimulator
		{890D286D-9D81-4EE7-8EF8-A3BA818CE0EA}.Release|x64.ActiveCfg = Release|iPhoneSimulator
		{890D286D-9D81-4EE7-8EF8-A3BA818CE0EA}.Release|x86.ActiveCfg = Release|iPhone
		{72DA4FA2-4B56-410F-893B-DFBF3953C8E2}.Ad-Hoc|Any CPU.ActiveCfg = Release|Any CPU
		{72DA4FA2-4B56-410F-893B-DFBF3953C8E2}.Ad-Hoc|Any CPU.Build.0 = Release|Any CPU
		{72DA4FA2-4B56-410F-893B-DFBF3953C8E2}.Ad-Hoc|Any CPU.Deploy.0 = Release|Any CPU
		{72DA4FA2-4B56-410F-893B-DFBF3953C8E2}.Ad-Hoc|ARM.ActiveCfg = Release|Any CPU
		{72DA4FA2-4B56-410F-893B-DFBF3953C8E2}.Ad-Hoc|ARM.Build.0 = Release|Any CPU
		{72DA4FA2-4B56-410F-893B-DFBF3953C8E2}.Ad-Hoc|ARM.Deploy.0 = Release|Any CPU
		{72DA4FA2-4B56-410F-893B-DFBF3953C8E2}.Ad-Hoc|iPhone.ActiveCfg = Release|Any CPU
		{72DA4FA2-4B56-410F-893B-DFBF3953C8E2}.Ad-Hoc|iPhone.Build.0 = Release|Any CPU
		{72DA4FA2-4B56-410F-893B-DFBF3953C8E2}.Ad-Hoc|iPhone.Deploy.0 = Release|Any CPU
		{72DA4FA2-4B56-410F-893B-DFBF3953C8E2}.Ad-Hoc|iPhoneSimulator.ActiveCfg = Release|Any CPU
		{72DA4FA2-4B56-410F-893B-DFBF3953C8E2}.Ad-Hoc|iPhoneSimulator.Build.0 = Release|Any CPU
		{72DA4FA2-4B56-410F-893B-DFBF3953C8E2}.Ad-Hoc|iPhoneSimulator.Deploy.0 = Release|Any CPU
		{72DA4FA2-4B56-410F-893B-DFBF3953C8E2}.Ad-Hoc|x64.ActiveCfg = Release|Any CPU
		{72DA4FA2-4B56-410F-893B-DFBF3953C8E2}.Ad-Hoc|x64.Build.0 = Release|Any CPU
		{72DA4FA2-4B56-410F-893B-DFBF3953C8E2}.Ad-Hoc|x64.Deploy.0 = Release|Any CPU
		{72DA4FA2-4B56-410F-893B-DFBF3953C8E2}.Ad-Hoc|x86.ActiveCfg = Release|Any CPU
		{72DA4FA2-4B56-410F-893B-DFBF3953C8E2}.Ad-Hoc|x86.Build.0 = Release|Any CPU
		{72DA4FA2-4B56-410F-893B-DFBF3953C8E2}.Ad-Hoc|x86.Deploy.0 = Release|Any CPU
		{72DA4FA2-4B56-410F-893B-DFBF3953C8E2}.AppStore|Any CPU.ActiveCfg = Release|Any CPU
		{72DA4FA2-4B56-410F-893B-DFBF3953C8E2}.AppStore|Any CPU.Build.0 = Release|Any CPU
		{72DA4FA2-4B56-410F-893B-DFBF3953C8E2}.AppStore|Any CPU.Deploy.0 = Release|Any CPU
		{72DA4FA2-4B56-410F-893B-DFBF3953C8E2}.AppStore|ARM.ActiveCfg = Release|Any CPU
		{72DA4FA2-4B56-410F-893B-DFBF3953C8E2}.AppStore|ARM.Build.0 = Release|Any CPU
		{72DA4FA2-4B56-410F-893B-DFBF3953C8E2}.AppStore|ARM.Deploy.0 = Release|Any CPU
		{72DA4FA2-4B56-410F-893B-DFBF3953C8E2}.AppStore|iPhone.ActiveCfg = Release|Any CPU
		{72DA4FA2-4B56-410F-893B-DFBF3953C8E2}.AppStore|iPhone.Build.0 = Release|Any CPU
		{72DA4FA2-4B56-410F-893B-DFBF3953C8E2}.AppStore|iPhone.Deploy.0 = Release|Any CPU
		{72DA4FA2-4B56-410F-893B-DFBF3953C8E2}.AppStore|iPhoneSimulator.ActiveCfg = Release|Any CPU
		{72DA4FA2-4B56-410F-893B-DFBF3953C8E2}.AppStore|iPhoneSimulator.Build.0 = Release|Any CPU
		{72DA4FA2-4B56-410F-893B-DFBF3953C8E2}.AppStore|iPhoneSimulator.Deploy.0 = Release|Any CPU
		{72DA4FA2-4B56-410F-893B-DFBF3953C8E2}.AppStore|x64.ActiveCfg = Release|Any CPU
		{72DA4FA2-4B56-410F-893B-DFBF3953C8E2}.AppStore|x64.Build.0 = Release|Any CPU
		{72DA4FA2-4B56-410F-893B-DFBF3953C8E2}.AppStore|x64.Deploy.0 = Release|Any CPU
		{72DA4FA2-4B56-410F-893B-DFBF3953C8E2}.AppStore|x86.ActiveCfg = Release|Any CPU
		{72DA4FA2-4B56-410F-893B-DFBF3953C8E2}.AppStore|x86.Build.0 = Release|Any CPU
		{72DA4FA2-4B56-410F-893B-DFBF3953C8E2}.AppStore|x86.Deploy.0 = Release|Any CPU
		{72DA4FA2-4B56-410F-893B-DFBF3953C8E2}.Debug|Any CPU.ActiveCfg = Debug|Any CPU
		{72DA4FA2-4B56-410F-893B-DFBF3953C8E2}.Debug|Any CPU.Build.0 = Debug|Any CPU
		{72DA4FA2-4B56-410F-893B-DFBF3953C8E2}.Debug|Any CPU.Deploy.0 = Debug|Any CPU
		{72DA4FA2-4B56-410F-893B-DFBF3953C8E2}.Debug|ARM.ActiveCfg = Debug|Any CPU
		{72DA4FA2-4B56-410F-893B-DFBF3953C8E2}.Debug|ARM.Build.0 = Debug|Any CPU
		{72DA4FA2-4B56-410F-893B-DFBF3953C8E2}.Debug|ARM.Deploy.0 = Debug|Any CPU
		{72DA4FA2-4B56-410F-893B-DFBF3953C8E2}.Debug|iPhone.ActiveCfg = Debug|Any CPU
		{72DA4FA2-4B56-410F-893B-DFBF3953C8E2}.Debug|iPhone.Build.0 = Debug|Any CPU
		{72DA4FA2-4B56-410F-893B-DFBF3953C8E2}.Debug|iPhone.Deploy.0 = Debug|Any CPU
		{72DA4FA2-4B56-410F-893B-DFBF3953C8E2}.Debug|iPhoneSimulator.ActiveCfg = Debug|Any CPU
		{72DA4FA2-4B56-410F-893B-DFBF3953C8E2}.Debug|iPhoneSimulator.Build.0 = Debug|Any CPU
		{72DA4FA2-4B56-410F-893B-DFBF3953C8E2}.Debug|iPhoneSimulator.Deploy.0 = Debug|Any CPU
		{72DA4FA2-4B56-410F-893B-DFBF3953C8E2}.Debug|x64.ActiveCfg = Debug|Any CPU
		{72DA4FA2-4B56-410F-893B-DFBF3953C8E2}.Debug|x64.Build.0 = Debug|Any CPU
		{72DA4FA2-4B56-410F-893B-DFBF3953C8E2}.Debug|x64.Deploy.0 = Debug|Any CPU
		{72DA4FA2-4B56-410F-893B-DFBF3953C8E2}.Debug|x86.ActiveCfg = Debug|Any CPU
		{72DA4FA2-4B56-410F-893B-DFBF3953C8E2}.Debug|x86.Build.0 = Debug|Any CPU
		{72DA4FA2-4B56-410F-893B-DFBF3953C8E2}.Debug|x86.Deploy.0 = Debug|Any CPU
		{72DA4FA2-4B56-410F-893B-DFBF3953C8E2}.Release|Any CPU.ActiveCfg = Release|Any CPU
		{72DA4FA2-4B56-410F-893B-DFBF3953C8E2}.Release|Any CPU.Build.0 = Release|Any CPU
		{72DA4FA2-4B56-410F-893B-DFBF3953C8E2}.Release|Any CPU.Deploy.0 = Release|Any CPU
		{72DA4FA2-4B56-410F-893B-DFBF3953C8E2}.Release|ARM.ActiveCfg = Release|Any CPU
		{72DA4FA2-4B56-410F-893B-DFBF3953C8E2}.Release|ARM.Build.0 = Release|Any CPU
		{72DA4FA2-4B56-410F-893B-DFBF3953C8E2}.Release|ARM.Deploy.0 = Release|Any CPU
		{72DA4FA2-4B56-410F-893B-DFBF3953C8E2}.Release|iPhone.ActiveCfg = Release|Any CPU
		{72DA4FA2-4B56-410F-893B-DFBF3953C8E2}.Release|iPhone.Build.0 = Release|Any CPU
		{72DA4FA2-4B56-410F-893B-DFBF3953C8E2}.Release|iPhone.Deploy.0 = Release|Any CPU
		{72DA4FA2-4B56-410F-893B-DFBF3953C8E2}.Release|iPhoneSimulator.ActiveCfg = Release|Any CPU
		{72DA4FA2-4B56-410F-893B-DFBF3953C8E2}.Release|iPhoneSimulator.Build.0 = Release|Any CPU
		{72DA4FA2-4B56-410F-893B-DFBF3953C8E2}.Release|iPhoneSimulator.Deploy.0 = Release|Any CPU
		{72DA4FA2-4B56-410F-893B-DFBF3953C8E2}.Release|x64.ActiveCfg = Release|Any CPU
		{72DA4FA2-4B56-410F-893B-DFBF3953C8E2}.Release|x64.Build.0 = Release|Any CPU
		{72DA4FA2-4B56-410F-893B-DFBF3953C8E2}.Release|x64.Deploy.0 = Release|Any CPU
		{72DA4FA2-4B56-410F-893B-DFBF3953C8E2}.Release|x86.ActiveCfg = Release|Any CPU
		{72DA4FA2-4B56-410F-893B-DFBF3953C8E2}.Release|x86.Build.0 = Release|Any CPU
		{72DA4FA2-4B56-410F-893B-DFBF3953C8E2}.Release|x86.Deploy.0 = Release|Any CPU
		{7AB99842-69C1-482C-9C04-7F606DE4CC27}.Ad-Hoc|Any CPU.ActiveCfg = Release|x86
		{7AB99842-69C1-482C-9C04-7F606DE4CC27}.Ad-Hoc|Any CPU.Build.0 = Release|x86
		{7AB99842-69C1-482C-9C04-7F606DE4CC27}.Ad-Hoc|Any CPU.Deploy.0 = Release|x86
		{7AB99842-69C1-482C-9C04-7F606DE4CC27}.Ad-Hoc|ARM.ActiveCfg = Release|ARM
		{7AB99842-69C1-482C-9C04-7F606DE4CC27}.Ad-Hoc|ARM.Build.0 = Release|ARM
		{7AB99842-69C1-482C-9C04-7F606DE4CC27}.Ad-Hoc|ARM.Deploy.0 = Release|ARM
		{7AB99842-69C1-482C-9C04-7F606DE4CC27}.Ad-Hoc|iPhone.ActiveCfg = Release|x86
		{7AB99842-69C1-482C-9C04-7F606DE4CC27}.Ad-Hoc|iPhone.Build.0 = Release|x86
		{7AB99842-69C1-482C-9C04-7F606DE4CC27}.Ad-Hoc|iPhone.Deploy.0 = Release|x86
		{7AB99842-69C1-482C-9C04-7F606DE4CC27}.Ad-Hoc|iPhoneSimulator.ActiveCfg = Release|x86
		{7AB99842-69C1-482C-9C04-7F606DE4CC27}.Ad-Hoc|iPhoneSimulator.Build.0 = Release|x86
		{7AB99842-69C1-482C-9C04-7F606DE4CC27}.Ad-Hoc|iPhoneSimulator.Deploy.0 = Release|x86
		{7AB99842-69C1-482C-9C04-7F606DE4CC27}.Ad-Hoc|x64.ActiveCfg = Release|x64
		{7AB99842-69C1-482C-9C04-7F606DE4CC27}.Ad-Hoc|x64.Build.0 = Release|x64
		{7AB99842-69C1-482C-9C04-7F606DE4CC27}.Ad-Hoc|x64.Deploy.0 = Release|x64
		{7AB99842-69C1-482C-9C04-7F606DE4CC27}.Ad-Hoc|x86.ActiveCfg = Release|x86
		{7AB99842-69C1-482C-9C04-7F606DE4CC27}.Ad-Hoc|x86.Build.0 = Release|x86
		{7AB99842-69C1-482C-9C04-7F606DE4CC27}.Ad-Hoc|x86.Deploy.0 = Release|x86
		{7AB99842-69C1-482C-9C04-7F606DE4CC27}.AppStore|Any CPU.ActiveCfg = Release|x86
		{7AB99842-69C1-482C-9C04-7F606DE4CC27}.AppStore|Any CPU.Build.0 = Release|x86
		{7AB99842-69C1-482C-9C04-7F606DE4CC27}.AppStore|Any CPU.Deploy.0 = Release|x86
		{7AB99842-69C1-482C-9C04-7F606DE4CC27}.AppStore|ARM.ActiveCfg = Release|ARM
		{7AB99842-69C1-482C-9C04-7F606DE4CC27}.AppStore|ARM.Build.0 = Release|ARM
		{7AB99842-69C1-482C-9C04-7F606DE4CC27}.AppStore|ARM.Deploy.0 = Release|ARM
		{7AB99842-69C1-482C-9C04-7F606DE4CC27}.AppStore|iPhone.ActiveCfg = Release|x86
		{7AB99842-69C1-482C-9C04-7F606DE4CC27}.AppStore|iPhone.Build.0 = Release|x86
		{7AB99842-69C1-482C-9C04-7F606DE4CC27}.AppStore|iPhone.Deploy.0 = Release|x86
		{7AB99842-69C1-482C-9C04-7F606DE4CC27}.AppStore|iPhoneSimulator.ActiveCfg = Release|x86
		{7AB99842-69C1-482C-9C04-7F606DE4CC27}.AppStore|iPhoneSimulator.Build.0 = Release|x86
		{7AB99842-69C1-482C-9C04-7F606DE4CC27}.AppStore|iPhoneSimulator.Deploy.0 = Release|x86
		{7AB99842-69C1-482C-9C04-7F606DE4CC27}.AppStore|x64.ActiveCfg = Release|x64
		{7AB99842-69C1-482C-9C04-7F606DE4CC27}.AppStore|x64.Build.0 = Release|x64
		{7AB99842-69C1-482C-9C04-7F606DE4CC27}.AppStore|x64.Deploy.0 = Release|x64
		{7AB99842-69C1-482C-9C04-7F606DE4CC27}.AppStore|x86.ActiveCfg = Release|x86
		{7AB99842-69C1-482C-9C04-7F606DE4CC27}.AppStore|x86.Build.0 = Release|x86
		{7AB99842-69C1-482C-9C04-7F606DE4CC27}.AppStore|x86.Deploy.0 = Release|x86
		{7AB99842-69C1-482C-9C04-7F606DE4CC27}.Debug|Any CPU.ActiveCfg = Debug|x86
		{7AB99842-69C1-482C-9C04-7F606DE4CC27}.Debug|Any CPU.Build.0 = Debug|x86
		{7AB99842-69C1-482C-9C04-7F606DE4CC27}.Debug|Any CPU.Deploy.0 = Debug|x86
		{7AB99842-69C1-482C-9C04-7F606DE4CC27}.Debug|ARM.ActiveCfg = Debug|ARM
		{7AB99842-69C1-482C-9C04-7F606DE4CC27}.Debug|ARM.Build.0 = Debug|ARM
		{7AB99842-69C1-482C-9C04-7F606DE4CC27}.Debug|ARM.Deploy.0 = Debug|ARM
		{7AB99842-69C1-482C-9C04-7F606DE4CC27}.Debug|iPhone.ActiveCfg = Debug|x86
		{7AB99842-69C1-482C-9C04-7F606DE4CC27}.Debug|iPhone.Build.0 = Debug|x86
		{7AB99842-69C1-482C-9C04-7F606DE4CC27}.Debug|iPhone.Deploy.0 = Debug|x86
		{7AB99842-69C1-482C-9C04-7F606DE4CC27}.Debug|iPhoneSimulator.ActiveCfg = Debug|x86
		{7AB99842-69C1-482C-9C04-7F606DE4CC27}.Debug|iPhoneSimulator.Build.0 = Debug|x86
		{7AB99842-69C1-482C-9C04-7F606DE4CC27}.Debug|iPhoneSimulator.Deploy.0 = Debug|x86
		{7AB99842-69C1-482C-9C04-7F606DE4CC27}.Debug|x64.ActiveCfg = Debug|x64
		{7AB99842-69C1-482C-9C04-7F606DE4CC27}.Debug|x64.Build.0 = Debug|x64
		{7AB99842-69C1-482C-9C04-7F606DE4CC27}.Debug|x64.Deploy.0 = Debug|x64
		{7AB99842-69C1-482C-9C04-7F606DE4CC27}.Debug|x86.ActiveCfg = Debug|x86
		{7AB99842-69C1-482C-9C04-7F606DE4CC27}.Debug|x86.Build.0 = Debug|x86
		{7AB99842-69C1-482C-9C04-7F606DE4CC27}.Debug|x86.Deploy.0 = Debug|x86
		{7AB99842-69C1-482C-9C04-7F606DE4CC27}.Release|Any CPU.ActiveCfg = Release|x86
		{7AB99842-69C1-482C-9C04-7F606DE4CC27}.Release|Any CPU.Build.0 = Release|x86
		{7AB99842-69C1-482C-9C04-7F606DE4CC27}.Release|Any CPU.Deploy.0 = Release|x86
		{7AB99842-69C1-482C-9C04-7F606DE4CC27}.Release|ARM.ActiveCfg = Release|ARM
		{7AB99842-69C1-482C-9C04-7F606DE4CC27}.Release|ARM.Build.0 = Release|ARM
		{7AB99842-69C1-482C-9C04-7F606DE4CC27}.Release|ARM.Deploy.0 = Release|ARM
		{7AB99842-69C1-482C-9C04-7F606DE4CC27}.Release|iPhone.ActiveCfg = Release|x86
		{7AB99842-69C1-482C-9C04-7F606DE4CC27}.Release|iPhone.Build.0 = Release|x86
		{7AB99842-69C1-482C-9C04-7F606DE4CC27}.Release|iPhone.Deploy.0 = Release|x86
		{7AB99842-69C1-482C-9C04-7F606DE4CC27}.Release|iPhoneSimulator.ActiveCfg = Release|x86
		{7AB99842-69C1-482C-9C04-7F606DE4CC27}.Release|iPhoneSimulator.Build.0 = Release|x86
		{7AB99842-69C1-482C-9C04-7F606DE4CC27}.Release|iPhoneSimulator.Deploy.0 = Release|x86
		{7AB99842-69C1-482C-9C04-7F606DE4CC27}.Release|x64.ActiveCfg = Release|x64
		{7AB99842-69C1-482C-9C04-7F606DE4CC27}.Release|x64.Build.0 = Release|x64
		{7AB99842-69C1-482C-9C04-7F606DE4CC27}.Release|x64.Deploy.0 = Release|x64
		{7AB99842-69C1-482C-9C04-7F606DE4CC27}.Release|x86.ActiveCfg = Release|x86
		{7AB99842-69C1-482C-9C04-7F606DE4CC27}.Release|x86.Build.0 = Release|x86
		{7AB99842-69C1-482C-9C04-7F606DE4CC27}.Release|x86.Deploy.0 = Release|x86
	EndGlobalSection
	GlobalSection(SolutionProperties) = preSolution
		HideSolutionNode = FALSE
	EndGlobalSection
EndGlobal
