
Microsoft Visual Studio Solution File, Format Version 12.00
# Visual Studio 14
VisualStudioVersion = 14.0.23107.0
MinimumVisualStudioVersion = 10.0.40219.1
Project("{FAE04EC0-301F-11D3-BF4B-00C04F79EFBC}") = "ConditionalSection", "ConditionalSection\ConditionalSection\ConditionalSection.csproj", "{6ADE398C-80EA-4760-84E5-E83D2989805F}"
EndProject
Project("{FAE04EC0-301F-11D3-BF4B-00C04F79EFBC}") = "ConditionalSection.iOS", "ConditionalSection\ConditionalSection.iOS\ConditionalSection.iOS.csproj", "{C175A902-4D90-40C9-B87A-014FB9FC3F47}"
EndProject
Project("{FAE04EC0-301F-11D3-BF4B-00C04F79EFBC}") = "ConditionalSection.Droid", "ConditionalSection\ConditionalSection.Droid\ConditionalSection.Droid.csproj", "{9F191310-82A0-41B7-A3B6-5E6F5D875C7A}"
EndProject
Project("{FAE04EC0-301F-11D3-BF4B-00C04F79EFBC}") = "Xamarin.FormsBook.Toolkit", "..\..\Libraries\Xamarin.FormsBook.Toolkit\Xamarin.FormsBook.Toolkit\Xamarin.FormsBook.Toolkit.csproj", "{58EEAFFF-D1BB-4375-AEFC-8270F8415DCE}"
EndProject
Project("{FAE04EC0-301F-11D3-BF4B-00C04F79EFBC}") = "ConditionalSection.UWP", "ConditionalSection\ConditionalSection.UWP\ConditionalSection.UWP.csproj", "{4C78CFD9-F72C-4B3E-9B0E-412677CEB014}"
EndProject
Global
	GlobalSection(SolutionConfigurationPlatforms) = preSolution
		Ad-Hoc|Any CPU = Ad-Hoc|Any CPU
		Ad-Hoc|ARM = Ad-Hoc|ARM
		Ad-Hoc|iPhone = Ad-Hoc|iPhone
		Ad-Hoc|iPhoneSimulator = Ad-Hoc|iPhoneSimulator
		Ad-Hoc|x64 = Ad-Hoc|x64
		Ad-Hoc|x86 = Ad-Hoc|x86
		AppStore|Any CPU = AppStore|Any CPU
		AppStore|ARM = AppStore|ARM
		AppStore|iPhone = AppStore|iPhone
		AppStore|iPhoneSimulator = AppStore|iPhoneSimulator
		AppStore|x64 = AppStore|x64
		AppStore|x86 = AppStore|x86
		Debug|Any CPU = Debug|Any CPU
		Debug|ARM = Debug|ARM
		Debug|iPhone = Debug|iPhone
		Debug|iPhoneSimulator = Debug|iPhoneSimulator
		Debug|x64 = Debug|x64
		Debug|x86 = Debug|x86
		Release|Any CPU = Release|Any CPU
		Release|ARM = Release|ARM
		Release|iPhone = Release|iPhone
		Release|iPhoneSimulator = Release|iPhoneSimulator
		Release|x64 = Release|x64
		Release|x86 = Release|x86
	EndGlobalSection
	GlobalSection(ProjectConfigurationPlatforms) = postSolution
		{6ADE398C-80EA-4760-84E5-E83D2989805F}.Ad-Hoc|Any CPU.ActiveCfg = Release|Any CPU
		{6ADE398C-80EA-4760-84E5-E83D2989805F}.Ad-Hoc|Any CPU.Build.0 = Release|Any CPU
		{6ADE398C-80EA-4760-84E5-E83D2989805F}.Ad-Hoc|ARM.ActiveCfg = Release|Any CPU
		{6ADE398C-80EA-4760-84E5-E83D2989805F}.Ad-Hoc|ARM.Build.0 = Release|Any CPU
		{6ADE398C-80EA-4760-84E5-E83D2989805F}.Ad-Hoc|iPhone.ActiveCfg = Release|Any CPU
		{6ADE398C-80EA-4760-84E5-E83D2989805F}.Ad-Hoc|iPhone.Build.0 = Release|Any CPU
		{6ADE398C-80EA-4760-84E5-E83D2989805F}.Ad-Hoc|iPhoneSimulator.ActiveCfg = Release|Any CPU
		{6ADE398C-80EA-4760-84E5-E83D2989805F}.Ad-Hoc|iPhoneSimulator.Build.0 = Release|Any CPU
		{6ADE398C-80EA-4760-84E5-E83D2989805F}.Ad-Hoc|x64.ActiveCfg = Release|Any CPU
		{6ADE398C-80EA-4760-84E5-E83D2989805F}.Ad-Hoc|x64.Build.0 = Release|Any CPU
		{6ADE398C-80EA-4760-84E5-E83D2989805F}.Ad-Hoc|x86.ActiveCfg = Release|Any CPU
		{6ADE398C-80EA-4760-84E5-E83D2989805F}.Ad-Hoc|x86.Build.0 = Release|Any CPU
		{6ADE398C-80EA-4760-84E5-E83D2989805F}.AppStore|Any CPU.ActiveCfg = Release|Any CPU
		{6ADE398C-80EA-4760-84E5-E83D2989805F}.AppStore|Any CPU.Build.0 = Release|Any CPU
		{6ADE398C-80EA-4760-84E5-E83D2989805F}.AppStore|ARM.ActiveCfg = Release|Any CPU
		{6ADE398C-80EA-4760-84E5-E83D2989805F}.AppStore|ARM.Build.0 = Release|Any CPU
		{6ADE398C-80EA-4760-84E5-E83D2989805F}.AppStore|iPhone.ActiveCfg = Release|Any CPU
		{6ADE398C-80EA-4760-84E5-E83D2989805F}.AppStore|iPhone.Build.0 = Release|Any CPU
		{6ADE398C-80EA-4760-84E5-E83D2989805F}.AppStore|iPhoneSimulator.ActiveCfg = Release|Any CPU
		{6ADE398C-80EA-4760-84E5-E83D2989805F}.AppStore|iPhoneSimulator.Build.0 = Release|Any CPU
		{6ADE398C-80EA-4760-84E5-E83D2989805F}.AppStore|x64.ActiveCfg = Release|Any CPU
		{6ADE398C-80EA-4760-84E5-E83D2989805F}.AppStore|x64.Build.0 = Release|Any CPU
		{6ADE398C-80EA-4760-84E5-E83D2989805F}.AppStore|x86.ActiveCfg = Release|Any CPU
		{6ADE398C-80EA-4760-84E5-E83D2989805F}.AppStore|x86.Build.0 = Release|Any CPU
		{6ADE398C-80EA-4760-84E5-E83D2989805F}.Debug|Any CPU.ActiveCfg = Debug|Any CPU
		{6ADE398C-80EA-4760-84E5-E83D2989805F}.Debug|Any CPU.Build.0 = Debug|Any CPU
		{6ADE398C-80EA-4760-84E5-E83D2989805F}.Debug|ARM.ActiveCfg = Debug|Any CPU
		{6ADE398C-80EA-4760-84E5-E83D2989805F}.Debug|ARM.Build.0 = Debug|Any CPU
		{6ADE398C-80EA-4760-84E5-E83D2989805F}.Debug|iPhone.ActiveCfg = Debug|Any CPU
		{6ADE398C-80EA-4760-84E5-E83D2989805F}.Debug|iPhone.Build.0 = Debug|Any CPU
		{6ADE398C-80EA-4760-84E5-E83D2989805F}.Debug|iPhoneSimulator.ActiveCfg = Debug|Any CPU
		{6ADE398C-80EA-4760-84E5-E83D2989805F}.Debug|iPhoneSimulator.Build.0 = Debug|Any CPU
		{6ADE398C-80EA-4760-84E5-E83D2989805F}.Debug|x64.ActiveCfg = Debug|Any CPU
		{6ADE398C-80EA-4760-84E5-E83D2989805F}.Debug|x64.Build.0 = Debug|Any CPU
		{6ADE398C-80EA-4760-84E5-E83D2989805F}.Debug|x86.ActiveCfg = Debug|Any CPU
		{6ADE398C-80EA-4760-84E5-E83D2989805F}.Debug|x86.Build.0 = Debug|Any CPU
		{6ADE398C-80EA-4760-84E5-E83D2989805F}.Release|Any CPU.ActiveCfg = Release|Any CPU
		{6ADE398C-80EA-4760-84E5-E83D2989805F}.Release|Any CPU.Build.0 = Release|Any CPU
		{6ADE398C-80EA-4760-84E5-E83D2989805F}.Release|ARM.ActiveCfg = Release|Any CPU
		{6ADE398C-80EA-4760-84E5-E83D2989805F}.Release|ARM.Build.0 = Release|Any CPU
		{6ADE398C-80EA-4760-84E5-E83D2989805F}.Release|iPhone.ActiveCfg = Release|Any CPU
		{6ADE398C-80EA-4760-84E5-E83D2989805F}.Release|iPhone.Build.0 = Release|Any CPU
		{6ADE398C-80EA-4760-84E5-E83D2989805F}.Release|iPhoneSimulator.ActiveCfg = Release|Any CPU
		{6ADE398C-80EA-4760-84E5-E83D2989805F}.Release|iPhoneSimulator.Build.0 = Release|Any CPU
		{6ADE398C-80EA-4760-84E5-E83D2989805F}.Release|x64.ActiveCfg = Release|Any CPU
		{6ADE398C-80EA-4760-84E5-E83D2989805F}.Release|x64.Build.0 = Release|Any CPU
		{6ADE398C-80EA-4760-84E5-E83D2989805F}.Release|x86.ActiveCfg = Release|Any CPU
		{6ADE398C-80EA-4760-84E5-E83D2989805F}.Release|x86.Build.0 = Release|Any CPU
		{C175A902-4D90-40C9-B87A-014FB9FC3F47}.Ad-Hoc|Any CPU.ActiveCfg = Ad-Hoc|iPhone
		{C175A902-4D90-40C9-B87A-014FB9FC3F47}.Ad-Hoc|ARM.ActiveCfg = Ad-Hoc|iPhone
		{C175A902-4D90-40C9-B87A-014FB9FC3F47}.Ad-Hoc|iPhone.ActiveCfg = Ad-Hoc|iPhone
		{C175A902-4D90-40C9-B87A-014FB9FC3F47}.Ad-Hoc|iPhone.Build.0 = Ad-Hoc|iPhone
		{C175A902-4D90-40C9-B87A-014FB9FC3F47}.Ad-Hoc|iPhoneSimulator.ActiveCfg = Ad-Hoc|iPhoneSimulator
		{C175A902-4D90-40C9-B87A-014FB9FC3F47}.Ad-Hoc|iPhoneSimulator.Build.0 = Ad-Hoc|iPhoneSimulator
		{C175A902-4D90-40C9-B87A-014FB9FC3F47}.Ad-Hoc|x64.ActiveCfg = Ad-Hoc|iPhoneSimulator
		{C175A902-4D90-40C9-B87A-014FB9FC3F47}.Ad-Hoc|x86.ActiveCfg = Ad-Hoc|iPhone
		{C175A902-4D90-40C9-B87A-014FB9FC3F47}.AppStore|Any CPU.ActiveCfg = AppStore|iPhone
		{C175A902-4D90-40C9-B87A-014FB9FC3F47}.AppStore|ARM.ActiveCfg = AppStore|iPhone
		{C175A902-4D90-40C9-B87A-014FB9FC3F47}.AppStore|iPhone.ActiveCfg = AppStore|iPhone
		{C175A902-4D90-40C9-B87A-014FB9FC3F47}.AppStore|iPhone.Build.0 = AppStore|iPhone
		{C175A902-4D90-40C9-B87A-014FB9FC3F47}.AppStore|iPhoneSimulator.ActiveCfg = AppStore|iPhoneSimulator
		{C175A902-4D90-40C9-B87A-014FB9FC3F47}.AppStore|iPhoneSimulator.Build.0 = AppStore|iPhoneSimulator
		{C175A902-4D90-40C9-B87A-014FB9FC3F47}.AppStore|x64.ActiveCfg = AppStore|iPhoneSimulator
		{C175A902-4D90-40C9-B87A-014FB9FC3F47}.AppStore|x86.ActiveCfg = AppStore|iPhone
		{C175A902-4D90-40C9-B87A-014FB9FC3F47}.Debug|Any CPU.ActiveCfg = Debug|iPhone
		{C175A902-4D90-40C9-B87A-014FB9FC3F47}.Debug|ARM.ActiveCfg = Debug|iPhone
		{C175A902-4D90-40C9-B87A-014FB9FC3F47}.Debug|iPhone.ActiveCfg = Debug|iPhone
		{C175A902-4D90-40C9-B87A-014FB9FC3F47}.Debug|iPhone.Build.0 = Debug|iPhone
		{C175A902-4D90-40C9-B87A-014FB9FC3F47}.Debug|iPhoneSimulator.ActiveCfg = Debug|iPhoneSimulator
		{C175A902-4D90-40C9-B87A-014FB9FC3F47}.Debug|iPhoneSimulator.Build.0 = Debug|iPhoneSimulator
		{C175A902-4D90-40C9-B87A-014FB9FC3F47}.Debug|x64.ActiveCfg = Debug|iPhoneSimulator
		{C175A902-4D90-40C9-B87A-014FB9FC3F47}.Debug|x86.ActiveCfg = Debug|iPhone
		{C175A902-4D90-40C9-B87A-014FB9FC3F47}.Release|Any CPU.ActiveCfg = Release|iPhone
		{C175A902-4D90-40C9-B87A-014FB9FC3F47}.Release|ARM.ActiveCfg = Release|iPhone
		{C175A902-4D90-40C9-B87A-014FB9FC3F47}.Release|iPhone.ActiveCfg = Release|iPhone
		{C175A902-4D90-40C9-B87A-014FB9FC3F47}.Release|iPhone.Build.0 = Release|iPhone
		{C175A902-4D90-40C9-B87A-014FB9FC3F47}.Release|iPhoneSimulator.ActiveCfg = Release|iPhoneSimulator
		{C175A902-4D90-40C9-B87A-014FB9FC3F47}.Release|iPhoneSimulator.Build.0 = Release|iPhoneSimulator
		{C175A902-4D90-40C9-B87A-014FB9FC3F47}.Release|x64.ActiveCfg = Release|iPhoneSimulator
		{C175A902-4D90-40C9-B87A-014FB9FC3F47}.Release|x86.ActiveCfg = Release|iPhone
		{9F191310-82A0-41B7-A3B6-5E6F5D875C7A}.Ad-Hoc|Any CPU.ActiveCfg = Release|Any CPU
		{9F191310-82A0-41B7-A3B6-5E6F5D875C7A}.Ad-Hoc|Any CPU.Build.0 = Release|Any CPU
		{9F191310-82A0-41B7-A3B6-5E6F5D875C7A}.Ad-Hoc|Any CPU.Deploy.0 = Release|Any CPU
		{9F191310-82A0-41B7-A3B6-5E6F5D875C7A}.Ad-Hoc|ARM.ActiveCfg = Release|Any CPU
		{9F191310-82A0-41B7-A3B6-5E6F5D875C7A}.Ad-Hoc|ARM.Build.0 = Release|Any CPU
		{9F191310-82A0-41B7-A3B6-5E6F5D875C7A}.Ad-Hoc|ARM.Deploy.0 = Release|Any CPU
		{9F191310-82A0-41B7-A3B6-5E6F5D875C7A}.Ad-Hoc|iPhone.ActiveCfg = Release|Any CPU
		{9F191310-82A0-41B7-A3B6-5E6F5D875C7A}.Ad-Hoc|iPhone.Build.0 = Release|Any CPU
		{9F191310-82A0-41B7-A3B6-5E6F5D875C7A}.Ad-Hoc|iPhone.Deploy.0 = Release|Any CPU
		{9F191310-82A0-41B7-A3B6-5E6F5D875C7A}.Ad-Hoc|iPhoneSimulator.ActiveCfg = Release|Any CPU
		{9F191310-82A0-41B7-A3B6-5E6F5D875C7A}.Ad-Hoc|iPhoneSimulator.Build.0 = Release|Any CPU
		{9F191310-82A0-41B7-A3B6-5E6F5D875C7A}.Ad-Hoc|iPhoneSimulator.Deploy.0 = Release|Any CPU
		{9F191310-82A0-41B7-A3B6-5E6F5D875C7A}.Ad-Hoc|x64.ActiveCfg = Release|Any CPU
		{9F191310-82A0-41B7-A3B6-5E6F5D875C7A}.Ad-Hoc|x64.Build.0 = Release|Any CPU
		{9F191310-82A0-41B7-A3B6-5E6F5D875C7A}.Ad-Hoc|x64.Deploy.0 = Release|Any CPU
		{9F191310-82A0-41B7-A3B6-5E6F5D875C7A}.Ad-Hoc|x86.ActiveCfg = Release|Any CPU
		{9F191310-82A0-41B7-A3B6-5E6F5D875C7A}.Ad-Hoc|x86.Build.0 = Release|Any CPU
		{9F191310-82A0-41B7-A3B6-5E6F5D875C7A}.Ad-Hoc|x86.Deploy.0 = Release|Any CPU
		{9F191310-82A0-41B7-A3B6-5E6F5D875C7A}.AppStore|Any CPU.ActiveCfg = Release|Any CPU
		{9F191310-82A0-41B7-A3B6-5E6F5D875C7A}.AppStore|Any CPU.Build.0 = Release|Any CPU
		{9F191310-82A0-41B7-A3B6-5E6F5D875C7A}.AppStore|Any CPU.Deploy.0 = Release|Any CPU
		{9F191310-82A0-41B7-A3B6-5E6F5D875C7A}.AppStore|ARM.ActiveCfg = Release|Any CPU
		{9F191310-82A0-41B7-A3B6-5E6F5D875C7A}.AppStore|ARM.Build.0 = Release|Any CPU
		{9F191310-82A0-41B7-A3B6-5E6F5D875C7A}.AppStore|ARM.Deploy.0 = Release|Any CPU
		{9F191310-82A0-41B7-A3B6-5E6F5D875C7A}.AppStore|iPhone.ActiveCfg = Release|Any CPU
		{9F191310-82A0-41B7-A3B6-5E6F5D875C7A}.AppStore|iPhone.Build.0 = Release|Any CPU
		{9F191310-82A0-41B7-A3B6-5E6F5D875C7A}.AppStore|iPhone.Deploy.0 = Release|Any CPU
		{9F191310-82A0-41B7-A3B6-5E6F5D875C7A}.AppStore|iPhoneSimulator.ActiveCfg = Release|Any CPU
		{9F191310-82A0-41B7-A3B6-5E6F5D875C7A}.AppStore|iPhoneSimulator.Build.0 = Release|Any CPU
		{9F191310-82A0-41B7-A3B6-5E6F5D875C7A}.AppStore|iPhoneSimulator.Deploy.0 = Release|Any CPU
		{9F191310-82A0-41B7-A3B6-5E6F5D875C7A}.AppStore|x64.ActiveCfg = Release|Any CPU
		{9F191310-82A0-41B7-A3B6-5E6F5D875C7A}.AppStore|x64.Build.0 = Release|Any CPU
		{9F191310-82A0-41B7-A3B6-5E6F5D875C7A}.AppStore|x64.Deploy.0 = Release|Any CPU
		{9F191310-82A0-41B7-A3B6-5E6F5D875C7A}.AppStore|x86.ActiveCfg = Release|Any CPU
		{9F191310-82A0-41B7-A3B6-5E6F5D875C7A}.AppStore|x86.Build.0 = Release|Any CPU
		{9F191310-82A0-41B7-A3B6-5E6F5D875C7A}.AppStore|x86.Deploy.0 = Release|Any CPU
		{9F191310-82A0-41B7-A3B6-5E6F5D875C7A}.Debug|Any CPU.ActiveCfg = Debug|Any CPU
		{9F191310-82A0-41B7-A3B6-5E6F5D875C7A}.Debug|Any CPU.Build.0 = Debug|Any CPU
		{9F191310-82A0-41B7-A3B6-5E6F5D875C7A}.Debug|Any CPU.Deploy.0 = Debug|Any CPU
		{9F191310-82A0-41B7-A3B6-5E6F5D875C7A}.Debug|ARM.ActiveCfg = Debug|Any CPU
		{9F191310-82A0-41B7-A3B6-5E6F5D875C7A}.Debug|ARM.Build.0 = Debug|Any CPU
		{9F191310-82A0-41B7-A3B6-5E6F5D875C7A}.Debug|ARM.Deploy.0 = Debug|Any CPU
		{9F191310-82A0-41B7-A3B6-5E6F5D875C7A}.Debug|iPhone.ActiveCfg = Debug|Any CPU
		{9F191310-82A0-41B7-A3B6-5E6F5D875C7A}.Debug|iPhone.Build.0 = Debug|Any CPU
		{9F191310-82A0-41B7-A3B6-5E6F5D875C7A}.Debug|iPhone.Deploy.0 = Debug|Any CPU
		{9F191310-82A0-41B7-A3B6-5E6F5D875C7A}.Debug|iPhoneSimulator.ActiveCfg = Debug|Any CPU
		{9F191310-82A0-41B7-A3B6-5E6F5D875C7A}.Debug|iPhoneSimulator.Build.0 = Debug|Any CPU
		{9F191310-82A0-41B7-A3B6-5E6F5D875C7A}.Debug|iPhoneSimulator.Deploy.0 = Debug|Any CPU
		{9F191310-82A0-41B7-A3B6-5E6F5D875C7A}.Debug|x64.ActiveCfg = Debug|Any CPU
		{9F191310-82A0-41B7-A3B6-5E6F5D875C7A}.Debug|x64.Build.0 = Debug|Any CPU
		{9F191310-82A0-41B7-A3B6-5E6F5D875C7A}.Debug|x64.Deploy.0 = Debug|Any CPU
		{9F191310-82A0-41B7-A3B6-5E6F5D875C7A}.Debug|x86.ActiveCfg = Debug|Any CPU
		{9F191310-82A0-41B7-A3B6-5E6F5D875C7A}.Debug|x86.Build.0 = Debug|Any CPU
		{9F191310-82A0-41B7-A3B6-5E6F5D875C7A}.Debug|x86.Deploy.0 = Debug|Any CPU
		{9F191310-82A0-41B7-A3B6-5E6F5D875C7A}.Release|Any CPU.ActiveCfg = Release|Any CPU
		{9F191310-82A0-41B7-A3B6-5E6F5D875C7A}.Release|Any CPU.Build.0 = Release|Any CPU
		{9F191310-82A0-41B7-A3B6-5E6F5D875C7A}.Release|Any CPU.Deploy.0 = Release|Any CPU
		{9F191310-82A0-41B7-A3B6-5E6F5D875C7A}.Release|ARM.ActiveCfg = Release|Any CPU
		{9F191310-82A0-41B7-A3B6-5E6F5D875C7A}.Release|ARM.Build.0 = Release|Any CPU
		{9F191310-82A0-41B7-A3B6-5E6F5D875C7A}.Release|ARM.Deploy.0 = Release|Any CPU
		{9F191310-82A0-41B7-A3B6-5E6F5D875C7A}.Release|iPhone.ActiveCfg = Release|Any CPU
		{9F191310-82A0-41B7-A3B6-5E6F5D875C7A}.Release|iPhone.Build.0 = Release|Any CPU
		{9F191310-82A0-41B7-A3B6-5E6F5D875C7A}.Release|iPhone.Deploy.0 = Release|Any CPU
		{9F191310-82A0-41B7-A3B6-5E6F5D875C7A}.Release|iPhoneSimulator.ActiveCfg = Release|Any CPU
		{9F191310-82A0-41B7-A3B6-5E6F5D875C7A}.Release|iPhoneSimulator.Build.0 = Release|Any CPU
		{9F191310-82A0-41B7-A3B6-5E6F5D875C7A}.Release|iPhoneSimulator.Deploy.0 = Release|Any CPU
		{9F191310-82A0-41B7-A3B6-5E6F5D875C7A}.Release|x64.ActiveCfg = Release|Any CPU
		{9F191310-82A0-41B7-A3B6-5E6F5D875C7A}.Release|x64.Build.0 = Release|Any CPU
		{9F191310-82A0-41B7-A3B6-5E6F5D875C7A}.Release|x64.Deploy.0 = Release|Any CPU
		{9F191310-82A0-41B7-A3B6-5E6F5D875C7A}.Release|x86.ActiveCfg = Release|Any CPU
		{9F191310-82A0-41B7-A3B6-5E6F5D875C7A}.Release|x86.Build.0 = Release|Any CPU
		{9F191310-82A0-41B7-A3B6-5E6F5D875C7A}.Release|x86.Deploy.0 = Release|Any CPU
		{58EEAFFF-D1BB-4375-AEFC-8270F8415DCE}.Ad-Hoc|Any CPU.ActiveCfg = Release|Any CPU
		{58EEAFFF-D1BB-4375-AEFC-8270F8415DCE}.Ad-Hoc|Any CPU.Build.0 = Release|Any CPU
		{58EEAFFF-D1BB-4375-AEFC-8270F8415DCE}.Ad-Hoc|ARM.ActiveCfg = Release|Any CPU
		{58EEAFFF-D1BB-4375-AEFC-8270F8415DCE}.Ad-Hoc|ARM.Build.0 = Release|Any CPU
		{58EEAFFF-D1BB-4375-AEFC-8270F8415DCE}.Ad-Hoc|iPhone.ActiveCfg = Release|Any CPU
		{58EEAFFF-D1BB-4375-AEFC-8270F8415DCE}.Ad-Hoc|iPhone.Build.0 = Release|Any CPU
		{58EEAFFF-D1BB-4375-AEFC-8270F8415DCE}.Ad-Hoc|iPhoneSimulator.ActiveCfg = Release|Any CPU
		{58EEAFFF-D1BB-4375-AEFC-8270F8415DCE}.Ad-Hoc|iPhoneSimulator.Build.0 = Release|Any CPU
		{58EEAFFF-D1BB-4375-AEFC-8270F8415DCE}.Ad-Hoc|x64.ActiveCfg = Release|Any CPU
		{58EEAFFF-D1BB-4375-AEFC-8270F8415DCE}.Ad-Hoc|x64.Build.0 = Release|Any CPU
		{58EEAFFF-D1BB-4375-AEFC-8270F8415DCE}.Ad-Hoc|x86.ActiveCfg = Release|Any CPU
		{58EEAFFF-D1BB-4375-AEFC-8270F8415DCE}.Ad-Hoc|x86.Build.0 = Release|Any CPU
		{58EEAFFF-D1BB-4375-AEFC-8270F8415DCE}.AppStore|Any CPU.ActiveCfg = Release|Any CPU
		{58EEAFFF-D1BB-4375-AEFC-8270F8415DCE}.AppStore|Any CPU.Build.0 = Release|Any CPU
		{58EEAFFF-D1BB-4375-AEFC-8270F8415DCE}.AppStore|ARM.ActiveCfg = Release|Any CPU
		{58EEAFFF-D1BB-4375-AEFC-8270F8415DCE}.AppStore|ARM.Build.0 = Release|Any CPU
		{58EEAFFF-D1BB-4375-AEFC-8270F8415DCE}.AppStore|iPhone.ActiveCfg = Release|Any CPU
		{58EEAFFF-D1BB-4375-AEFC-8270F8415DCE}.AppStore|iPhone.Build.0 = Release|Any CPU
		{58EEAFFF-D1BB-4375-AEFC-8270F8415DCE}.AppStore|iPhoneSimulator.ActiveCfg = Release|Any CPU
		{58EEAFFF-D1BB-4375-AEFC-8270F8415DCE}.AppStore|iPhoneSimulator.Build.0 = Release|Any CPU
		{58EEAFFF-D1BB-4375-AEFC-8270F8415DCE}.AppStore|x64.ActiveCfg = Release|Any CPU
		{58EEAFFF-D1BB-4375-AEFC-8270F8415DCE}.AppStore|x64.Build.0 = Release|Any CPU
		{58EEAFFF-D1BB-4375-AEFC-8270F8415DCE}.AppStore|x86.ActiveCfg = Release|Any CPU
		{58EEAFFF-D1BB-4375-AEFC-8270F8415DCE}.AppStore|x86.Build.0 = Release|Any CPU
		{58EEAFFF-D1BB-4375-AEFC-8270F8415DCE}.Debug|Any CPU.ActiveCfg = Debug|Any CPU
		{58EEAFFF-D1BB-4375-AEFC-8270F8415DCE}.Debug|Any CPU.Build.0 = Debug|Any CPU
		{58EEAFFF-D1BB-4375-AEFC-8270F8415DCE}.Debug|ARM.ActiveCfg = Debug|Any CPU
		{58EEAFFF-D1BB-4375-AEFC-8270F8415DCE}.Debug|ARM.Build.0 = Debug|Any CPU
		{58EEAFFF-D1BB-4375-AEFC-8270F8415DCE}.Debug|iPhone.ActiveCfg = Debug|Any CPU
		{58EEAFFF-D1BB-4375-AEFC-8270F8415DCE}.Debug|iPhone.Build.0 = Debug|Any CPU
		{58EEAFFF-D1BB-4375-AEFC-8270F8415DCE}.Debug|iPhoneSimulator.ActiveCfg = Debug|Any CPU
		{58EEAFFF-D1BB-4375-AEFC-8270F8415DCE}.Debug|iPhoneSimulator.Build.0 = Debug|Any CPU
		{58EEAFFF-D1BB-4375-AEFC-8270F8415DCE}.Debug|x64.ActiveCfg = Debug|Any CPU
		{58EEAFFF-D1BB-4375-AEFC-8270F8415DCE}.Debug|x64.Build.0 = Debug|Any CPU
		{58EEAFFF-D1BB-4375-AEFC-8270F8415DCE}.Debug|x86.ActiveCfg = Debug|Any CPU
		{58EEAFFF-D1BB-4375-AEFC-8270F8415DCE}.Debug|x86.Build.0 = Debug|Any CPU
		{58EEAFFF-D1BB-4375-AEFC-8270F8415DCE}.Release|Any CPU.ActiveCfg = Release|Any CPU
		{58EEAFFF-D1BB-4375-AEFC-8270F8415DCE}.Release|Any CPU.Build.0 = Release|Any CPU
		{58EEAFFF-D1BB-4375-AEFC-8270F8415DCE}.Release|ARM.ActiveCfg = Release|Any CPU
		{58EEAFFF-D1BB-4375-AEFC-8270F8415DCE}.Release|ARM.Build.0 = Release|Any CPU
		{58EEAFFF-D1BB-4375-AEFC-8270F8415DCE}.Release|iPhone.ActiveCfg = Release|Any CPU
		{58EEAFFF-D1BB-4375-AEFC-8270F8415DCE}.Release|iPhone.Build.0 = Release|Any CPU
		{58EEAFFF-D1BB-4375-AEFC-8270F8415DCE}.Release|iPhoneSimulator.ActiveCfg = Release|Any CPU
		{58EEAFFF-D1BB-4375-AEFC-8270F8415DCE}.Release|iPhoneSimulator.Build.0 = Release|Any CPU
		{58EEAFFF-D1BB-4375-AEFC-8270F8415DCE}.Release|x64.ActiveCfg = Release|Any CPU
		{58EEAFFF-D1BB-4375-AEFC-8270F8415DCE}.Release|x64.Build.0 = Release|Any CPU
		{58EEAFFF-D1BB-4375-AEFC-8270F8415DCE}.Release|x86.ActiveCfg = Release|Any CPU
		{58EEAFFF-D1BB-4375-AEFC-8270F8415DCE}.Release|x86.Build.0 = Release|Any CPU
		{4C78CFD9-F72C-4B3E-9B0E-412677CEB014}.Ad-Hoc|Any CPU.ActiveCfg = Release|x86
		{4C78CFD9-F72C-4B3E-9B0E-412677CEB014}.Ad-Hoc|Any CPU.Build.0 = Release|x86
		{4C78CFD9-F72C-4B3E-9B0E-412677CEB014}.Ad-Hoc|Any CPU.Deploy.0 = Release|x86
		{4C78CFD9-F72C-4B3E-9B0E-412677CEB014}.Ad-Hoc|ARM.ActiveCfg = Release|ARM
		{4C78CFD9-F72C-4B3E-9B0E-412677CEB014}.Ad-Hoc|ARM.Build.0 = Release|ARM
		{4C78CFD9-F72C-4B3E-9B0E-412677CEB014}.Ad-Hoc|ARM.Deploy.0 = Release|ARM
		{4C78CFD9-F72C-4B3E-9B0E-412677CEB014}.Ad-Hoc|iPhone.ActiveCfg = Release|x86
		{4C78CFD9-F72C-4B3E-9B0E-412677CEB014}.Ad-Hoc|iPhone.Build.0 = Release|x86
		{4C78CFD9-F72C-4B3E-9B0E-412677CEB014}.Ad-Hoc|iPhone.Deploy.0 = Release|x86
		{4C78CFD9-F72C-4B3E-9B0E-412677CEB014}.Ad-Hoc|iPhoneSimulator.ActiveCfg = Release|x86
		{4C78CFD9-F72C-4B3E-9B0E-412677CEB014}.Ad-Hoc|iPhoneSimulator.Build.0 = Release|x86
		{4C78CFD9-F72C-4B3E-9B0E-412677CEB014}.Ad-Hoc|iPhoneSimulator.Deploy.0 = Release|x86
		{4C78CFD9-F72C-4B3E-9B0E-412677CEB014}.Ad-Hoc|x64.ActiveCfg = Release|x64
		{4C78CFD9-F72C-4B3E-9B0E-412677CEB014}.Ad-Hoc|x64.Build.0 = Release|x64
		{4C78CFD9-F72C-4B3E-9B0E-412677CEB014}.Ad-Hoc|x64.Deploy.0 = Release|x64
		{4C78CFD9-F72C-4B3E-9B0E-412677CEB014}.Ad-Hoc|x86.ActiveCfg = Release|x86
		{4C78CFD9-F72C-4B3E-9B0E-412677CEB014}.Ad-Hoc|x86.Build.0 = Release|x86
		{4C78CFD9-F72C-4B3E-9B0E-412677CEB014}.Ad-Hoc|x86.Deploy.0 = Release|x86
		{4C78CFD9-F72C-4B3E-9B0E-412677CEB014}.AppStore|Any CPU.ActiveCfg = Release|x86
		{4C78CFD9-F72C-4B3E-9B0E-412677CEB014}.AppStore|Any CPU.Build.0 = Release|x86
		{4C78CFD9-F72C-4B3E-9B0E-412677CEB014}.AppStore|Any CPU.Deploy.0 = Release|x86
		{4C78CFD9-F72C-4B3E-9B0E-412677CEB014}.AppStore|ARM.ActiveCfg = Release|ARM
		{4C78CFD9-F72C-4B3E-9B0E-412677CEB014}.AppStore|ARM.Build.0 = Release|ARM
		{4C78CFD9-F72C-4B3E-9B0E-412677CEB014}.AppStore|ARM.Deploy.0 = Release|ARM
		{4C78CFD9-F72C-4B3E-9B0E-412677CEB014}.AppStore|iPhone.ActiveCfg = Release|x86
		{4C78CFD9-F72C-4B3E-9B0E-412677CEB014}.AppStore|iPhone.Build.0 = Release|x86
		{4C78CFD9-F72C-4B3E-9B0E-412677CEB014}.AppStore|iPhone.Deploy.0 = Release|x86
		{4C78CFD9-F72C-4B3E-9B0E-412677CEB014}.AppStore|iPhoneSimulator.ActiveCfg = Release|x86
		{4C78CFD9-F72C-4B3E-9B0E-412677CEB014}.AppStore|iPhoneSimulator.Build.0 = Release|x86
		{4C78CFD9-F72C-4B3E-9B0E-412677CEB014}.AppStore|iPhoneSimulator.Deploy.0 = Release|x86
		{4C78CFD9-F72C-4B3E-9B0E-412677CEB014}.AppStore|x64.ActiveCfg = Release|x64
		{4C78CFD9-F72C-4B3E-9B0E-412677CEB014}.AppStore|x64.Build.0 = Release|x64
		{4C78CFD9-F72C-4B3E-9B0E-412677CEB014}.AppStore|x64.Deploy.0 = Release|x64
		{4C78CFD9-F72C-4B3E-9B0E-412677CEB014}.AppStore|x86.ActiveCfg = Release|x86
		{4C78CFD9-F72C-4B3E-9B0E-412677CEB014}.AppStore|x86.Build.0 = Release|x86
		{4C78CFD9-F72C-4B3E-9B0E-412677CEB014}.AppStore|x86.Deploy.0 = Release|x86
		{4C78CFD9-F72C-4B3E-9B0E-412677CEB014}.Debug|Any CPU.ActiveCfg = Debug|x86
		{4C78CFD9-F72C-4B3E-9B0E-412677CEB014}.Debug|Any CPU.Build.0 = Debug|x86
		{4C78CFD9-F72C-4B3E-9B0E-412677CEB014}.Debug|Any CPU.Deploy.0 = Debug|x86
		{4C78CFD9-F72C-4B3E-9B0E-412677CEB014}.Debug|ARM.ActiveCfg = Debug|ARM
		{4C78CFD9-F72C-4B3E-9B0E-412677CEB014}.Debug|ARM.Build.0 = Debug|ARM
		{4C78CFD9-F72C-4B3E-9B0E-412677CEB014}.Debug|ARM.Deploy.0 = Debug|ARM
		{4C78CFD9-F72C-4B3E-9B0E-412677CEB014}.Debug|iPhone.ActiveCfg = Debug|x86
		{4C78CFD9-F72C-4B3E-9B0E-412677CEB014}.Debug|iPhone.Build.0 = Debug|x86
		{4C78CFD9-F72C-4B3E-9B0E-412677CEB014}.Debug|iPhone.Deploy.0 = Debug|x86
		{4C78CFD9-F72C-4B3E-9B0E-412677CEB014}.Debug|iPhoneSimulator.ActiveCfg = Debug|x86
		{4C78CFD9-F72C-4B3E-9B0E-412677CEB014}.Debug|iPhoneSimulator.Build.0 = Debug|x86
		{4C78CFD9-F72C-4B3E-9B0E-412677CEB014}.Debug|iPhoneSimulator.Deploy.0 = Debug|x86
		{4C78CFD9-F72C-4B3E-9B0E-412677CEB014}.Debug|x64.ActiveCfg = Debug|x64
		{4C78CFD9-F72C-4B3E-9B0E-412677CEB014}.Debug|x64.Build.0 = Debug|x64
		{4C78CFD9-F72C-4B3E-9B0E-412677CEB014}.Debug|x64.Deploy.0 = Debug|x64
		{4C78CFD9-F72C-4B3E-9B0E-412677CEB014}.Debug|x86.ActiveCfg = Debug|x86
		{4C78CFD9-F72C-4B3E-9B0E-412677CEB014}.Debug|x86.Build.0 = Debug|x86
		{4C78CFD9-F72C-4B3E-9B0E-412677CEB014}.Debug|x86.Deploy.0 = Debug|x86
		{4C78CFD9-F72C-4B3E-9B0E-412677CEB014}.Release|Any CPU.ActiveCfg = Release|x86
		{4C78CFD9-F72C-4B3E-9B0E-412677CEB014}.Release|Any CPU.Build.0 = Release|x86
		{4C78CFD9-F72C-4B3E-9B0E-412677CEB014}.Release|Any CPU.Deploy.0 = Release|x86
		{4C78CFD9-F72C-4B3E-9B0E-412677CEB014}.Release|ARM.ActiveCfg = Release|ARM
		{4C78CFD9-F72C-4B3E-9B0E-412677CEB014}.Release|ARM.Build.0 = Release|ARM
		{4C78CFD9-F72C-4B3E-9B0E-412677CEB014}.Release|ARM.Deploy.0 = Release|ARM
		{4C78CFD9-F72C-4B3E-9B0E-412677CEB014}.Release|iPhone.ActiveCfg = Release|x86
		{4C78CFD9-F72C-4B3E-9B0E-412677CEB014}.Release|iPhone.Build.0 = Release|x86
		{4C78CFD9-F72C-4B3E-9B0E-412677CEB014}.Release|iPhone.Deploy.0 = Release|x86
		{4C78CFD9-F72C-4B3E-9B0E-412677CEB014}.Release|iPhoneSimulator.ActiveCfg = Release|x86
		{4C78CFD9-F72C-4B3E-9B0E-412677CEB014}.Release|iPhoneSimulator.Build.0 = Release|x86
		{4C78CFD9-F72C-4B3E-9B0E-412677CEB014}.Release|iPhoneSimulator.Deploy.0 = Release|x86
		{4C78CFD9-F72C-4B3E-9B0E-412677CEB014}.Release|x64.ActiveCfg = Release|x64
		{4C78CFD9-F72C-4B3E-9B0E-412677CEB014}.Release|x64.Build.0 = Release|x64
		{4C78CFD9-F72C-4B3E-9B0E-412677CEB014}.Release|x64.Deploy.0 = Release|x64
		{4C78CFD9-F72C-4B3E-9B0E-412677CEB014}.Release|x86.ActiveCfg = Release|x86
		{4C78CFD9-F72C-4B3E-9B0E-412677CEB014}.Release|x86.Build.0 = Release|x86
		{4C78CFD9-F72C-4B3E-9B0E-412677CEB014}.Release|x86.Deploy.0 = Release|x86
	EndGlobalSection
	GlobalSection(SolutionProperties) = preSolution
		HideSolutionNode = FALSE
	EndGlobalSection
EndGlobal
