
Microsoft Visual Studio Solution File, Format Version 12.00
# Visual Studio 14
VisualStudioVersion = 14.0.23107.0
MinimumVisualStudioVersion = 10.0.40219.1
Project("{FAE04EC0-301F-11D3-BF4B-00C04F79EFBC}") = "ReflectedColors.iOS", "ReflectedColors\ReflectedColors.iOS\ReflectedColors.iOS.csproj", "{4FD1405B-D67B-41B3-8282-574B65883403}"
EndProject
Project("{FAE04EC0-301F-11D3-BF4B-00C04F79EFBC}") = "ReflectedColors.Droid", "ReflectedColors\ReflectedColors.Droid\ReflectedColors.Droid.csproj", "{9BA910C1-EF05-4B00-BCC6-1255938E6CF8}"
EndProject
Project("{F2A71F9B-5D33-465A-A702-920D77279786}") = "ReflectedColors", "ReflectedColors\ReflectedColors\ReflectedColors.fsproj", "{35F9F704-FE31-4417-8A15-8B1A6B3C4ADD}"
EndProject
Project("{FAE04EC0-301F-11D3-BF4B-00C04F79EFBC}") = "ReflectedColors.UWP", "ReflectedColors\ReflectedColors.UWP\ReflectedColors.UWP.csproj", "{6E508312-AB83-4F7D-AB78-DF69DDC45B97}"
EndProject
Global
	GlobalSection(SolutionConfigurationPlatforms) = preSolution
		Ad-Hoc|Any CPU = Ad-Hoc|Any CPU
		Ad-Hoc|ARM = Ad-Hoc|ARM
		Ad-Hoc|iPhone = Ad-Hoc|iPhone
		Ad-Hoc|iPhoneSimulator = Ad-Hoc|iPhoneSimulator
		Ad-Hoc|x64 = Ad-Hoc|x64
		Ad-Hoc|x86 = Ad-Hoc|x86
		AppStore|Any CPU = AppStore|Any CPU
		AppStore|ARM = AppStore|ARM
		AppStore|iPhone = AppStore|iPhone
		AppStore|iPhoneSimulator = AppStore|iPhoneSimulator
		AppStore|x64 = AppStore|x64
		AppStore|x86 = AppStore|x86
		Debug|Any CPU = Debug|Any CPU
		Debug|ARM = Debug|ARM
		Debug|iPhone = Debug|iPhone
		Debug|iPhoneSimulator = Debug|iPhoneSimulator
		Debug|x64 = Debug|x64
		Debug|x86 = Debug|x86
		Release|Any CPU = Release|Any CPU
		Release|ARM = Release|ARM
		Release|iPhone = Release|iPhone
		Release|iPhoneSimulator = Release|iPhoneSimulator
		Release|x64 = Release|x64
		Release|x86 = Release|x86
	EndGlobalSection
	GlobalSection(ProjectConfigurationPlatforms) = postSolution
		{4FD1405B-D67B-41B3-8282-574B65883403}.Ad-Hoc|Any CPU.ActiveCfg = Ad-Hoc|iPhone
		{4FD1405B-D67B-41B3-8282-574B65883403}.Ad-Hoc|ARM.ActiveCfg = Ad-Hoc|iPhone
		{4FD1405B-D67B-41B3-8282-574B65883403}.Ad-Hoc|iPhone.ActiveCfg = Ad-Hoc|iPhone
		{4FD1405B-D67B-41B3-8282-574B65883403}.Ad-Hoc|iPhone.Build.0 = Ad-Hoc|iPhone
		{4FD1405B-D67B-41B3-8282-574B65883403}.Ad-Hoc|iPhoneSimulator.ActiveCfg = Ad-Hoc|iPhoneSimulator
		{4FD1405B-D67B-41B3-8282-574B65883403}.Ad-Hoc|iPhoneSimulator.Build.0 = Ad-Hoc|iPhoneSimulator
		{4FD1405B-D67B-41B3-8282-574B65883403}.Ad-Hoc|x64.ActiveCfg = Ad-Hoc|iPhoneSimulator
		{4FD1405B-D67B-41B3-8282-574B65883403}.Ad-Hoc|x86.ActiveCfg = Ad-Hoc|iPhone
		{4FD1405B-D67B-41B3-8282-574B65883403}.AppStore|Any CPU.ActiveCfg = AppStore|iPhone
		{4FD1405B-D67B-41B3-8282-574B65883403}.AppStore|ARM.ActiveCfg = AppStore|iPhone
		{4FD1405B-D67B-41B3-8282-574B65883403}.AppStore|iPhone.ActiveCfg = AppStore|iPhone
		{4FD1405B-D67B-41B3-8282-574B65883403}.AppStore|iPhone.Build.0 = AppStore|iPhone
		{4FD1405B-D67B-41B3-8282-574B65883403}.AppStore|iPhoneSimulator.ActiveCfg = AppStore|iPhoneSimulator
		{4FD1405B-D67B-41B3-8282-574B65883403}.AppStore|iPhoneSimulator.Build.0 = AppStore|iPhoneSimulator
		{4FD1405B-D67B-41B3-8282-574B65883403}.AppStore|x64.ActiveCfg = AppStore|iPhoneSimulator
		{4FD1405B-D67B-41B3-8282-574B65883403}.AppStore|x86.ActiveCfg = AppStore|iPhone
		{4FD1405B-D67B-41B3-8282-574B65883403}.Debug|Any CPU.ActiveCfg = Debug|iPhone
		{4FD1405B-D67B-41B3-8282-574B65883403}.Debug|ARM.ActiveCfg = Debug|iPhone
		{4FD1405B-D67B-41B3-8282-574B65883403}.Debug|iPhone.ActiveCfg = Debug|iPhone
		{4FD1405B-D67B-41B3-8282-574B65883403}.Debug|iPhone.Build.0 = Debug|iPhone
		{4FD1405B-D67B-41B3-8282-574B65883403}.Debug|iPhoneSimulator.ActiveCfg = Debug|iPhoneSimulator
		{4FD1405B-D67B-41B3-8282-574B65883403}.Debug|iPhoneSimulator.Build.0 = Debug|iPhoneSimulator
		{4FD1405B-D67B-41B3-8282-574B65883403}.Debug|x64.ActiveCfg = Debug|iPhoneSimulator
		{4FD1405B-D67B-41B3-8282-574B65883403}.Debug|x86.ActiveCfg = Debug|iPhone
		{4FD1405B-D67B-41B3-8282-574B65883403}.Release|Any CPU.ActiveCfg = Release|iPhone
		{4FD1405B-D67B-41B3-8282-574B65883403}.Release|ARM.ActiveCfg = Release|iPhone
		{4FD1405B-D67B-41B3-8282-574B65883403}.Release|iPhone.ActiveCfg = Release|iPhone
		{4FD1405B-D67B-41B3-8282-574B65883403}.Release|iPhone.Build.0 = Release|iPhone
		{4FD1405B-D67B-41B3-8282-574B65883403}.Release|iPhoneSimulator.ActiveCfg = Release|iPhoneSimulator
		{4FD1405B-D67B-41B3-8282-574B65883403}.Release|iPhoneSimulator.Build.0 = Release|iPhoneSimulator
		{4FD1405B-D67B-41B3-8282-574B65883403}.Release|x64.ActiveCfg = Release|iPhoneSimulator
		{4FD1405B-D67B-41B3-8282-574B65883403}.Release|x86.ActiveCfg = Release|iPhone
		{9BA910C1-EF05-4B00-BCC6-1255938E6CF8}.Ad-Hoc|Any CPU.ActiveCfg = Release|Any CPU
		{9BA910C1-EF05-4B00-BCC6-1255938E6CF8}.Ad-Hoc|Any CPU.Build.0 = Release|Any CPU
		{9BA910C1-EF05-4B00-BCC6-1255938E6CF8}.Ad-Hoc|Any CPU.Deploy.0 = Release|Any CPU
		{9BA910C1-EF05-4B00-BCC6-1255938E6CF8}.Ad-Hoc|ARM.ActiveCfg = Release|Any CPU
		{9BA910C1-EF05-4B00-BCC6-1255938E6CF8}.Ad-Hoc|ARM.Build.0 = Release|Any CPU
		{9BA910C1-EF05-4B00-BCC6-1255938E6CF8}.Ad-Hoc|ARM.Deploy.0 = Release|Any CPU
		{9BA910C1-EF05-4B00-BCC6-1255938E6CF8}.Ad-Hoc|iPhone.ActiveCfg = Release|Any CPU
		{9BA910C1-EF05-4B00-BCC6-1255938E6CF8}.Ad-Hoc|iPhone.Build.0 = Release|Any CPU
		{9BA910C1-EF05-4B00-BCC6-1255938E6CF8}.Ad-Hoc|iPhone.Deploy.0 = Release|Any CPU
		{9BA910C1-EF05-4B00-BCC6-1255938E6CF8}.Ad-Hoc|iPhoneSimulator.ActiveCfg = Release|Any CPU
		{9BA910C1-EF05-4B00-BCC6-1255938E6CF8}.Ad-Hoc|iPhoneSimulator.Build.0 = Release|Any CPU
		{9BA910C1-EF05-4B00-BCC6-1255938E6CF8}.Ad-Hoc|iPhoneSimulator.Deploy.0 = Release|Any CPU
		{9BA910C1-EF05-4B00-BCC6-1255938E6CF8}.Ad-Hoc|x64.ActiveCfg = Release|Any CPU
		{9BA910C1-EF05-4B00-BCC6-1255938E6CF8}.Ad-Hoc|x64.Build.0 = Release|Any CPU
		{9BA910C1-EF05-4B00-BCC6-1255938E6CF8}.Ad-Hoc|x64.Deploy.0 = Release|Any CPU
		{9BA910C1-EF05-4B00-BCC6-1255938E6CF8}.Ad-Hoc|x86.ActiveCfg = Release|Any CPU
		{9BA910C1-EF05-4B00-BCC6-1255938E6CF8}.Ad-Hoc|x86.Build.0 = Release|Any CPU
		{9BA910C1-EF05-4B00-BCC6-1255938E6CF8}.Ad-Hoc|x86.Deploy.0 = Release|Any CPU
		{9BA910C1-EF05-4B00-BCC6-1255938E6CF8}.AppStore|Any CPU.ActiveCfg = Release|Any CPU
		{9BA910C1-EF05-4B00-BCC6-1255938E6CF8}.AppStore|Any CPU.Build.0 = Release|Any CPU
		{9BA910C1-EF05-4B00-BCC6-1255938E6CF8}.AppStore|Any CPU.Deploy.0 = Release|Any CPU
		{9BA910C1-EF05-4B00-BCC6-1255938E6CF8}.AppStore|ARM.ActiveCfg = Release|Any CPU
		{9BA910C1-EF05-4B00-BCC6-1255938E6CF8}.AppStore|ARM.Build.0 = Release|Any CPU
		{9BA910C1-EF05-4B00-BCC6-1255938E6CF8}.AppStore|ARM.Deploy.0 = Release|Any CPU
		{9BA910C1-EF05-4B00-BCC6-1255938E6CF8}.AppStore|iPhone.ActiveCfg = Release|Any CPU
		{9BA910C1-EF05-4B00-BCC6-1255938E6CF8}.AppStore|iPhone.Build.0 = Release|Any CPU
		{9BA910C1-EF05-4B00-BCC6-1255938E6CF8}.AppStore|iPhone.Deploy.0 = Release|Any CPU
		{9BA910C1-EF05-4B00-BCC6-1255938E6CF8}.AppStore|iPhoneSimulator.ActiveCfg = Release|Any CPU
		{9BA910C1-EF05-4B00-BCC6-1255938E6CF8}.AppStore|iPhoneSimulator.Build.0 = Release|Any CPU
		{9BA910C1-EF05-4B00-BCC6-1255938E6CF8}.AppStore|iPhoneSimulator.Deploy.0 = Release|Any CPU
		{9BA910C1-EF05-4B00-BCC6-1255938E6CF8}.AppStore|x64.ActiveCfg = Release|Any CPU
		{9BA910C1-EF05-4B00-BCC6-1255938E6CF8}.AppStore|x64.Build.0 = Release|Any CPU
		{9BA910C1-EF05-4B00-BCC6-1255938E6CF8}.AppStore|x64.Deploy.0 = Release|Any CPU
		{9BA910C1-EF05-4B00-BCC6-1255938E6CF8}.AppStore|x86.ActiveCfg = Release|Any CPU
		{9BA910C1-EF05-4B00-BCC6-1255938E6CF8}.AppStore|x86.Build.0 = Release|Any CPU
		{9BA910C1-EF05-4B00-BCC6-1255938E6CF8}.AppStore|x86.Deploy.0 = Release|Any CPU
		{9BA910C1-EF05-4B00-BCC6-1255938E6CF8}.Debug|Any CPU.ActiveCfg = Debug|Any CPU
		{9BA910C1-EF05-4B00-BCC6-1255938E6CF8}.Debug|Any CPU.Build.0 = Debug|Any CPU
		{9BA910C1-EF05-4B00-BCC6-1255938E6CF8}.Debug|Any CPU.Deploy.0 = Debug|Any CPU
		{9BA910C1-EF05-4B00-BCC6-1255938E6CF8}.Debug|ARM.ActiveCfg = Debug|Any CPU
		{9BA910C1-EF05-4B00-BCC6-1255938E6CF8}.Debug|ARM.Build.0 = Debug|Any CPU
		{9BA910C1-EF05-4B00-BCC6-1255938E6CF8}.Debug|ARM.Deploy.0 = Debug|Any CPU
		{9BA910C1-EF05-4B00-BCC6-1255938E6CF8}.Debug|iPhone.ActiveCfg = Debug|Any CPU
		{9BA910C1-EF05-4B00-BCC6-1255938E6CF8}.Debug|iPhone.Build.0 = Debug|Any CPU
		{9BA910C1-EF05-4B00-BCC6-1255938E6CF8}.Debug|iPhone.Deploy.0 = Debug|Any CPU
		{9BA910C1-EF05-4B00-BCC6-1255938E6CF8}.Debug|iPhoneSimulator.ActiveCfg = Debug|Any CPU
		{9BA910C1-EF05-4B00-BCC6-1255938E6CF8}.Debug|iPhoneSimulator.Build.0 = Debug|Any CPU
		{9BA910C1-EF05-4B00-BCC6-1255938E6CF8}.Debug|iPhoneSimulator.Deploy.0 = Debug|Any CPU
		{9BA910C1-EF05-4B00-BCC6-1255938E6CF8}.Debug|x64.ActiveCfg = Debug|Any CPU
		{9BA910C1-EF05-4B00-BCC6-1255938E6CF8}.Debug|x64.Build.0 = Debug|Any CPU
		{9BA910C1-EF05-4B00-BCC6-1255938E6CF8}.Debug|x64.Deploy.0 = Debug|Any CPU
		{9BA910C1-EF05-4B00-BCC6-1255938E6CF8}.Debug|x86.ActiveCfg = Debug|Any CPU
		{9BA910C1-EF05-4B00-BCC6-1255938E6CF8}.Debug|x86.Build.0 = Debug|Any CPU
		{9BA910C1-EF05-4B00-BCC6-1255938E6CF8}.Debug|x86.Deploy.0 = Debug|Any CPU
		{9BA910C1-EF05-4B00-BCC6-1255938E6CF8}.Release|Any CPU.ActiveCfg = Release|Any CPU
		{9BA910C1-EF05-4B00-BCC6-1255938E6CF8}.Release|Any CPU.Build.0 = Release|Any CPU
		{9BA910C1-EF05-4B00-BCC6-1255938E6CF8}.Release|Any CPU.Deploy.0 = Release|Any CPU
		{9BA910C1-EF05-4B00-BCC6-1255938E6CF8}.Release|ARM.ActiveCfg = Release|Any CPU
		{9BA910C1-EF05-4B00-BCC6-1255938E6CF8}.Release|ARM.Build.0 = Release|Any CPU
		{9BA910C1-EF05-4B00-BCC6-1255938E6CF8}.Release|ARM.Deploy.0 = Release|Any CPU
		{9BA910C1-EF05-4B00-BCC6-1255938E6CF8}.Release|iPhone.ActiveCfg = Release|Any CPU
		{9BA910C1-EF05-4B00-BCC6-1255938E6CF8}.Release|iPhone.Build.0 = Release|Any CPU
		{9BA910C1-EF05-4B00-BCC6-1255938E6CF8}.Release|iPhone.Deploy.0 = Release|Any CPU
		{9BA910C1-EF05-4B00-BCC6-1255938E6CF8}.Release|iPhoneSimulator.ActiveCfg = Release|Any CPU
		{9BA910C1-EF05-4B00-BCC6-1255938E6CF8}.Release|iPhoneSimulator.Build.0 = Release|Any CPU
		{9BA910C1-EF05-4B00-BCC6-1255938E6CF8}.Release|iPhoneSimulator.Deploy.0 = Release|Any CPU
		{9BA910C1-EF05-4B00-BCC6-1255938E6CF8}.Release|x64.ActiveCfg = Release|Any CPU
		{9BA910C1-EF05-4B00-BCC6-1255938E6CF8}.Release|x64.Build.0 = Release|Any CPU
		{9BA910C1-EF05-4B00-BCC6-1255938E6CF8}.Release|x64.Deploy.0 = Release|Any CPU
		{9BA910C1-EF05-4B00-BCC6-1255938E6CF8}.Release|x86.ActiveCfg = Release|Any CPU
		{9BA910C1-EF05-4B00-BCC6-1255938E6CF8}.Release|x86.Build.0 = Release|Any CPU
		{9BA910C1-EF05-4B00-BCC6-1255938E6CF8}.Release|x86.Deploy.0 = Release|Any CPU
		{35F9F704-FE31-4417-8A15-8B1A6B3C4ADD}.Ad-Hoc|Any CPU.ActiveCfg = Release|Any CPU
		{35F9F704-FE31-4417-8A15-8B1A6B3C4ADD}.Ad-Hoc|Any CPU.Build.0 = Release|Any CPU
		{35F9F704-FE31-4417-8A15-8B1A6B3C4ADD}.Ad-Hoc|ARM.ActiveCfg = Release|Any CPU
		{35F9F704-FE31-4417-8A15-8B1A6B3C4ADD}.Ad-Hoc|ARM.Build.0 = Release|Any CPU
		{35F9F704-FE31-4417-8A15-8B1A6B3C4ADD}.Ad-Hoc|iPhone.ActiveCfg = Release|Any CPU
		{35F9F704-FE31-4417-8A15-8B1A6B3C4ADD}.Ad-Hoc|iPhone.Build.0 = Release|Any CPU
		{35F9F704-FE31-4417-8A15-8B1A6B3C4ADD}.Ad-Hoc|iPhoneSimulator.ActiveCfg = Release|Any CPU
		{35F9F704-FE31-4417-8A15-8B1A6B3C4ADD}.Ad-Hoc|iPhoneSimulator.Build.0 = Release|Any CPU
		{35F9F704-FE31-4417-8A15-8B1A6B3C4ADD}.Ad-Hoc|x64.ActiveCfg = Release|Any CPU
		{35F9F704-FE31-4417-8A15-8B1A6B3C4ADD}.Ad-Hoc|x64.Build.0 = Release|Any CPU
		{35F9F704-FE31-4417-8A15-8B1A6B3C4ADD}.Ad-Hoc|x86.ActiveCfg = Release|Any CPU
		{35F9F704-FE31-4417-8A15-8B1A6B3C4ADD}.Ad-Hoc|x86.Build.0 = Release|Any CPU
		{35F9F704-FE31-4417-8A15-8B1A6B3C4ADD}.AppStore|Any CPU.ActiveCfg = Release|Any CPU
		{35F9F704-FE31-4417-8A15-8B1A6B3C4ADD}.AppStore|Any CPU.Build.0 = Release|Any CPU
		{35F9F704-FE31-4417-8A15-8B1A6B3C4ADD}.AppStore|ARM.ActiveCfg = Release|Any CPU
		{35F9F704-FE31-4417-8A15-8B1A6B3C4ADD}.AppStore|ARM.Build.0 = Release|Any CPU
		{35F9F704-FE31-4417-8A15-8B1A6B3C4ADD}.AppStore|iPhone.ActiveCfg = Release|Any CPU
		{35F9F704-FE31-4417-8A15-8B1A6B3C4ADD}.AppStore|iPhone.Build.0 = Release|Any CPU
		{35F9F704-FE31-4417-8A15-8B1A6B3C4ADD}.AppStore|iPhoneSimulator.ActiveCfg = Release|Any CPU
		{35F9F704-FE31-4417-8A15-8B1A6B3C4ADD}.AppStore|iPhoneSimulator.Build.0 = Release|Any CPU
		{35F9F704-FE31-4417-8A15-8B1A6B3C4ADD}.AppStore|x64.ActiveCfg = Release|Any CPU
		{35F9F704-FE31-4417-8A15-8B1A6B3C4ADD}.AppStore|x64.Build.0 = Release|Any CPU
		{35F9F704-FE31-4417-8A15-8B1A6B3C4ADD}.AppStore|x86.ActiveCfg = Release|Any CPU
		{35F9F704-FE31-4417-8A15-8B1A6B3C4ADD}.AppStore|x86.Build.0 = Release|Any CPU
		{35F9F704-FE31-4417-8A15-8B1A6B3C4ADD}.Debug|Any CPU.ActiveCfg = Debug|Any CPU
		{35F9F704-FE31-4417-8A15-8B1A6B3C4ADD}.Debug|Any CPU.Build.0 = Debug|Any CPU
		{35F9F704-FE31-4417-8A15-8B1A6B3C4ADD}.Debug|ARM.ActiveCfg = Debug|Any CPU
		{35F9F704-FE31-4417-8A15-8B1A6B3C4ADD}.Debug|ARM.Build.0 = Debug|Any CPU
		{35F9F704-FE31-4417-8A15-8B1A6B3C4ADD}.Debug|iPhone.ActiveCfg = Debug|Any CPU
		{35F9F704-FE31-4417-8A15-8B1A6B3C4ADD}.Debug|iPhone.Build.0 = Debug|Any CPU
		{35F9F704-FE31-4417-8A15-8B1A6B3C4ADD}.Debug|iPhoneSimulator.ActiveCfg = Debug|Any CPU
		{35F9F704-FE31-4417-8A15-8B1A6B3C4ADD}.Debug|iPhoneSimulator.Build.0 = Debug|Any CPU
		{35F9F704-FE31-4417-8A15-8B1A6B3C4ADD}.Debug|x64.ActiveCfg = Debug|Any CPU
		{35F9F704-FE31-4417-8A15-8B1A6B3C4ADD}.Debug|x64.Build.0 = Debug|Any CPU
		{35F9F704-FE31-4417-8A15-8B1A6B3C4ADD}.Debug|x86.ActiveCfg = Debug|Any CPU
		{35F9F704-FE31-4417-8A15-8B1A6B3C4ADD}.Debug|x86.Build.0 = Debug|Any CPU
		{35F9F704-FE31-4417-8A15-8B1A6B3C4ADD}.Release|Any CPU.ActiveCfg = Release|Any CPU
		{35F9F704-FE31-4417-8A15-8B1A6B3C4ADD}.Release|Any CPU.Build.0 = Release|Any CPU
		{35F9F704-FE31-4417-8A15-8B1A6B3C4ADD}.Release|ARM.ActiveCfg = Release|Any CPU
		{35F9F704-FE31-4417-8A15-8B1A6B3C4ADD}.Release|ARM.Build.0 = Release|Any CPU
		{35F9F704-FE31-4417-8A15-8B1A6B3C4ADD}.Release|iPhone.ActiveCfg = Release|Any CPU
		{35F9F704-FE31-4417-8A15-8B1A6B3C4ADD}.Release|iPhone.Build.0 = Release|Any CPU
		{35F9F704-FE31-4417-8A15-8B1A6B3C4ADD}.Release|iPhoneSimulator.ActiveCfg = Release|Any CPU
		{35F9F704-FE31-4417-8A15-8B1A6B3C4ADD}.Release|iPhoneSimulator.Build.0 = Release|Any CPU
		{35F9F704-FE31-4417-8A15-8B1A6B3C4ADD}.Release|x64.ActiveCfg = Release|Any CPU
		{35F9F704-FE31-4417-8A15-8B1A6B3C4ADD}.Release|x64.Build.0 = Release|Any CPU
		{35F9F704-FE31-4417-8A15-8B1A6B3C4ADD}.Release|x86.ActiveCfg = Release|Any CPU
		{35F9F704-FE31-4417-8A15-8B1A6B3C4ADD}.Release|x86.Build.0 = Release|Any CPU
		{6E508312-AB83-4F7D-AB78-DF69DDC45B97}.Ad-Hoc|Any CPU.ActiveCfg = Release|x86
		{6E508312-AB83-4F7D-AB78-DF69DDC45B97}.Ad-Hoc|Any CPU.Build.0 = Release|x86
		{6E508312-AB83-4F7D-AB78-DF69DDC45B97}.Ad-Hoc|Any CPU.Deploy.0 = Release|x86
		{6E508312-AB83-4F7D-AB78-DF69DDC45B97}.Ad-Hoc|ARM.ActiveCfg = Release|ARM
		{6E508312-AB83-4F7D-AB78-DF69DDC45B97}.Ad-Hoc|ARM.Build.0 = Release|ARM
		{6E508312-AB83-4F7D-AB78-DF69DDC45B97}.Ad-Hoc|ARM.Deploy.0 = Release|ARM
		{6E508312-AB83-4F7D-AB78-DF69DDC45B97}.Ad-Hoc|iPhone.ActiveCfg = Release|x86
		{6E508312-AB83-4F7D-AB78-DF69DDC45B97}.Ad-Hoc|iPhone.Build.0 = Release|x86
		{6E508312-AB83-4F7D-AB78-DF69DDC45B97}.Ad-Hoc|iPhone.Deploy.0 = Release|x86
		{6E508312-AB83-4F7D-AB78-DF69DDC45B97}.Ad-Hoc|iPhoneSimulator.ActiveCfg = Release|x86
		{6E508312-AB83-4F7D-AB78-DF69DDC45B97}.Ad-Hoc|iPhoneSimulator.Build.0 = Release|x86
		{6E508312-AB83-4F7D-AB78-DF69DDC45B97}.Ad-Hoc|iPhoneSimulator.Deploy.0 = Release|x86
		{6E508312-AB83-4F7D-AB78-DF69DDC45B97}.Ad-Hoc|x64.ActiveCfg = Release|x64
		{6E508312-AB83-4F7D-AB78-DF69DDC45B97}.Ad-Hoc|x64.Build.0 = Release|x64
		{6E508312-AB83-4F7D-AB78-DF69DDC45B97}.Ad-Hoc|x64.Deploy.0 = Release|x64
		{6E508312-AB83-4F7D-AB78-DF69DDC45B97}.Ad-Hoc|x86.ActiveCfg = Release|x86
		{6E508312-AB83-4F7D-AB78-DF69DDC45B97}.Ad-Hoc|x86.Build.0 = Release|x86
		{6E508312-AB83-4F7D-AB78-DF69DDC45B97}.Ad-Hoc|x86.Deploy.0 = Release|x86
		{6E508312-AB83-4F7D-AB78-DF69DDC45B97}.AppStore|Any CPU.ActiveCfg = Release|x86
		{6E508312-AB83-4F7D-AB78-DF69DDC45B97}.AppStore|Any CPU.Build.0 = Release|x86
		{6E508312-AB83-4F7D-AB78-DF69DDC45B97}.AppStore|Any CPU.Deploy.0 = Release|x86
		{6E508312-AB83-4F7D-AB78-DF69DDC45B97}.AppStore|ARM.ActiveCfg = Release|ARM
		{6E508312-AB83-4F7D-AB78-DF69DDC45B97}.AppStore|ARM.Build.0 = Release|ARM
		{6E508312-AB83-4F7D-AB78-DF69DDC45B97}.AppStore|ARM.Deploy.0 = Release|ARM
		{6E508312-AB83-4F7D-AB78-DF69DDC45B97}.AppStore|iPhone.ActiveCfg = Release|x86
		{6E508312-AB83-4F7D-AB78-DF69DDC45B97}.AppStore|iPhone.Build.0 = Release|x86
		{6E508312-AB83-4F7D-AB78-DF69DDC45B97}.AppStore|iPhone.Deploy.0 = Release|x86
		{6E508312-AB83-4F7D-AB78-DF69DDC45B97}.AppStore|iPhoneSimulator.ActiveCfg = Release|x86
		{6E508312-AB83-4F7D-AB78-DF69DDC45B97}.AppStore|iPhoneSimulator.Build.0 = Release|x86
		{6E508312-AB83-4F7D-AB78-DF69DDC45B97}.AppStore|iPhoneSimulator.Deploy.0 = Release|x86
		{6E508312-AB83-4F7D-AB78-DF69DDC45B97}.AppStore|x64.ActiveCfg = Release|x64
		{6E508312-AB83-4F7D-AB78-DF69DDC45B97}.AppStore|x64.Build.0 = Release|x64
		{6E508312-AB83-4F7D-AB78-DF69DDC45B97}.AppStore|x64.Deploy.0 = Release|x64
		{6E508312-AB83-4F7D-AB78-DF69DDC45B97}.AppStore|x86.ActiveCfg = Release|x86
		{6E508312-AB83-4F7D-AB78-DF69DDC45B97}.AppStore|x86.Build.0 = Release|x86
		{6E508312-AB83-4F7D-AB78-DF69DDC45B97}.AppStore|x86.Deploy.0 = Release|x86
		{6E508312-AB83-4F7D-AB78-DF69DDC45B97}.Debug|Any CPU.ActiveCfg = Debug|x86
		{6E508312-AB83-4F7D-AB78-DF69DDC45B97}.Debug|Any CPU.Build.0 = Debug|x86
		{6E508312-AB83-4F7D-AB78-DF69DDC45B97}.Debug|Any CPU.Deploy.0 = Debug|x86
		{6E508312-AB83-4F7D-AB78-DF69DDC45B97}.Debug|ARM.ActiveCfg = Debug|ARM
		{6E508312-AB83-4F7D-AB78-DF69DDC45B97}.Debug|ARM.Build.0 = Debug|ARM
		{6E508312-AB83-4F7D-AB78-DF69DDC45B97}.Debug|ARM.Deploy.0 = Debug|ARM
		{6E508312-AB83-4F7D-AB78-DF69DDC45B97}.Debug|iPhone.ActiveCfg = Debug|x86
		{6E508312-AB83-4F7D-AB78-DF69DDC45B97}.Debug|iPhone.Build.0 = Debug|x86
		{6E508312-AB83-4F7D-AB78-DF69DDC45B97}.Debug|iPhone.Deploy.0 = Debug|x86
		{6E508312-AB83-4F7D-AB78-DF69DDC45B97}.Debug|iPhoneSimulator.ActiveCfg = Debug|x86
		{6E508312-AB83-4F7D-AB78-DF69DDC45B97}.Debug|iPhoneSimulator.Build.0 = Debug|x86
		{6E508312-AB83-4F7D-AB78-DF69DDC45B97}.Debug|iPhoneSimulator.Deploy.0 = Debug|x86
		{6E508312-AB83-4F7D-AB78-DF69DDC45B97}.Debug|x64.ActiveCfg = Debug|x64
		{6E508312-AB83-4F7D-AB78-DF69DDC45B97}.Debug|x64.Build.0 = Debug|x64
		{6E508312-AB83-4F7D-AB78-DF69DDC45B97}.Debug|x64.Deploy.0 = Debug|x64
		{6E508312-AB83-4F7D-AB78-DF69DDC45B97}.Debug|x86.ActiveCfg = Debug|x86
		{6E508312-AB83-4F7D-AB78-DF69DDC45B97}.Debug|x86.Build.0 = Debug|x86
		{6E508312-AB83-4F7D-AB78-DF69DDC45B97}.Debug|x86.Deploy.0 = Debug|x86
		{6E508312-AB83-4F7D-AB78-DF69DDC45B97}.Release|Any CPU.ActiveCfg = Release|x86
		{6E508312-AB83-4F7D-AB78-DF69DDC45B97}.Release|Any CPU.Build.0 = Release|x86
		{6E508312-AB83-4F7D-AB78-DF69DDC45B97}.Release|Any CPU.Deploy.0 = Release|x86
		{6E508312-AB83-4F7D-AB78-DF69DDC45B97}.Release|ARM.ActiveCfg = Release|ARM
		{6E508312-AB83-4F7D-AB78-DF69DDC45B97}.Release|ARM.Build.0 = Release|ARM
		{6E508312-AB83-4F7D-AB78-DF69DDC45B97}.Release|ARM.Deploy.0 = Release|ARM
		{6E508312-AB83-4F7D-AB78-DF69DDC45B97}.Release|iPhone.ActiveCfg = Release|x86
		{6E508312-AB83-4F7D-AB78-DF69DDC45B97}.Release|iPhone.Build.0 = Release|x86
		{6E508312-AB83-4F7D-AB78-DF69DDC45B97}.Release|iPhone.Deploy.0 = Release|x86
		{6E508312-AB83-4F7D-AB78-DF69DDC45B97}.Release|iPhoneSimulator.ActiveCfg = Release|x86
		{6E508312-AB83-4F7D-AB78-DF69DDC45B97}.Release|iPhoneSimulator.Build.0 = Release|x86
		{6E508312-AB83-4F7D-AB78-DF69DDC45B97}.Release|iPhoneSimulator.Deploy.0 = Release|x86
		{6E508312-AB83-4F7D-AB78-DF69DDC45B97}.Release|x64.ActiveCfg = Release|x64
		{6E508312-AB83-4F7D-AB78-DF69DDC45B97}.Release|x64.Build.0 = Release|x64
		{6E508312-AB83-4F7D-AB78-DF69DDC45B97}.Release|x64.Deploy.0 = Release|x64
		{6E508312-AB83-4F7D-AB78-DF69DDC45B97}.Release|x86.ActiveCfg = Release|x86
		{6E508312-AB83-4F7D-AB78-DF69DDC45B97}.Release|x86.Build.0 = Release|x86
		{6E508312-AB83-4F7D-AB78-DF69DDC45B97}.Release|x86.Deploy.0 = Release|x86
	EndGlobalSection
	GlobalSection(SolutionProperties) = preSolution
		HideSolutionNode = FALSE
	EndGlobalSection
EndGlobal
