
Microsoft Visual Studio Solution File, Format Version 12.00
# Visual Studio 14
VisualStudioVersion = 14.0.23107.0
MinimumVisualStudioVersion = 10.0.40219.1
Project("{FAE04EC0-301F-11D3-BF4B-00C04F79EFBC}") = "VerticalOptionsDemo", "VerticalOptionsDemo\VerticalOptionsDemo\VerticalOptionsDemo.csproj", "{A6B5F807-D8AA-4F6D-AD09-43FAD45905D2}"
EndProject
Project("{FAE04EC0-301F-11D3-BF4B-00C04F79EFBC}") = "VerticalOptionsDemo.iOS", "VerticalOptionsDemo\VerticalOptionsDemo.iOS\VerticalOptionsDemo.iOS.csproj", "{50A42DA8-A1C5-4CDD-9D3F-A5263AF8F1C9}"
EndProject
Project("{FAE04EC0-301F-11D3-BF4B-00C04F79EFBC}") = "VerticalOptionsDemo.Droid", "VerticalOptionsDemo\VerticalOptionsDemo.Droid\VerticalOptionsDemo.Droid.csproj", "{1A372020-CA1E-4DE6-9B5D-E69673333D78}"
EndProject
Project("{FAE04EC0-301F-11D3-BF4B-00C04F79EFBC}") = "VerticalOptionsDemo.UWP", "VerticalOptionsDemo\VerticalOptionsDemo.UWP\VerticalOptionsDemo.UWP.csproj", "{6F43510F-6E34-4475-8FC8-F418DF45617B}"
EndProject
Global
	GlobalSection(SolutionConfigurationPlatforms) = preSolution
		Ad-Hoc|Any CPU = Ad-Hoc|Any CPU
		Ad-Hoc|ARM = Ad-Hoc|ARM
		Ad-Hoc|iPhone = Ad-Hoc|iPhone
		Ad-Hoc|iPhoneSimulator = Ad-Hoc|iPhoneSimulator
		Ad-Hoc|x64 = Ad-Hoc|x64
		Ad-Hoc|x86 = Ad-Hoc|x86
		AppStore|Any CPU = AppStore|Any CPU
		AppStore|ARM = AppStore|ARM
		AppStore|iPhone = AppStore|iPhone
		AppStore|iPhoneSimulator = AppStore|iPhoneSimulator
		AppStore|x64 = AppStore|x64
		AppStore|x86 = AppStore|x86
		Debug|Any CPU = Debug|Any CPU
		Debug|ARM = Debug|ARM
		Debug|iPhone = Debug|iPhone
		Debug|iPhoneSimulator = Debug|iPhoneSimulator
		Debug|x64 = Debug|x64
		Debug|x86 = Debug|x86
		Release|Any CPU = Release|Any CPU
		Release|ARM = Release|ARM
		Release|iPhone = Release|iPhone
		Release|iPhoneSimulator = Release|iPhoneSimulator
		Release|x64 = Release|x64
		Release|x86 = Release|x86
	EndGlobalSection
	GlobalSection(ProjectConfigurationPlatforms) = postSolution
		{A6B5F807-D8AA-4F6D-AD09-43FAD45905D2}.Ad-Hoc|Any CPU.ActiveCfg = Release|Any CPU
		{A6B5F807-D8AA-4F6D-AD09-43FAD45905D2}.Ad-Hoc|Any CPU.Build.0 = Release|Any CPU
		{A6B5F807-D8AA-4F6D-AD09-43FAD45905D2}.Ad-Hoc|ARM.ActiveCfg = Release|Any CPU
		{A6B5F807-D8AA-4F6D-AD09-43FAD45905D2}.Ad-Hoc|ARM.Build.0 = Release|Any CPU
		{A6B5F807-D8AA-4F6D-AD09-43FAD45905D2}.Ad-Hoc|iPhone.ActiveCfg = Release|Any CPU
		{A6B5F807-D8AA-4F6D-AD09-43FAD45905D2}.Ad-Hoc|iPhone.Build.0 = Release|Any CPU
		{A6B5F807-D8AA-4F6D-AD09-43FAD45905D2}.Ad-Hoc|iPhoneSimulator.ActiveCfg = Release|Any CPU
		{A6B5F807-D8AA-4F6D-AD09-43FAD45905D2}.Ad-Hoc|iPhoneSimulator.Build.0 = Release|Any CPU
		{A6B5F807-D8AA-4F6D-AD09-43FAD45905D2}.Ad-Hoc|x64.ActiveCfg = Release|Any CPU
		{A6B5F807-D8AA-4F6D-AD09-43FAD45905D2}.Ad-Hoc|x64.Build.0 = Release|Any CPU
		{A6B5F807-D8AA-4F6D-AD09-43FAD45905D2}.Ad-Hoc|x86.ActiveCfg = Release|Any CPU
		{A6B5F807-D8AA-4F6D-AD09-43FAD45905D2}.Ad-Hoc|x86.Build.0 = Release|Any CPU
		{A6B5F807-D8AA-4F6D-AD09-43FAD45905D2}.AppStore|Any CPU.ActiveCfg = Release|Any CPU
		{A6B5F807-D8AA-4F6D-AD09-43FAD45905D2}.AppStore|Any CPU.Build.0 = Release|Any CPU
		{A6B5F807-D8AA-4F6D-AD09-43FAD45905D2}.AppStore|ARM.ActiveCfg = Release|Any CPU
		{A6B5F807-D8AA-4F6D-AD09-43FAD45905D2}.AppStore|ARM.Build.0 = Release|Any CPU
		{A6B5F807-D8AA-4F6D-AD09-43FAD45905D2}.AppStore|iPhone.ActiveCfg = Release|Any CPU
		{A6B5F807-D8AA-4F6D-AD09-43FAD45905D2}.AppStore|iPhone.Build.0 = Release|Any CPU
		{A6B5F807-D8AA-4F6D-AD09-43FAD45905D2}.AppStore|iPhoneSimulator.ActiveCfg = Release|Any CPU
		{A6B5F807-D8AA-4F6D-AD09-43FAD45905D2}.AppStore|iPhoneSimulator.Build.0 = Release|Any CPU
		{A6B5F807-D8AA-4F6D-AD09-43FAD45905D2}.AppStore|x64.ActiveCfg = Release|Any CPU
		{A6B5F807-D8AA-4F6D-AD09-43FAD45905D2}.AppStore|x64.Build.0 = Release|Any CPU
		{A6B5F807-D8AA-4F6D-AD09-43FAD45905D2}.AppStore|x86.ActiveCfg = Release|Any CPU
		{A6B5F807-D8AA-4F6D-AD09-43FAD45905D2}.AppStore|x86.Build.0 = Release|Any CPU
		{A6B5F807-D8AA-4F6D-AD09-43FAD45905D2}.Debug|Any CPU.ActiveCfg = Debug|Any CPU
		{A6B5F807-D8AA-4F6D-AD09-43FAD45905D2}.Debug|Any CPU.Build.0 = Debug|Any CPU
		{A6B5F807-D8AA-4F6D-AD09-43FAD45905D2}.Debug|ARM.ActiveCfg = Debug|Any CPU
		{A6B5F807-D8AA-4F6D-AD09-43FAD45905D2}.Debug|ARM.Build.0 = Debug|Any CPU
		{A6B5F807-D8AA-4F6D-AD09-43FAD45905D2}.Debug|iPhone.ActiveCfg = Debug|Any CPU
		{A6B5F807-D8AA-4F6D-AD09-43FAD45905D2}.Debug|iPhone.Build.0 = Debug|Any CPU
		{A6B5F807-D8AA-4F6D-AD09-43FAD45905D2}.Debug|iPhoneSimulator.ActiveCfg = Debug|Any CPU
		{A6B5F807-D8AA-4F6D-AD09-43FAD45905D2}.Debug|iPhoneSimulator.Build.0 = Debug|Any CPU
		{A6B5F807-D8AA-4F6D-AD09-43FAD45905D2}.Debug|x64.ActiveCfg = Debug|Any CPU
		{A6B5F807-D8AA-4F6D-AD09-43FAD45905D2}.Debug|x64.Build.0 = Debug|Any CPU
		{A6B5F807-D8AA-4F6D-AD09-43FAD45905D2}.Debug|x86.ActiveCfg = Debug|Any CPU
		{A6B5F807-D8AA-4F6D-AD09-43FAD45905D2}.Debug|x86.Build.0 = Debug|Any CPU
		{A6B5F807-D8AA-4F6D-AD09-43FAD45905D2}.Release|Any CPU.ActiveCfg = Release|Any CPU
		{A6B5F807-D8AA-4F6D-AD09-43FAD45905D2}.Release|Any CPU.Build.0 = Release|Any CPU
		{A6B5F807-D8AA-4F6D-AD09-43FAD45905D2}.Release|ARM.ActiveCfg = Release|Any CPU
		{A6B5F807-D8AA-4F6D-AD09-43FAD45905D2}.Release|ARM.Build.0 = Release|Any CPU
		{A6B5F807-D8AA-4F6D-AD09-43FAD45905D2}.Release|iPhone.ActiveCfg = Release|Any CPU
		{A6B5F807-D8AA-4F6D-AD09-43FAD45905D2}.Release|iPhone.Build.0 = Release|Any CPU
		{A6B5F807-D8AA-4F6D-AD09-43FAD45905D2}.Release|iPhoneSimulator.ActiveCfg = Release|Any CPU
		{A6B5F807-D8AA-4F6D-AD09-43FAD45905D2}.Release|iPhoneSimulator.Build.0 = Release|Any CPU
		{A6B5F807-D8AA-4F6D-AD09-43FAD45905D2}.Release|x64.ActiveCfg = Release|Any CPU
		{A6B5F807-D8AA-4F6D-AD09-43FAD45905D2}.Release|x64.Build.0 = Release|Any CPU
		{A6B5F807-D8AA-4F6D-AD09-43FAD45905D2}.Release|x86.ActiveCfg = Release|Any CPU
		{A6B5F807-D8AA-4F6D-AD09-43FAD45905D2}.Release|x86.Build.0 = Release|Any CPU
		{50A42DA8-A1C5-4CDD-9D3F-A5263AF8F1C9}.Ad-Hoc|Any CPU.ActiveCfg = Ad-Hoc|iPhone
		{50A42DA8-A1C5-4CDD-9D3F-A5263AF8F1C9}.Ad-Hoc|ARM.ActiveCfg = Ad-Hoc|iPhone
		{50A42DA8-A1C5-4CDD-9D3F-A5263AF8F1C9}.Ad-Hoc|iPhone.ActiveCfg = Ad-Hoc|iPhone
		{50A42DA8-A1C5-4CDD-9D3F-A5263AF8F1C9}.Ad-Hoc|iPhone.Build.0 = Ad-Hoc|iPhone
		{50A42DA8-A1C5-4CDD-9D3F-A5263AF8F1C9}.Ad-Hoc|iPhoneSimulator.ActiveCfg = Ad-Hoc|iPhoneSimulator
		{50A42DA8-A1C5-4CDD-9D3F-A5263AF8F1C9}.Ad-Hoc|iPhoneSimulator.Build.0 = Ad-Hoc|iPhoneSimulator
		{50A42DA8-A1C5-4CDD-9D3F-A5263AF8F1C9}.Ad-Hoc|x64.ActiveCfg = Ad-Hoc|iPhoneSimulator
		{50A42DA8-A1C5-4CDD-9D3F-A5263AF8F1C9}.Ad-Hoc|x86.ActiveCfg = Ad-Hoc|iPhone
		{50A42DA8-A1C5-4CDD-9D3F-A5263AF8F1C9}.AppStore|Any CPU.ActiveCfg = AppStore|iPhone
		{50A42DA8-A1C5-4CDD-9D3F-A5263AF8F1C9}.AppStore|ARM.ActiveCfg = AppStore|iPhone
		{50A42DA8-A1C5-4CDD-9D3F-A5263AF8F1C9}.AppStore|iPhone.ActiveCfg = AppStore|iPhone
		{50A42DA8-A1C5-4CDD-9D3F-A5263AF8F1C9}.AppStore|iPhone.Build.0 = AppStore|iPhone
		{50A42DA8-A1C5-4CDD-9D3F-A5263AF8F1C9}.AppStore|iPhoneSimulator.ActiveCfg = AppStore|iPhoneSimulator
		{50A42DA8-A1C5-4CDD-9D3F-A5263AF8F1C9}.AppStore|iPhoneSimulator.Build.0 = AppStore|iPhoneSimulator
		{50A42DA8-A1C5-4CDD-9D3F-A5263AF8F1C9}.AppStore|x64.ActiveCfg = AppStore|iPhoneSimulator
		{50A42DA8-A1C5-4CDD-9D3F-A5263AF8F1C9}.AppStore|x86.ActiveCfg = AppStore|iPhone
		{50A42DA8-A1C5-4CDD-9D3F-A5263AF8F1C9}.Debug|Any CPU.ActiveCfg = Debug|iPhone
		{50A42DA8-A1C5-4CDD-9D3F-A5263AF8F1C9}.Debug|ARM.ActiveCfg = Debug|iPhone
		{50A42DA8-A1C5-4CDD-9D3F-A5263AF8F1C9}.Debug|iPhone.ActiveCfg = Debug|iPhone
		{50A42DA8-A1C5-4CDD-9D3F-A5263AF8F1C9}.Debug|iPhone.Build.0 = Debug|iPhone
		{50A42DA8-A1C5-4CDD-9D3F-A5263AF8F1C9}.Debug|iPhoneSimulator.ActiveCfg = Debug|iPhoneSimulator
		{50A42DA8-A1C5-4CDD-9D3F-A5263AF8F1C9}.Debug|iPhoneSimulator.Build.0 = Debug|iPhoneSimulator
		{50A42DA8-A1C5-4CDD-9D3F-A5263AF8F1C9}.Debug|x64.ActiveCfg = Debug|iPhoneSimulator
		{50A42DA8-A1C5-4CDD-9D3F-A5263AF8F1C9}.Debug|x86.ActiveCfg = Debug|iPhone
		{50A42DA8-A1C5-4CDD-9D3F-A5263AF8F1C9}.Release|Any CPU.ActiveCfg = Release|iPhone
		{50A42DA8-A1C5-4CDD-9D3F-A5263AF8F1C9}.Release|ARM.ActiveCfg = Release|iPhone
		{50A42DA8-A1C5-4CDD-9D3F-A5263AF8F1C9}.Release|iPhone.ActiveCfg = Release|iPhone
		{50A42DA8-A1C5-4CDD-9D3F-A5263AF8F1C9}.Release|iPhone.Build.0 = Release|iPhone
		{50A42DA8-A1C5-4CDD-9D3F-A5263AF8F1C9}.Release|iPhoneSimulator.ActiveCfg = Release|iPhoneSimulator
		{50A42DA8-A1C5-4CDD-9D3F-A5263AF8F1C9}.Release|iPhoneSimulator.Build.0 = Release|iPhoneSimulator
		{50A42DA8-A1C5-4CDD-9D3F-A5263AF8F1C9}.Release|x64.ActiveCfg = Release|iPhoneSimulator
		{50A42DA8-A1C5-4CDD-9D3F-A5263AF8F1C9}.Release|x86.ActiveCfg = Release|iPhone
		{1A372020-CA1E-4DE6-9B5D-E69673333D78}.Ad-Hoc|Any CPU.ActiveCfg = Release|Any CPU
		{1A372020-CA1E-4DE6-9B5D-E69673333D78}.Ad-Hoc|Any CPU.Build.0 = Release|Any CPU
		{1A372020-CA1E-4DE6-9B5D-E69673333D78}.Ad-Hoc|Any CPU.Deploy.0 = Release|Any CPU
		{1A372020-CA1E-4DE6-9B5D-E69673333D78}.Ad-Hoc|ARM.ActiveCfg = Release|Any CPU
		{1A372020-CA1E-4DE6-9B5D-E69673333D78}.Ad-Hoc|ARM.Build.0 = Release|Any CPU
		{1A372020-CA1E-4DE6-9B5D-E69673333D78}.Ad-Hoc|ARM.Deploy.0 = Release|Any CPU
		{1A372020-CA1E-4DE6-9B5D-E69673333D78}.Ad-Hoc|iPhone.ActiveCfg = Release|Any CPU
		{1A372020-CA1E-4DE6-9B5D-E69673333D78}.Ad-Hoc|iPhone.Build.0 = Release|Any CPU
		{1A372020-CA1E-4DE6-9B5D-E69673333D78}.Ad-Hoc|iPhone.Deploy.0 = Release|Any CPU
		{1A372020-CA1E-4DE6-9B5D-E69673333D78}.Ad-Hoc|iPhoneSimulator.ActiveCfg = Release|Any CPU
		{1A372020-CA1E-4DE6-9B5D-E69673333D78}.Ad-Hoc|iPhoneSimulator.Build.0 = Release|Any CPU
		{1A372020-CA1E-4DE6-9B5D-E69673333D78}.Ad-Hoc|iPhoneSimulator.Deploy.0 = Release|Any CPU
		{1A372020-CA1E-4DE6-9B5D-E69673333D78}.Ad-Hoc|x64.ActiveCfg = Release|Any CPU
		{1A372020-CA1E-4DE6-9B5D-E69673333D78}.Ad-Hoc|x64.Build.0 = Release|Any CPU
		{1A372020-CA1E-4DE6-9B5D-E69673333D78}.Ad-Hoc|x64.Deploy.0 = Release|Any CPU
		{1A372020-CA1E-4DE6-9B5D-E69673333D78}.Ad-Hoc|x86.ActiveCfg = Release|Any CPU
		{1A372020-CA1E-4DE6-9B5D-E69673333D78}.Ad-Hoc|x86.Build.0 = Release|Any CPU
		{1A372020-CA1E-4DE6-9B5D-E69673333D78}.Ad-Hoc|x86.Deploy.0 = Release|Any CPU
		{1A372020-CA1E-4DE6-9B5D-E69673333D78}.AppStore|Any CPU.ActiveCfg = Release|Any CPU
		{1A372020-CA1E-4DE6-9B5D-E69673333D78}.AppStore|Any CPU.Build.0 = Release|Any CPU
		{1A372020-CA1E-4DE6-9B5D-E69673333D78}.AppStore|Any CPU.Deploy.0 = Release|Any CPU
		{1A372020-CA1E-4DE6-9B5D-E69673333D78}.AppStore|ARM.ActiveCfg = Release|Any CPU
		{1A372020-CA1E-4DE6-9B5D-E69673333D78}.AppStore|ARM.Build.0 = Release|Any CPU
		{1A372020-CA1E-4DE6-9B5D-E69673333D78}.AppStore|ARM.Deploy.0 = Release|Any CPU
		{1A372020-CA1E-4DE6-9B5D-E69673333D78}.AppStore|iPhone.ActiveCfg = Release|Any CPU
		{1A372020-CA1E-4DE6-9B5D-E69673333D78}.AppStore|iPhone.Build.0 = Release|Any CPU
		{1A372020-CA1E-4DE6-9B5D-E69673333D78}.AppStore|iPhone.Deploy.0 = Release|Any CPU
		{1A372020-CA1E-4DE6-9B5D-E69673333D78}.AppStore|iPhoneSimulator.ActiveCfg = Release|Any CPU
		{1A372020-CA1E-4DE6-9B5D-E69673333D78}.AppStore|iPhoneSimulator.Build.0 = Release|Any CPU
		{1A372020-CA1E-4DE6-9B5D-E69673333D78}.AppStore|iPhoneSimulator.Deploy.0 = Release|Any CPU
		{1A372020-CA1E-4DE6-9B5D-E69673333D78}.AppStore|x64.ActiveCfg = Release|Any CPU
		{1A372020-CA1E-4DE6-9B5D-E69673333D78}.AppStore|x64.Build.0 = Release|Any CPU
		{1A372020-CA1E-4DE6-9B5D-E69673333D78}.AppStore|x64.Deploy.0 = Release|Any CPU
		{1A372020-CA1E-4DE6-9B5D-E69673333D78}.AppStore|x86.ActiveCfg = Release|Any CPU
		{1A372020-CA1E-4DE6-9B5D-E69673333D78}.AppStore|x86.Build.0 = Release|Any CPU
		{1A372020-CA1E-4DE6-9B5D-E69673333D78}.AppStore|x86.Deploy.0 = Release|Any CPU
		{1A372020-CA1E-4DE6-9B5D-E69673333D78}.Debug|Any CPU.ActiveCfg = Debug|Any CPU
		{1A372020-CA1E-4DE6-9B5D-E69673333D78}.Debug|Any CPU.Build.0 = Debug|Any CPU
		{1A372020-CA1E-4DE6-9B5D-E69673333D78}.Debug|Any CPU.Deploy.0 = Debug|Any CPU
		{1A372020-CA1E-4DE6-9B5D-E69673333D78}.Debug|ARM.ActiveCfg = Debug|Any CPU
		{1A372020-CA1E-4DE6-9B5D-E69673333D78}.Debug|ARM.Build.0 = Debug|Any CPU
		{1A372020-CA1E-4DE6-9B5D-E69673333D78}.Debug|ARM.Deploy.0 = Debug|Any CPU
		{1A372020-CA1E-4DE6-9B5D-E69673333D78}.Debug|iPhone.ActiveCfg = Debug|Any CPU
		{1A372020-CA1E-4DE6-9B5D-E69673333D78}.Debug|iPhone.Build.0 = Debug|Any CPU
		{1A372020-CA1E-4DE6-9B5D-E69673333D78}.Debug|iPhone.Deploy.0 = Debug|Any CPU
		{1A372020-CA1E-4DE6-9B5D-E69673333D78}.Debug|iPhoneSimulator.ActiveCfg = Debug|Any CPU
		{1A372020-CA1E-4DE6-9B5D-E69673333D78}.Debug|iPhoneSimulator.Build.0 = Debug|Any CPU
		{1A372020-CA1E-4DE6-9B5D-E69673333D78}.Debug|iPhoneSimulator.Deploy.0 = Debug|Any CPU
		{1A372020-CA1E-4DE6-9B5D-E69673333D78}.Debug|x64.ActiveCfg = Debug|Any CPU
		{1A372020-CA1E-4DE6-9B5D-E69673333D78}.Debug|x64.Build.0 = Debug|Any CPU
		{1A372020-CA1E-4DE6-9B5D-E69673333D78}.Debug|x64.Deploy.0 = Debug|Any CPU
		{1A372020-CA1E-4DE6-9B5D-E69673333D78}.Debug|x86.ActiveCfg = Debug|Any CPU
		{1A372020-CA1E-4DE6-9B5D-E69673333D78}.Debug|x86.Build.0 = Debug|Any CPU
		{1A372020-CA1E-4DE6-9B5D-E69673333D78}.Debug|x86.Deploy.0 = Debug|Any CPU
		{1A372020-CA1E-4DE6-9B5D-E69673333D78}.Release|Any CPU.ActiveCfg = Release|Any CPU
		{1A372020-CA1E-4DE6-9B5D-E69673333D78}.Release|Any CPU.Build.0 = Release|Any CPU
		{1A372020-CA1E-4DE6-9B5D-E69673333D78}.Release|Any CPU.Deploy.0 = Release|Any CPU
		{1A372020-CA1E-4DE6-9B5D-E69673333D78}.Release|ARM.ActiveCfg = Release|Any CPU
		{1A372020-CA1E-4DE6-9B5D-E69673333D78}.Release|ARM.Build.0 = Release|Any CPU
		{1A372020-CA1E-4DE6-9B5D-E69673333D78}.Release|ARM.Deploy.0 = Release|Any CPU
		{1A372020-CA1E-4DE6-9B5D-E69673333D78}.Release|iPhone.ActiveCfg = Release|Any CPU
		{1A372020-CA1E-4DE6-9B5D-E69673333D78}.Release|iPhone.Build.0 = Release|Any CPU
		{1A372020-CA1E-4DE6-9B5D-E69673333D78}.Release|iPhone.Deploy.0 = Release|Any CPU
		{1A372020-CA1E-4DE6-9B5D-E69673333D78}.Release|iPhoneSimulator.ActiveCfg = Release|Any CPU
		{1A372020-CA1E-4DE6-9B5D-E69673333D78}.Release|iPhoneSimulator.Build.0 = Release|Any CPU
		{1A372020-CA1E-4DE6-9B5D-E69673333D78}.Release|iPhoneSimulator.Deploy.0 = Release|Any CPU
		{1A372020-CA1E-4DE6-9B5D-E69673333D78}.Release|x64.ActiveCfg = Release|Any CPU
		{1A372020-CA1E-4DE6-9B5D-E69673333D78}.Release|x64.Build.0 = Release|Any CPU
		{1A372020-CA1E-4DE6-9B5D-E69673333D78}.Release|x64.Deploy.0 = Release|Any CPU
		{1A372020-CA1E-4DE6-9B5D-E69673333D78}.Release|x86.ActiveCfg = Release|Any CPU
		{1A372020-CA1E-4DE6-9B5D-E69673333D78}.Release|x86.Build.0 = Release|Any CPU
		{1A372020-CA1E-4DE6-9B5D-E69673333D78}.Release|x86.Deploy.0 = Release|Any CPU
		{6F43510F-6E34-4475-8FC8-F418DF45617B}.Ad-Hoc|Any CPU.ActiveCfg = Release|x86
		{6F43510F-6E34-4475-8FC8-F418DF45617B}.Ad-Hoc|Any CPU.Build.0 = Release|x86
		{6F43510F-6E34-4475-8FC8-F418DF45617B}.Ad-Hoc|Any CPU.Deploy.0 = Release|x86
		{6F43510F-6E34-4475-8FC8-F418DF45617B}.Ad-Hoc|ARM.ActiveCfg = Release|ARM
		{6F43510F-6E34-4475-8FC8-F418DF45617B}.Ad-Hoc|ARM.Build.0 = Release|ARM
		{6F43510F-6E34-4475-8FC8-F418DF45617B}.Ad-Hoc|ARM.Deploy.0 = Release|ARM
		{6F43510F-6E34-4475-8FC8-F418DF45617B}.Ad-Hoc|iPhone.ActiveCfg = Release|x86
		{6F43510F-6E34-4475-8FC8-F418DF45617B}.Ad-Hoc|iPhone.Build.0 = Release|x86
		{6F43510F-6E34-4475-8FC8-F418DF45617B}.Ad-Hoc|iPhone.Deploy.0 = Release|x86
		{6F43510F-6E34-4475-8FC8-F418DF45617B}.Ad-Hoc|iPhoneSimulator.ActiveCfg = Release|x86
		{6F43510F-6E34-4475-8FC8-F418DF45617B}.Ad-Hoc|iPhoneSimulator.Build.0 = Release|x86
		{6F43510F-6E34-4475-8FC8-F418DF45617B}.Ad-Hoc|iPhoneSimulator.Deploy.0 = Release|x86
		{6F43510F-6E34-4475-8FC8-F418DF45617B}.Ad-Hoc|x64.ActiveCfg = Release|x64
		{6F43510F-6E34-4475-8FC8-F418DF45617B}.Ad-Hoc|x64.Build.0 = Release|x64
		{6F43510F-6E34-4475-8FC8-F418DF45617B}.Ad-Hoc|x64.Deploy.0 = Release|x64
		{6F43510F-6E34-4475-8FC8-F418DF45617B}.Ad-Hoc|x86.ActiveCfg = Release|x86
		{6F43510F-6E34-4475-8FC8-F418DF45617B}.Ad-Hoc|x86.Build.0 = Release|x86
		{6F43510F-6E34-4475-8FC8-F418DF45617B}.Ad-Hoc|x86.Deploy.0 = Release|x86
		{6F43510F-6E34-4475-8FC8-F418DF45617B}.AppStore|Any CPU.ActiveCfg = Release|x86
		{6F43510F-6E34-4475-8FC8-F418DF45617B}.AppStore|Any CPU.Build.0 = Release|x86
		{6F43510F-6E34-4475-8FC8-F418DF45617B}.AppStore|Any CPU.Deploy.0 = Release|x86
		{6F43510F-6E34-4475-8FC8-F418DF45617B}.AppStore|ARM.ActiveCfg = Release|ARM
		{6F43510F-6E34-4475-8FC8-F418DF45617B}.AppStore|ARM.Build.0 = Release|ARM
		{6F43510F-6E34-4475-8FC8-F418DF45617B}.AppStore|ARM.Deploy.0 = Release|ARM
		{6F43510F-6E34-4475-8FC8-F418DF45617B}.AppStore|iPhone.ActiveCfg = Release|x86
		{6F43510F-6E34-4475-8FC8-F418DF45617B}.AppStore|iPhone.Build.0 = Release|x86
		{6F43510F-6E34-4475-8FC8-F418DF45617B}.AppStore|iPhone.Deploy.0 = Release|x86
		{6F43510F-6E34-4475-8FC8-F418DF45617B}.AppStore|iPhoneSimulator.ActiveCfg = Release|x86
		{6F43510F-6E34-4475-8FC8-F418DF45617B}.AppStore|iPhoneSimulator.Build.0 = Release|x86
		{6F43510F-6E34-4475-8FC8-F418DF45617B}.AppStore|iPhoneSimulator.Deploy.0 = Release|x86
		{6F43510F-6E34-4475-8FC8-F418DF45617B}.AppStore|x64.ActiveCfg = Release|x64
		{6F43510F-6E34-4475-8FC8-F418DF45617B}.AppStore|x64.Build.0 = Release|x64
		{6F43510F-6E34-4475-8FC8-F418DF45617B}.AppStore|x64.Deploy.0 = Release|x64
		{6F43510F-6E34-4475-8FC8-F418DF45617B}.AppStore|x86.ActiveCfg = Release|x86
		{6F43510F-6E34-4475-8FC8-F418DF45617B}.AppStore|x86.Build.0 = Release|x86
		{6F43510F-6E34-4475-8FC8-F418DF45617B}.AppStore|x86.Deploy.0 = Release|x86
		{6F43510F-6E34-4475-8FC8-F418DF45617B}.Debug|Any CPU.ActiveCfg = Debug|x86
		{6F43510F-6E34-4475-8FC8-F418DF45617B}.Debug|Any CPU.Build.0 = Debug|x86
		{6F43510F-6E34-4475-8FC8-F418DF45617B}.Debug|Any CPU.Deploy.0 = Debug|x86
		{6F43510F-6E34-4475-8FC8-F418DF45617B}.Debug|ARM.ActiveCfg = Debug|ARM
		{6F43510F-6E34-4475-8FC8-F418DF45617B}.Debug|ARM.Build.0 = Debug|ARM
		{6F43510F-6E34-4475-8FC8-F418DF45617B}.Debug|ARM.Deploy.0 = Debug|ARM
		{6F43510F-6E34-4475-8FC8-F418DF45617B}.Debug|iPhone.ActiveCfg = Debug|x86
		{6F43510F-6E34-4475-8FC8-F418DF45617B}.Debug|iPhone.Build.0 = Debug|x86
		{6F43510F-6E34-4475-8FC8-F418DF45617B}.Debug|iPhone.Deploy.0 = Debug|x86
		{6F43510F-6E34-4475-8FC8-F418DF45617B}.Debug|iPhoneSimulator.ActiveCfg = Debug|x86
		{6F43510F-6E34-4475-8FC8-F418DF45617B}.Debug|iPhoneSimulator.Build.0 = Debug|x86
		{6F43510F-6E34-4475-8FC8-F418DF45617B}.Debug|iPhoneSimulator.Deploy.0 = Debug|x86
		{6F43510F-6E34-4475-8FC8-F418DF45617B}.Debug|x64.ActiveCfg = Debug|x64
		{6F43510F-6E34-4475-8FC8-F418DF45617B}.Debug|x64.Build.0 = Debug|x64
		{6F43510F-6E34-4475-8FC8-F418DF45617B}.Debug|x64.Deploy.0 = Debug|x64
		{6F43510F-6E34-4475-8FC8-F418DF45617B}.Debug|x86.ActiveCfg = Debug|x86
		{6F43510F-6E34-4475-8FC8-F418DF45617B}.Debug|x86.Build.0 = Debug|x86
		{6F43510F-6E34-4475-8FC8-F418DF45617B}.Debug|x86.Deploy.0 = Debug|x86
		{6F43510F-6E34-4475-8FC8-F418DF45617B}.Release|Any CPU.ActiveCfg = Release|x86
		{6F43510F-6E34-4475-8FC8-F418DF45617B}.Release|Any CPU.Build.0 = Release|x86
		{6F43510F-6E34-4475-8FC8-F418DF45617B}.Release|Any CPU.Deploy.0 = Release|x86
		{6F43510F-6E34-4475-8FC8-F418DF45617B}.Release|ARM.ActiveCfg = Release|ARM
		{6F43510F-6E34-4475-8FC8-F418DF45617B}.Release|ARM.Build.0 = Release|ARM
		{6F43510F-6E34-4475-8FC8-F418DF45617B}.Release|ARM.Deploy.0 = Release|ARM
		{6F43510F-6E34-4475-8FC8-F418DF45617B}.Release|iPhone.ActiveCfg = Release|x86
		{6F43510F-6E34-4475-8FC8-F418DF45617B}.Release|iPhone.Build.0 = Release|x86
		{6F43510F-6E34-4475-8FC8-F418DF45617B}.Release|iPhone.Deploy.0 = Release|x86
		{6F43510F-6E34-4475-8FC8-F418DF45617B}.Release|iPhoneSimulator.ActiveCfg = Release|x86
		{6F43510F-6E34-4475-8FC8-F418DF45617B}.Release|iPhoneSimulator.Build.0 = Release|x86
		{6F43510F-6E34-4475-8FC8-F418DF45617B}.Release|iPhoneSimulator.Deploy.0 = Release|x86
		{6F43510F-6E34-4475-8FC8-F418DF45617B}.Release|x64.ActiveCfg = Release|x64
		{6F43510F-6E34-4475-8FC8-F418DF45617B}.Release|x64.Build.0 = Release|x64
		{6F43510F-6E34-4475-8FC8-F418DF45617B}.Release|x64.Deploy.0 = Release|x64
		{6F43510F-6E34-4475-8FC8-F418DF45617B}.Release|x86.ActiveCfg = Release|x86
		{6F43510F-6E34-4475-8FC8-F418DF45617B}.Release|x86.Build.0 = Release|x86
		{6F43510F-6E34-4475-8FC8-F418DF45617B}.Release|x86.Deploy.0 = Release|x86
	EndGlobalSection
	GlobalSection(SolutionProperties) = preSolution
		HideSolutionNode = FALSE
	EndGlobalSection
EndGlobal
