
Microsoft Visual Studio Solution File, Format Version 12.00
# Visual Studio 14
VisualStudioVersion = 14.0.23107.0
MinimumVisualStudioVersion = 10.0.40219.1
Project("{FAE04EC0-301F-11D3-BF4B-00C04F79EFBC}") = "FitToSizeClock.iOS", "FitToSizeClock\FitToSizeClock.iOS\FitToSizeClock.iOS.csproj", "{BE89BC7C-2257-4833-94AD-4AFAA60881D6}"
EndProject
Project("{FAE04EC0-301F-11D3-BF4B-00C04F79EFBC}") = "FitToSizeClock.Droid", "FitToSizeClock\FitToSizeClock.Droid\FitToSizeClock.Droid.csproj", "{EBC15890-77E4-4E68-B1F1-2B3B79D98F29}"
EndProject
Project("{F2A71F9B-5D33-465A-A702-920D77279786}") = "FitToSizeClock", "FitToSizeClock\FitToSizeClock\FitToSizeClock.fsproj", "{EBBB0C91-CD51-4C8A-831F-DC0B524E637B}"
EndProject
Project("{FAE04EC0-301F-11D3-BF4B-00C04F79EFBC}") = "FitToSizeClock.UWP", "FitToSizeClock\FitToSizeClock.UWP\FitToSizeClock.UWP.csproj", "{B31A6E58-42AF-40E0-B8BF-92DCF5603C23}"
EndProject
Global
	GlobalSection(SolutionConfigurationPlatforms) = preSolution
		Ad-Hoc|Any CPU = Ad-Hoc|Any CPU
		Ad-Hoc|ARM = Ad-Hoc|ARM
		Ad-Hoc|iPhone = Ad-Hoc|iPhone
		Ad-Hoc|iPhoneSimulator = Ad-Hoc|iPhoneSimulator
		Ad-Hoc|x64 = Ad-Hoc|x64
		Ad-Hoc|x86 = Ad-Hoc|x86
		AppStore|Any CPU = AppStore|Any CPU
		AppStore|ARM = AppStore|ARM
		AppStore|iPhone = AppStore|iPhone
		AppStore|iPhoneSimulator = AppStore|iPhoneSimulator
		AppStore|x64 = AppStore|x64
		AppStore|x86 = AppStore|x86
		Debug|Any CPU = Debug|Any CPU
		Debug|ARM = Debug|ARM
		Debug|iPhone = Debug|iPhone
		Debug|iPhoneSimulator = Debug|iPhoneSimulator
		Debug|x64 = Debug|x64
		Debug|x86 = Debug|x86
		Release|Any CPU = Release|Any CPU
		Release|ARM = Release|ARM
		Release|iPhone = Release|iPhone
		Release|iPhoneSimulator = Release|iPhoneSimulator
		Release|x64 = Release|x64
		Release|x86 = Release|x86
	EndGlobalSection
	GlobalSection(ProjectConfigurationPlatforms) = postSolution
		{BE89BC7C-2257-4833-94AD-4AFAA60881D6}.Ad-Hoc|Any CPU.ActiveCfg = Ad-Hoc|iPhone
		{BE89BC7C-2257-4833-94AD-4AFAA60881D6}.Ad-Hoc|ARM.ActiveCfg = Ad-Hoc|iPhone
		{BE89BC7C-2257-4833-94AD-4AFAA60881D6}.Ad-Hoc|iPhone.ActiveCfg = Ad-Hoc|iPhone
		{BE89BC7C-2257-4833-94AD-4AFAA60881D6}.Ad-Hoc|iPhone.Build.0 = Ad-Hoc|iPhone
		{BE89BC7C-2257-4833-94AD-4AFAA60881D6}.Ad-Hoc|iPhoneSimulator.ActiveCfg = Ad-Hoc|iPhoneSimulator
		{BE89BC7C-2257-4833-94AD-4AFAA60881D6}.Ad-Hoc|iPhoneSimulator.Build.0 = Ad-Hoc|iPhoneSimulator
		{BE89BC7C-2257-4833-94AD-4AFAA60881D6}.Ad-Hoc|x64.ActiveCfg = Ad-Hoc|iPhoneSimulator
		{BE89BC7C-2257-4833-94AD-4AFAA60881D6}.Ad-Hoc|x86.ActiveCfg = Ad-Hoc|iPhone
		{BE89BC7C-2257-4833-94AD-4AFAA60881D6}.AppStore|Any CPU.ActiveCfg = AppStore|iPhone
		{BE89BC7C-2257-4833-94AD-4AFAA60881D6}.AppStore|ARM.ActiveCfg = AppStore|iPhone
		{BE89BC7C-2257-4833-94AD-4AFAA60881D6}.AppStore|iPhone.ActiveCfg = AppStore|iPhone
		{BE89BC7C-2257-4833-94AD-4AFAA60881D6}.AppStore|iPhone.Build.0 = AppStore|iPhone
		{BE89BC7C-2257-4833-94AD-4AFAA60881D6}.AppStore|iPhoneSimulator.ActiveCfg = AppStore|iPhoneSimulator
		{BE89BC7C-2257-4833-94AD-4AFAA60881D6}.AppStore|iPhoneSimulator.Build.0 = AppStore|iPhoneSimulator
		{BE89BC7C-2257-4833-94AD-4AFAA60881D6}.AppStore|x64.ActiveCfg = AppStore|iPhoneSimulator
		{BE89BC7C-2257-4833-94AD-4AFAA60881D6}.AppStore|x86.ActiveCfg = AppStore|iPhone
		{BE89BC7C-2257-4833-94AD-4AFAA60881D6}.Debug|Any CPU.ActiveCfg = Debug|iPhone
		{BE89BC7C-2257-4833-94AD-4AFAA60881D6}.Debug|ARM.ActiveCfg = Debug|iPhone
		{BE89BC7C-2257-4833-94AD-4AFAA60881D6}.Debug|iPhone.ActiveCfg = Debug|iPhone
		{BE89BC7C-2257-4833-94AD-4AFAA60881D6}.Debug|iPhone.Build.0 = Debug|iPhone
		{BE89BC7C-2257-4833-94AD-4AFAA60881D6}.Debug|iPhoneSimulator.ActiveCfg = Debug|iPhoneSimulator
		{BE89BC7C-2257-4833-94AD-4AFAA60881D6}.Debug|iPhoneSimulator.Build.0 = Debug|iPhoneSimulator
		{BE89BC7C-2257-4833-94AD-4AFAA60881D6}.Debug|x64.ActiveCfg = Debug|iPhoneSimulator
		{BE89BC7C-2257-4833-94AD-4AFAA60881D6}.Debug|x86.ActiveCfg = Debug|iPhone
		{BE89BC7C-2257-4833-94AD-4AFAA60881D6}.Release|Any CPU.ActiveCfg = Release|iPhone
		{BE89BC7C-2257-4833-94AD-4AFAA60881D6}.Release|ARM.ActiveCfg = Release|iPhone
		{BE89BC7C-2257-4833-94AD-4AFAA60881D6}.Release|iPhone.ActiveCfg = Release|iPhone
		{BE89BC7C-2257-4833-94AD-4AFAA60881D6}.Release|iPhone.Build.0 = Release|iPhone
		{BE89BC7C-2257-4833-94AD-4AFAA60881D6}.Release|iPhoneSimulator.ActiveCfg = Release|iPhoneSimulator
		{BE89BC7C-2257-4833-94AD-4AFAA60881D6}.Release|iPhoneSimulator.Build.0 = Release|iPhoneSimulator
		{BE89BC7C-2257-4833-94AD-4AFAA60881D6}.Release|x64.ActiveCfg = Release|iPhoneSimulator
		{BE89BC7C-2257-4833-94AD-4AFAA60881D6}.Release|x86.ActiveCfg = Release|iPhone
		{EBC15890-77E4-4E68-B1F1-2B3B79D98F29}.Ad-Hoc|Any CPU.ActiveCfg = Release|Any CPU
		{EBC15890-77E4-4E68-B1F1-2B3B79D98F29}.Ad-Hoc|Any CPU.Build.0 = Release|Any CPU
		{EBC15890-77E4-4E68-B1F1-2B3B79D98F29}.Ad-Hoc|Any CPU.Deploy.0 = Release|Any CPU
		{EBC15890-77E4-4E68-B1F1-2B3B79D98F29}.Ad-Hoc|ARM.ActiveCfg = Release|Any CPU
		{EBC15890-77E4-4E68-B1F1-2B3B79D98F29}.Ad-Hoc|ARM.Build.0 = Release|Any CPU
		{EBC15890-77E4-4E68-B1F1-2B3B79D98F29}.Ad-Hoc|ARM.Deploy.0 = Release|Any CPU
		{EBC15890-77E4-4E68-B1F1-2B3B79D98F29}.Ad-Hoc|iPhone.ActiveCfg = Release|Any CPU
		{EBC15890-77E4-4E68-B1F1-2B3B79D98F29}.Ad-Hoc|iPhone.Build.0 = Release|Any CPU
		{EBC15890-77E4-4E68-B1F1-2B3B79D98F29}.Ad-Hoc|iPhone.Deploy.0 = Release|Any CPU
		{EBC15890-77E4-4E68-B1F1-2B3B79D98F29}.Ad-Hoc|iPhoneSimulator.ActiveCfg = Release|Any CPU
		{EBC15890-77E4-4E68-B1F1-2B3B79D98F29}.Ad-Hoc|iPhoneSimulator.Build.0 = Release|Any CPU
		{EBC15890-77E4-4E68-B1F1-2B3B79D98F29}.Ad-Hoc|iPhoneSimulator.Deploy.0 = Release|Any CPU
		{EBC15890-77E4-4E68-B1F1-2B3B79D98F29}.Ad-Hoc|x64.ActiveCfg = Release|Any CPU
		{EBC15890-77E4-4E68-B1F1-2B3B79D98F29}.Ad-Hoc|x64.Build.0 = Release|Any CPU
		{EBC15890-77E4-4E68-B1F1-2B3B79D98F29}.Ad-Hoc|x64.Deploy.0 = Release|Any CPU
		{EBC15890-77E4-4E68-B1F1-2B3B79D98F29}.Ad-Hoc|x86.ActiveCfg = Release|Any CPU
		{EBC15890-77E4-4E68-B1F1-2B3B79D98F29}.Ad-Hoc|x86.Build.0 = Release|Any CPU
		{EBC15890-77E4-4E68-B1F1-2B3B79D98F29}.Ad-Hoc|x86.Deploy.0 = Release|Any CPU
		{EBC15890-77E4-4E68-B1F1-2B3B79D98F29}.AppStore|Any CPU.ActiveCfg = Release|Any CPU
		{EBC15890-77E4-4E68-B1F1-2B3B79D98F29}.AppStore|Any CPU.Build.0 = Release|Any CPU
		{EBC15890-77E4-4E68-B1F1-2B3B79D98F29}.AppStore|Any CPU.Deploy.0 = Release|Any CPU
		{EBC15890-77E4-4E68-B1F1-2B3B79D98F29}.AppStore|ARM.ActiveCfg = Release|Any CPU
		{EBC15890-77E4-4E68-B1F1-2B3B79D98F29}.AppStore|ARM.Build.0 = Release|Any CPU
		{EBC15890-77E4-4E68-B1F1-2B3B79D98F29}.AppStore|ARM.Deploy.0 = Release|Any CPU
		{EBC15890-77E4-4E68-B1F1-2B3B79D98F29}.AppStore|iPhone.ActiveCfg = Release|Any CPU
		{EBC15890-77E4-4E68-B1F1-2B3B79D98F29}.AppStore|iPhone.Build.0 = Release|Any CPU
		{EBC15890-77E4-4E68-B1F1-2B3B79D98F29}.AppStore|iPhone.Deploy.0 = Release|Any CPU
		{EBC15890-77E4-4E68-B1F1-2B3B79D98F29}.AppStore|iPhoneSimulator.ActiveCfg = Release|Any CPU
		{EBC15890-77E4-4E68-B1F1-2B3B79D98F29}.AppStore|iPhoneSimulator.Build.0 = Release|Any CPU
		{EBC15890-77E4-4E68-B1F1-2B3B79D98F29}.AppStore|iPhoneSimulator.Deploy.0 = Release|Any CPU
		{EBC15890-77E4-4E68-B1F1-2B3B79D98F29}.AppStore|x64.ActiveCfg = Release|Any CPU
		{EBC15890-77E4-4E68-B1F1-2B3B79D98F29}.AppStore|x64.Build.0 = Release|Any CPU
		{EBC15890-77E4-4E68-B1F1-2B3B79D98F29}.AppStore|x64.Deploy.0 = Release|Any CPU
		{EBC15890-77E4-4E68-B1F1-2B3B79D98F29}.AppStore|x86.ActiveCfg = Release|Any CPU
		{EBC15890-77E4-4E68-B1F1-2B3B79D98F29}.AppStore|x86.Build.0 = Release|Any CPU
		{EBC15890-77E4-4E68-B1F1-2B3B79D98F29}.AppStore|x86.Deploy.0 = Release|Any CPU
		{EBC15890-77E4-4E68-B1F1-2B3B79D98F29}.Debug|Any CPU.ActiveCfg = Debug|Any CPU
		{EBC15890-77E4-4E68-B1F1-2B3B79D98F29}.Debug|Any CPU.Build.0 = Debug|Any CPU
		{EBC15890-77E4-4E68-B1F1-2B3B79D98F29}.Debug|Any CPU.Deploy.0 = Debug|Any CPU
		{EBC15890-77E4-4E68-B1F1-2B3B79D98F29}.Debug|ARM.ActiveCfg = Debug|Any CPU
		{EBC15890-77E4-4E68-B1F1-2B3B79D98F29}.Debug|ARM.Build.0 = Debug|Any CPU
		{EBC15890-77E4-4E68-B1F1-2B3B79D98F29}.Debug|ARM.Deploy.0 = Debug|Any CPU
		{EBC15890-77E4-4E68-B1F1-2B3B79D98F29}.Debug|iPhone.ActiveCfg = Debug|Any CPU
		{EBC15890-77E4-4E68-B1F1-2B3B79D98F29}.Debug|iPhone.Build.0 = Debug|Any CPU
		{EBC15890-77E4-4E68-B1F1-2B3B79D98F29}.Debug|iPhone.Deploy.0 = Debug|Any CPU
		{EBC15890-77E4-4E68-B1F1-2B3B79D98F29}.Debug|iPhoneSimulator.ActiveCfg = Debug|Any CPU
		{EBC15890-77E4-4E68-B1F1-2B3B79D98F29}.Debug|iPhoneSimulator.Build.0 = Debug|Any CPU
		{EBC15890-77E4-4E68-B1F1-2B3B79D98F29}.Debug|iPhoneSimulator.Deploy.0 = Debug|Any CPU
		{EBC15890-77E4-4E68-B1F1-2B3B79D98F29}.Debug|x64.ActiveCfg = Debug|Any CPU
		{EBC15890-77E4-4E68-B1F1-2B3B79D98F29}.Debug|x64.Build.0 = Debug|Any CPU
		{EBC15890-77E4-4E68-B1F1-2B3B79D98F29}.Debug|x64.Deploy.0 = Debug|Any CPU
		{EBC15890-77E4-4E68-B1F1-2B3B79D98F29}.Debug|x86.ActiveCfg = Debug|Any CPU
		{EBC15890-77E4-4E68-B1F1-2B3B79D98F29}.Debug|x86.Build.0 = Debug|Any CPU
		{EBC15890-77E4-4E68-B1F1-2B3B79D98F29}.Debug|x86.Deploy.0 = Debug|Any CPU
		{EBC15890-77E4-4E68-B1F1-2B3B79D98F29}.Release|Any CPU.ActiveCfg = Release|Any CPU
		{EBC15890-77E4-4E68-B1F1-2B3B79D98F29}.Release|Any CPU.Build.0 = Release|Any CPU
		{EBC15890-77E4-4E68-B1F1-2B3B79D98F29}.Release|Any CPU.Deploy.0 = Release|Any CPU
		{EBC15890-77E4-4E68-B1F1-2B3B79D98F29}.Release|ARM.ActiveCfg = Release|Any CPU
		{EBC15890-77E4-4E68-B1F1-2B3B79D98F29}.Release|ARM.Build.0 = Release|Any CPU
		{EBC15890-77E4-4E68-B1F1-2B3B79D98F29}.Release|ARM.Deploy.0 = Release|Any CPU
		{EBC15890-77E4-4E68-B1F1-2B3B79D98F29}.Release|iPhone.ActiveCfg = Release|Any CPU
		{EBC15890-77E4-4E68-B1F1-2B3B79D98F29}.Release|iPhone.Build.0 = Release|Any CPU
		{EBC15890-77E4-4E68-B1F1-2B3B79D98F29}.Release|iPhone.Deploy.0 = Release|Any CPU
		{EBC15890-77E4-4E68-B1F1-2B3B79D98F29}.Release|iPhoneSimulator.ActiveCfg = Release|Any CPU
		{EBC15890-77E4-4E68-B1F1-2B3B79D98F29}.Release|iPhoneSimulator.Build.0 = Release|Any CPU
		{EBC15890-77E4-4E68-B1F1-2B3B79D98F29}.Release|iPhoneSimulator.Deploy.0 = Release|Any CPU
		{EBC15890-77E4-4E68-B1F1-2B3B79D98F29}.Release|x64.ActiveCfg = Release|Any CPU
		{EBC15890-77E4-4E68-B1F1-2B3B79D98F29}.Release|x64.Build.0 = Release|Any CPU
		{EBC15890-77E4-4E68-B1F1-2B3B79D98F29}.Release|x64.Deploy.0 = Release|Any CPU
		{EBC15890-77E4-4E68-B1F1-2B3B79D98F29}.Release|x86.ActiveCfg = Release|Any CPU
		{EBC15890-77E4-4E68-B1F1-2B3B79D98F29}.Release|x86.Build.0 = Release|Any CPU
		{EBC15890-77E4-4E68-B1F1-2B3B79D98F29}.Release|x86.Deploy.0 = Release|Any CPU
		{EBBB0C91-CD51-4C8A-831F-DC0B524E637B}.Ad-Hoc|Any CPU.ActiveCfg = Release|Any CPU
		{EBBB0C91-CD51-4C8A-831F-DC0B524E637B}.Ad-Hoc|Any CPU.Build.0 = Release|Any CPU
		{EBBB0C91-CD51-4C8A-831F-DC0B524E637B}.Ad-Hoc|ARM.ActiveCfg = Release|Any CPU
		{EBBB0C91-CD51-4C8A-831F-DC0B524E637B}.Ad-Hoc|ARM.Build.0 = Release|Any CPU
		{EBBB0C91-CD51-4C8A-831F-DC0B524E637B}.Ad-Hoc|iPhone.ActiveCfg = Release|Any CPU
		{EBBB0C91-CD51-4C8A-831F-DC0B524E637B}.Ad-Hoc|iPhone.Build.0 = Release|Any CPU
		{EBBB0C91-CD51-4C8A-831F-DC0B524E637B}.Ad-Hoc|iPhoneSimulator.ActiveCfg = Release|Any CPU
		{EBBB0C91-CD51-4C8A-831F-DC0B524E637B}.Ad-Hoc|iPhoneSimulator.Build.0 = Release|Any CPU
		{EBBB0C91-CD51-4C8A-831F-DC0B524E637B}.Ad-Hoc|x64.ActiveCfg = Release|Any CPU
		{EBBB0C91-CD51-4C8A-831F-DC0B524E637B}.Ad-Hoc|x64.Build.0 = Release|Any CPU
		{EBBB0C91-CD51-4C8A-831F-DC0B524E637B}.Ad-Hoc|x86.ActiveCfg = Release|Any CPU
		{EBBB0C91-CD51-4C8A-831F-DC0B524E637B}.Ad-Hoc|x86.Build.0 = Release|Any CPU
		{EBBB0C91-CD51-4C8A-831F-DC0B524E637B}.AppStore|Any CPU.ActiveCfg = Release|Any CPU
		{EBBB0C91-CD51-4C8A-831F-DC0B524E637B}.AppStore|Any CPU.Build.0 = Release|Any CPU
		{EBBB0C91-CD51-4C8A-831F-DC0B524E637B}.AppStore|ARM.ActiveCfg = Release|Any CPU
		{EBBB0C91-CD51-4C8A-831F-DC0B524E637B}.AppStore|ARM.Build.0 = Release|Any CPU
		{EBBB0C91-CD51-4C8A-831F-DC0B524E637B}.AppStore|iPhone.ActiveCfg = Release|Any CPU
		{EBBB0C91-CD51-4C8A-831F-DC0B524E637B}.AppStore|iPhone.Build.0 = Release|Any CPU
		{EBBB0C91-CD51-4C8A-831F-DC0B524E637B}.AppStore|iPhoneSimulator.ActiveCfg = Release|Any CPU
		{EBBB0C91-CD51-4C8A-831F-DC0B524E637B}.AppStore|iPhoneSimulator.Build.0 = Release|Any CPU
		{EBBB0C91-CD51-4C8A-831F-DC0B524E637B}.AppStore|x64.ActiveCfg = Release|Any CPU
		{EBBB0C91-CD51-4C8A-831F-DC0B524E637B}.AppStore|x64.Build.0 = Release|Any CPU
		{EBBB0C91-CD51-4C8A-831F-DC0B524E637B}.AppStore|x86.ActiveCfg = Release|Any CPU
		{EBBB0C91-CD51-4C8A-831F-DC0B524E637B}.AppStore|x86.Build.0 = Release|Any CPU
		{EBBB0C91-CD51-4C8A-831F-DC0B524E637B}.Debug|Any CPU.ActiveCfg = Debug|Any CPU
		{EBBB0C91-CD51-4C8A-831F-DC0B524E637B}.Debug|Any CPU.Build.0 = Debug|Any CPU
		{EBBB0C91-CD51-4C8A-831F-DC0B524E637B}.Debug|ARM.ActiveCfg = Debug|Any CPU
		{EBBB0C91-CD51-4C8A-831F-DC0B524E637B}.Debug|ARM.Build.0 = Debug|Any CPU
		{EBBB0C91-CD51-4C8A-831F-DC0B524E637B}.Debug|iPhone.ActiveCfg = Debug|Any CPU
		{EBBB0C91-CD51-4C8A-831F-DC0B524E637B}.Debug|iPhone.Build.0 = Debug|Any CPU
		{EBBB0C91-CD51-4C8A-831F-DC0B524E637B}.Debug|iPhoneSimulator.ActiveCfg = Debug|Any CPU
		{EBBB0C91-CD51-4C8A-831F-DC0B524E637B}.Debug|iPhoneSimulator.Build.0 = Debug|Any CPU
		{EBBB0C91-CD51-4C8A-831F-DC0B524E637B}.Debug|x64.ActiveCfg = Debug|Any CPU
		{EBBB0C91-CD51-4C8A-831F-DC0B524E637B}.Debug|x64.Build.0 = Debug|Any CPU
		{EBBB0C91-CD51-4C8A-831F-DC0B524E637B}.Debug|x86.ActiveCfg = Debug|Any CPU
		{EBBB0C91-CD51-4C8A-831F-DC0B524E637B}.Debug|x86.Build.0 = Debug|Any CPU
		{EBBB0C91-CD51-4C8A-831F-DC0B524E637B}.Release|Any CPU.ActiveCfg = Release|Any CPU
		{EBBB0C91-CD51-4C8A-831F-DC0B524E637B}.Release|Any CPU.Build.0 = Release|Any CPU
		{EBBB0C91-CD51-4C8A-831F-DC0B524E637B}.Release|ARM.ActiveCfg = Release|Any CPU
		{EBBB0C91-CD51-4C8A-831F-DC0B524E637B}.Release|ARM.Build.0 = Release|Any CPU
		{EBBB0C91-CD51-4C8A-831F-DC0B524E637B}.Release|iPhone.ActiveCfg = Release|Any CPU
		{EBBB0C91-CD51-4C8A-831F-DC0B524E637B}.Release|iPhone.Build.0 = Release|Any CPU
		{EBBB0C91-CD51-4C8A-831F-DC0B524E637B}.Release|iPhoneSimulator.ActiveCfg = Release|Any CPU
		{EBBB0C91-CD51-4C8A-831F-DC0B524E637B}.Release|iPhoneSimulator.Build.0 = Release|Any CPU
		{EBBB0C91-CD51-4C8A-831F-DC0B524E637B}.Release|x64.ActiveCfg = Release|Any CPU
		{EBBB0C91-CD51-4C8A-831F-DC0B524E637B}.Release|x64.Build.0 = Release|Any CPU
		{EBBB0C91-CD51-4C8A-831F-DC0B524E637B}.Release|x86.ActiveCfg = Release|Any CPU
		{EBBB0C91-CD51-4C8A-831F-DC0B524E637B}.Release|x86.Build.0 = Release|Any CPU
		{B31A6E58-42AF-40E0-B8BF-92DCF5603C23}.Ad-Hoc|Any CPU.ActiveCfg = Release|x86
		{B31A6E58-42AF-40E0-B8BF-92DCF5603C23}.Ad-Hoc|Any CPU.Build.0 = Release|x86
		{B31A6E58-42AF-40E0-B8BF-92DCF5603C23}.Ad-Hoc|Any CPU.Deploy.0 = Release|x86
		{B31A6E58-42AF-40E0-B8BF-92DCF5603C23}.Ad-Hoc|ARM.ActiveCfg = Release|ARM
		{B31A6E58-42AF-40E0-B8BF-92DCF5603C23}.Ad-Hoc|ARM.Build.0 = Release|ARM
		{B31A6E58-42AF-40E0-B8BF-92DCF5603C23}.Ad-Hoc|ARM.Deploy.0 = Release|ARM
		{B31A6E58-42AF-40E0-B8BF-92DCF5603C23}.Ad-Hoc|iPhone.ActiveCfg = Release|x86
		{B31A6E58-42AF-40E0-B8BF-92DCF5603C23}.Ad-Hoc|iPhone.Build.0 = Release|x86
		{B31A6E58-42AF-40E0-B8BF-92DCF5603C23}.Ad-Hoc|iPhone.Deploy.0 = Release|x86
		{B31A6E58-42AF-40E0-B8BF-92DCF5603C23}.Ad-Hoc|iPhoneSimulator.ActiveCfg = Release|x86
		{B31A6E58-42AF-40E0-B8BF-92DCF5603C23}.Ad-Hoc|iPhoneSimulator.Build.0 = Release|x86
		{B31A6E58-42AF-40E0-B8BF-92DCF5603C23}.Ad-Hoc|iPhoneSimulator.Deploy.0 = Release|x86
		{B31A6E58-42AF-40E0-B8BF-92DCF5603C23}.Ad-Hoc|x64.ActiveCfg = Release|x64
		{B31A6E58-42AF-40E0-B8BF-92DCF5603C23}.Ad-Hoc|x64.Build.0 = Release|x64
		{B31A6E58-42AF-40E0-B8BF-92DCF5603C23}.Ad-Hoc|x64.Deploy.0 = Release|x64
		{B31A6E58-42AF-40E0-B8BF-92DCF5603C23}.Ad-Hoc|x86.ActiveCfg = Release|x86
		{B31A6E58-42AF-40E0-B8BF-92DCF5603C23}.Ad-Hoc|x86.Build.0 = Release|x86
		{B31A6E58-42AF-40E0-B8BF-92DCF5603C23}.Ad-Hoc|x86.Deploy.0 = Release|x86
		{B31A6E58-42AF-40E0-B8BF-92DCF5603C23}.AppStore|Any CPU.ActiveCfg = Release|x86
		{B31A6E58-42AF-40E0-B8BF-92DCF5603C23}.AppStore|Any CPU.Build.0 = Release|x86
		{B31A6E58-42AF-40E0-B8BF-92DCF5603C23}.AppStore|Any CPU.Deploy.0 = Release|x86
		{B31A6E58-42AF-40E0-B8BF-92DCF5603C23}.AppStore|ARM.ActiveCfg = Release|ARM
		{B31A6E58-42AF-40E0-B8BF-92DCF5603C23}.AppStore|ARM.Build.0 = Release|ARM
		{B31A6E58-42AF-40E0-B8BF-92DCF5603C23}.AppStore|ARM.Deploy.0 = Release|ARM
		{B31A6E58-42AF-40E0-B8BF-92DCF5603C23}.AppStore|iPhone.ActiveCfg = Release|x86
		{B31A6E58-42AF-40E0-B8BF-92DCF5603C23}.AppStore|iPhone.Build.0 = Release|x86
		{B31A6E58-42AF-40E0-B8BF-92DCF5603C23}.AppStore|iPhone.Deploy.0 = Release|x86
		{B31A6E58-42AF-40E0-B8BF-92DCF5603C23}.AppStore|iPhoneSimulator.ActiveCfg = Release|x86
		{B31A6E58-42AF-40E0-B8BF-92DCF5603C23}.AppStore|iPhoneSimulator.Build.0 = Release|x86
		{B31A6E58-42AF-40E0-B8BF-92DCF5603C23}.AppStore|iPhoneSimulator.Deploy.0 = Release|x86
		{B31A6E58-42AF-40E0-B8BF-92DCF5603C23}.AppStore|x64.ActiveCfg = Release|x64
		{B31A6E58-42AF-40E0-B8BF-92DCF5603C23}.AppStore|x64.Build.0 = Release|x64
		{B31A6E58-42AF-40E0-B8BF-92DCF5603C23}.AppStore|x64.Deploy.0 = Release|x64
		{B31A6E58-42AF-40E0-B8BF-92DCF5603C23}.AppStore|x86.ActiveCfg = Release|x86
		{B31A6E58-42AF-40E0-B8BF-92DCF5603C23}.AppStore|x86.Build.0 = Release|x86
		{B31A6E58-42AF-40E0-B8BF-92DCF5603C23}.AppStore|x86.Deploy.0 = Release|x86
		{B31A6E58-42AF-40E0-B8BF-92DCF5603C23}.Debug|Any CPU.ActiveCfg = Debug|x86
		{B31A6E58-42AF-40E0-B8BF-92DCF5603C23}.Debug|Any CPU.Build.0 = Debug|x86
		{B31A6E58-42AF-40E0-B8BF-92DCF5603C23}.Debug|Any CPU.Deploy.0 = Debug|x86
		{B31A6E58-42AF-40E0-B8BF-92DCF5603C23}.Debug|ARM.ActiveCfg = Debug|ARM
		{B31A6E58-42AF-40E0-B8BF-92DCF5603C23}.Debug|ARM.Build.0 = Debug|ARM
		{B31A6E58-42AF-40E0-B8BF-92DCF5603C23}.Debug|ARM.Deploy.0 = Debug|ARM
		{B31A6E58-42AF-40E0-B8BF-92DCF5603C23}.Debug|iPhone.ActiveCfg = Debug|x86
		{B31A6E58-42AF-40E0-B8BF-92DCF5603C23}.Debug|iPhone.Build.0 = Debug|x86
		{B31A6E58-42AF-40E0-B8BF-92DCF5603C23}.Debug|iPhone.Deploy.0 = Debug|x86
		{B31A6E58-42AF-40E0-B8BF-92DCF5603C23}.Debug|iPhoneSimulator.ActiveCfg = Debug|x86
		{B31A6E58-42AF-40E0-B8BF-92DCF5603C23}.Debug|iPhoneSimulator.Build.0 = Debug|x86
		{B31A6E58-42AF-40E0-B8BF-92DCF5603C23}.Debug|iPhoneSimulator.Deploy.0 = Debug|x86
		{B31A6E58-42AF-40E0-B8BF-92DCF5603C23}.Debug|x64.ActiveCfg = Debug|x64
		{B31A6E58-42AF-40E0-B8BF-92DCF5603C23}.Debug|x64.Build.0 = Debug|x64
		{B31A6E58-42AF-40E0-B8BF-92DCF5603C23}.Debug|x64.Deploy.0 = Debug|x64
		{B31A6E58-42AF-40E0-B8BF-92DCF5603C23}.Debug|x86.ActiveCfg = Debug|x86
		{B31A6E58-42AF-40E0-B8BF-92DCF5603C23}.Debug|x86.Build.0 = Debug|x86
		{B31A6E58-42AF-40E0-B8BF-92DCF5603C23}.Debug|x86.Deploy.0 = Debug|x86
		{B31A6E58-42AF-40E0-B8BF-92DCF5603C23}.Release|Any CPU.ActiveCfg = Release|x86
		{B31A6E58-42AF-40E0-B8BF-92DCF5603C23}.Release|Any CPU.Build.0 = Release|x86
		{B31A6E58-42AF-40E0-B8BF-92DCF5603C23}.Release|Any CPU.Deploy.0 = Release|x86
		{B31A6E58-42AF-40E0-B8BF-92DCF5603C23}.Release|ARM.ActiveCfg = Release|ARM
		{B31A6E58-42AF-40E0-B8BF-92DCF5603C23}.Release|ARM.Build.0 = Release|ARM
		{B31A6E58-42AF-40E0-B8BF-92DCF5603C23}.Release|ARM.Deploy.0 = Release|ARM
		{B31A6E58-42AF-40E0-B8BF-92DCF5603C23}.Release|iPhone.ActiveCfg = Release|x86
		{B31A6E58-42AF-40E0-B8BF-92DCF5603C23}.Release|iPhone.Build.0 = Release|x86
		{B31A6E58-42AF-40E0-B8BF-92DCF5603C23}.Release|iPhone.Deploy.0 = Release|x86
		{B31A6E58-42AF-40E0-B8BF-92DCF5603C23}.Release|iPhoneSimulator.ActiveCfg = Release|x86
		{B31A6E58-42AF-40E0-B8BF-92DCF5603C23}.Release|iPhoneSimulator.Build.0 = Release|x86
		{B31A6E58-42AF-40E0-B8BF-92DCF5603C23}.Release|iPhoneSimulator.Deploy.0 = Release|x86
		{B31A6E58-42AF-40E0-B8BF-92DCF5603C23}.Release|x64.ActiveCfg = Release|x64
		{B31A6E58-42AF-40E0-B8BF-92DCF5603C23}.Release|x64.Build.0 = Release|x64
		{B31A6E58-42AF-40E0-B8BF-92DCF5603C23}.Release|x64.Deploy.0 = Release|x64
		{B31A6E58-42AF-40E0-B8BF-92DCF5603C23}.Release|x86.ActiveCfg = Release|x86
		{B31A6E58-42AF-40E0-B8BF-92DCF5603C23}.Release|x86.Build.0 = Release|x86
		{B31A6E58-42AF-40E0-B8BF-92DCF5603C23}.Release|x86.Deploy.0 = Release|x86
	EndGlobalSection
	GlobalSection(SolutionProperties) = preSolution
		HideSolutionNode = FALSE
	EndGlobalSection
EndGlobal
