
Microsoft Visual Studio Solution File, Format Version 12.00
# Visual Studio 14
VisualStudioVersion = 14.0.23107.0
MinimumVisualStudioVersion = 10.0.40219.1
Project("{FAE04EC0-301F-11D3-BF4B-00C04F79EFBC}") = "ScaleToSize", "ScaleToSize\ScaleToSize\ScaleToSize.csproj", "{DC97206A-E9CE-4915-810F-7B4AD9B77031}"
EndProject
Project("{FAE04EC0-301F-11D3-BF4B-00C04F79EFBC}") = "ScaleToSize.iOS", "ScaleToSize\ScaleToSize.iOS\ScaleToSize.iOS.csproj", "{E612FED5-D147-4647-821E-F1266A7ECA61}"
EndProject
Project("{FAE04EC0-301F-11D3-BF4B-00C04F79EFBC}") = "ScaleToSize.Droid", "ScaleToSize\ScaleToSize.Droid\ScaleToSize.Droid.csproj", "{CFDA8F3E-904D-4AA4-BFB7-6749C38EEA64}"
EndProject
Project("{FAE04EC0-301F-11D3-BF4B-00C04F79EFBC}") = "ScaleToSize.UWP", "ScaleToSize\ScaleToSize.UWP\ScaleToSize.UWP.csproj", "{8C6D77C2-5F93-4F66-A590-64473BF74A1D}"
EndProject
Global
	GlobalSection(SolutionConfigurationPlatforms) = preSolution
		Ad-Hoc|Any CPU = Ad-Hoc|Any CPU
		Ad-Hoc|ARM = Ad-Hoc|ARM
		Ad-Hoc|iPhone = Ad-Hoc|iPhone
		Ad-Hoc|iPhoneSimulator = Ad-Hoc|iPhoneSimulator
		Ad-Hoc|x64 = Ad-Hoc|x64
		Ad-Hoc|x86 = Ad-Hoc|x86
		AppStore|Any CPU = AppStore|Any CPU
		AppStore|ARM = AppStore|ARM
		AppStore|iPhone = AppStore|iPhone
		AppStore|iPhoneSimulator = AppStore|iPhoneSimulator
		AppStore|x64 = AppStore|x64
		AppStore|x86 = AppStore|x86
		Debug|Any CPU = Debug|Any CPU
		Debug|ARM = Debug|ARM
		Debug|iPhone = Debug|iPhone
		Debug|iPhoneSimulator = Debug|iPhoneSimulator
		Debug|x64 = Debug|x64
		Debug|x86 = Debug|x86
		Release|Any CPU = Release|Any CPU
		Release|ARM = Release|ARM
		Release|iPhone = Release|iPhone
		Release|iPhoneSimulator = Release|iPhoneSimulator
		Release|x64 = Release|x64
		Release|x86 = Release|x86
	EndGlobalSection
	GlobalSection(ProjectConfigurationPlatforms) = postSolution
		{DC97206A-E9CE-4915-810F-7B4AD9B77031}.Ad-Hoc|Any CPU.ActiveCfg = Release|Any CPU
		{DC97206A-E9CE-4915-810F-7B4AD9B77031}.Ad-Hoc|Any CPU.Build.0 = Release|Any CPU
		{DC97206A-E9CE-4915-810F-7B4AD9B77031}.Ad-Hoc|ARM.ActiveCfg = Release|Any CPU
		{DC97206A-E9CE-4915-810F-7B4AD9B77031}.Ad-Hoc|ARM.Build.0 = Release|Any CPU
		{DC97206A-E9CE-4915-810F-7B4AD9B77031}.Ad-Hoc|iPhone.ActiveCfg = Release|Any CPU
		{DC97206A-E9CE-4915-810F-7B4AD9B77031}.Ad-Hoc|iPhone.Build.0 = Release|Any CPU
		{DC97206A-E9CE-4915-810F-7B4AD9B77031}.Ad-Hoc|iPhoneSimulator.ActiveCfg = Release|Any CPU
		{DC97206A-E9CE-4915-810F-7B4AD9B77031}.Ad-Hoc|iPhoneSimulator.Build.0 = Release|Any CPU
		{DC97206A-E9CE-4915-810F-7B4AD9B77031}.Ad-Hoc|x64.ActiveCfg = Release|Any CPU
		{DC97206A-E9CE-4915-810F-7B4AD9B77031}.Ad-Hoc|x64.Build.0 = Release|Any CPU
		{DC97206A-E9CE-4915-810F-7B4AD9B77031}.Ad-Hoc|x86.ActiveCfg = Release|Any CPU
		{DC97206A-E9CE-4915-810F-7B4AD9B77031}.Ad-Hoc|x86.Build.0 = Release|Any CPU
		{DC97206A-E9CE-4915-810F-7B4AD9B77031}.AppStore|Any CPU.ActiveCfg = Release|Any CPU
		{DC97206A-E9CE-4915-810F-7B4AD9B77031}.AppStore|Any CPU.Build.0 = Release|Any CPU
		{DC97206A-E9CE-4915-810F-7B4AD9B77031}.AppStore|ARM.ActiveCfg = Release|Any CPU
		{DC97206A-E9CE-4915-810F-7B4AD9B77031}.AppStore|ARM.Build.0 = Release|Any CPU
		{DC97206A-E9CE-4915-810F-7B4AD9B77031}.AppStore|iPhone.ActiveCfg = Release|Any CPU
		{DC97206A-E9CE-4915-810F-7B4AD9B77031}.AppStore|iPhone.Build.0 = Release|Any CPU
		{DC97206A-E9CE-4915-810F-7B4AD9B77031}.AppStore|iPhoneSimulator.ActiveCfg = Release|Any CPU
		{DC97206A-E9CE-4915-810F-7B4AD9B77031}.AppStore|iPhoneSimulator.Build.0 = Release|Any CPU
		{DC97206A-E9CE-4915-810F-7B4AD9B77031}.AppStore|x64.ActiveCfg = Release|Any CPU
		{DC97206A-E9CE-4915-810F-7B4AD9B77031}.AppStore|x64.Build.0 = Release|Any CPU
		{DC97206A-E9CE-4915-810F-7B4AD9B77031}.AppStore|x86.ActiveCfg = Release|Any CPU
		{DC97206A-E9CE-4915-810F-7B4AD9B77031}.AppStore|x86.Build.0 = Release|Any CPU
		{DC97206A-E9CE-4915-810F-7B4AD9B77031}.Debug|Any CPU.ActiveCfg = Debug|Any CPU
		{DC97206A-E9CE-4915-810F-7B4AD9B77031}.Debug|Any CPU.Build.0 = Debug|Any CPU
		{DC97206A-E9CE-4915-810F-7B4AD9B77031}.Debug|ARM.ActiveCfg = Debug|Any CPU
		{DC97206A-E9CE-4915-810F-7B4AD9B77031}.Debug|ARM.Build.0 = Debug|Any CPU
		{DC97206A-E9CE-4915-810F-7B4AD9B77031}.Debug|iPhone.ActiveCfg = Debug|Any CPU
		{DC97206A-E9CE-4915-810F-7B4AD9B77031}.Debug|iPhone.Build.0 = Debug|Any CPU
		{DC97206A-E9CE-4915-810F-7B4AD9B77031}.Debug|iPhoneSimulator.ActiveCfg = Debug|Any CPU
		{DC97206A-E9CE-4915-810F-7B4AD9B77031}.Debug|iPhoneSimulator.Build.0 = Debug|Any CPU
		{DC97206A-E9CE-4915-810F-7B4AD9B77031}.Debug|x64.ActiveCfg = Debug|Any CPU
		{DC97206A-E9CE-4915-810F-7B4AD9B77031}.Debug|x64.Build.0 = Debug|Any CPU
		{DC97206A-E9CE-4915-810F-7B4AD9B77031}.Debug|x86.ActiveCfg = Debug|Any CPU
		{DC97206A-E9CE-4915-810F-7B4AD9B77031}.Debug|x86.Build.0 = Debug|Any CPU
		{DC97206A-E9CE-4915-810F-7B4AD9B77031}.Release|Any CPU.ActiveCfg = Release|Any CPU
		{DC97206A-E9CE-4915-810F-7B4AD9B77031}.Release|Any CPU.Build.0 = Release|Any CPU
		{DC97206A-E9CE-4915-810F-7B4AD9B77031}.Release|ARM.ActiveCfg = Release|Any CPU
		{DC97206A-E9CE-4915-810F-7B4AD9B77031}.Release|ARM.Build.0 = Release|Any CPU
		{DC97206A-E9CE-4915-810F-7B4AD9B77031}.Release|iPhone.ActiveCfg = Release|Any CPU
		{DC97206A-E9CE-4915-810F-7B4AD9B77031}.Release|iPhone.Build.0 = Release|Any CPU
		{DC97206A-E9CE-4915-810F-7B4AD9B77031}.Release|iPhoneSimulator.ActiveCfg = Release|Any CPU
		{DC97206A-E9CE-4915-810F-7B4AD9B77031}.Release|iPhoneSimulator.Build.0 = Release|Any CPU
		{DC97206A-E9CE-4915-810F-7B4AD9B77031}.Release|x64.ActiveCfg = Release|Any CPU
		{DC97206A-E9CE-4915-810F-7B4AD9B77031}.Release|x64.Build.0 = Release|Any CPU
		{DC97206A-E9CE-4915-810F-7B4AD9B77031}.Release|x86.ActiveCfg = Release|Any CPU
		{DC97206A-E9CE-4915-810F-7B4AD9B77031}.Release|x86.Build.0 = Release|Any CPU
		{E612FED5-D147-4647-821E-F1266A7ECA61}.Ad-Hoc|Any CPU.ActiveCfg = Ad-Hoc|iPhone
		{E612FED5-D147-4647-821E-F1266A7ECA61}.Ad-Hoc|ARM.ActiveCfg = Ad-Hoc|iPhone
		{E612FED5-D147-4647-821E-F1266A7ECA61}.Ad-Hoc|iPhone.ActiveCfg = Ad-Hoc|iPhone
		{E612FED5-D147-4647-821E-F1266A7ECA61}.Ad-Hoc|iPhone.Build.0 = Ad-Hoc|iPhone
		{E612FED5-D147-4647-821E-F1266A7ECA61}.Ad-Hoc|iPhoneSimulator.ActiveCfg = Ad-Hoc|iPhoneSimulator
		{E612FED5-D147-4647-821E-F1266A7ECA61}.Ad-Hoc|iPhoneSimulator.Build.0 = Ad-Hoc|iPhoneSimulator
		{E612FED5-D147-4647-821E-F1266A7ECA61}.Ad-Hoc|x64.ActiveCfg = Ad-Hoc|iPhoneSimulator
		{E612FED5-D147-4647-821E-F1266A7ECA61}.Ad-Hoc|x86.ActiveCfg = Ad-Hoc|iPhone
		{E612FED5-D147-4647-821E-F1266A7ECA61}.AppStore|Any CPU.ActiveCfg = AppStore|iPhone
		{E612FED5-D147-4647-821E-F1266A7ECA61}.AppStore|ARM.ActiveCfg = AppStore|iPhone
		{E612FED5-D147-4647-821E-F1266A7ECA61}.AppStore|iPhone.ActiveCfg = AppStore|iPhone
		{E612FED5-D147-4647-821E-F1266A7ECA61}.AppStore|iPhone.Build.0 = AppStore|iPhone
		{E612FED5-D147-4647-821E-F1266A7ECA61}.AppStore|iPhoneSimulator.ActiveCfg = AppStore|iPhoneSimulator
		{E612FED5-D147-4647-821E-F1266A7ECA61}.AppStore|iPhoneSimulator.Build.0 = AppStore|iPhoneSimulator
		{E612FED5-D147-4647-821E-F1266A7ECA61}.AppStore|x64.ActiveCfg = AppStore|iPhoneSimulator
		{E612FED5-D147-4647-821E-F1266A7ECA61}.AppStore|x86.ActiveCfg = AppStore|iPhone
		{E612FED5-D147-4647-821E-F1266A7ECA61}.Debug|Any CPU.ActiveCfg = Debug|iPhone
		{E612FED5-D147-4647-821E-F1266A7ECA61}.Debug|ARM.ActiveCfg = Debug|iPhone
		{E612FED5-D147-4647-821E-F1266A7ECA61}.Debug|iPhone.ActiveCfg = Debug|iPhone
		{E612FED5-D147-4647-821E-F1266A7ECA61}.Debug|iPhone.Build.0 = Debug|iPhone
		{E612FED5-D147-4647-821E-F1266A7ECA61}.Debug|iPhoneSimulator.ActiveCfg = Debug|iPhoneSimulator
		{E612FED5-D147-4647-821E-F1266A7ECA61}.Debug|iPhoneSimulator.Build.0 = Debug|iPhoneSimulator
		{E612FED5-D147-4647-821E-F1266A7ECA61}.Debug|x64.ActiveCfg = Debug|iPhoneSimulator
		{E612FED5-D147-4647-821E-F1266A7ECA61}.Debug|x86.ActiveCfg = Debug|iPhone
		{E612FED5-D147-4647-821E-F1266A7ECA61}.Release|Any CPU.ActiveCfg = Release|iPhone
		{E612FED5-D147-4647-821E-F1266A7ECA61}.Release|ARM.ActiveCfg = Release|iPhone
		{E612FED5-D147-4647-821E-F1266A7ECA61}.Release|iPhone.ActiveCfg = Release|iPhone
		{E612FED5-D147-4647-821E-F1266A7ECA61}.Release|iPhone.Build.0 = Release|iPhone
		{E612FED5-D147-4647-821E-F1266A7ECA61}.Release|iPhoneSimulator.ActiveCfg = Release|iPhoneSimulator
		{E612FED5-D147-4647-821E-F1266A7ECA61}.Release|iPhoneSimulator.Build.0 = Release|iPhoneSimulator
		{E612FED5-D147-4647-821E-F1266A7ECA61}.Release|x64.ActiveCfg = Release|iPhoneSimulator
		{E612FED5-D147-4647-821E-F1266A7ECA61}.Release|x86.ActiveCfg = Release|iPhone
		{CFDA8F3E-904D-4AA4-BFB7-6749C38EEA64}.Ad-Hoc|Any CPU.ActiveCfg = Release|Any CPU
		{CFDA8F3E-904D-4AA4-BFB7-6749C38EEA64}.Ad-Hoc|Any CPU.Build.0 = Release|Any CPU
		{CFDA8F3E-904D-4AA4-BFB7-6749C38EEA64}.Ad-Hoc|Any CPU.Deploy.0 = Release|Any CPU
		{CFDA8F3E-904D-4AA4-BFB7-6749C38EEA64}.Ad-Hoc|ARM.ActiveCfg = Release|Any CPU
		{CFDA8F3E-904D-4AA4-BFB7-6749C38EEA64}.Ad-Hoc|ARM.Build.0 = Release|Any CPU
		{CFDA8F3E-904D-4AA4-BFB7-6749C38EEA64}.Ad-Hoc|ARM.Deploy.0 = Release|Any CPU
		{CFDA8F3E-904D-4AA4-BFB7-6749C38EEA64}.Ad-Hoc|iPhone.ActiveCfg = Release|Any CPU
		{CFDA8F3E-904D-4AA4-BFB7-6749C38EEA64}.Ad-Hoc|iPhone.Build.0 = Release|Any CPU
		{CFDA8F3E-904D-4AA4-BFB7-6749C38EEA64}.Ad-Hoc|iPhone.Deploy.0 = Release|Any CPU
		{CFDA8F3E-904D-4AA4-BFB7-6749C38EEA64}.Ad-Hoc|iPhoneSimulator.ActiveCfg = Release|Any CPU
		{CFDA8F3E-904D-4AA4-BFB7-6749C38EEA64}.Ad-Hoc|iPhoneSimulator.Build.0 = Release|Any CPU
		{CFDA8F3E-904D-4AA4-BFB7-6749C38EEA64}.Ad-Hoc|iPhoneSimulator.Deploy.0 = Release|Any CPU
		{CFDA8F3E-904D-4AA4-BFB7-6749C38EEA64}.Ad-Hoc|x64.ActiveCfg = Release|Any CPU
		{CFDA8F3E-904D-4AA4-BFB7-6749C38EEA64}.Ad-Hoc|x64.Build.0 = Release|Any CPU
		{CFDA8F3E-904D-4AA4-BFB7-6749C38EEA64}.Ad-Hoc|x64.Deploy.0 = Release|Any CPU
		{CFDA8F3E-904D-4AA4-BFB7-6749C38EEA64}.Ad-Hoc|x86.ActiveCfg = Release|Any CPU
		{CFDA8F3E-904D-4AA4-BFB7-6749C38EEA64}.Ad-Hoc|x86.Build.0 = Release|Any CPU
		{CFDA8F3E-904D-4AA4-BFB7-6749C38EEA64}.Ad-Hoc|x86.Deploy.0 = Release|Any CPU
		{CFDA8F3E-904D-4AA4-BFB7-6749C38EEA64}.AppStore|Any CPU.ActiveCfg = Release|Any CPU
		{CFDA8F3E-904D-4AA4-BFB7-6749C38EEA64}.AppStore|Any CPU.Build.0 = Release|Any CPU
		{CFDA8F3E-904D-4AA4-BFB7-6749C38EEA64}.AppStore|Any CPU.Deploy.0 = Release|Any CPU
		{CFDA8F3E-904D-4AA4-BFB7-6749C38EEA64}.AppStore|ARM.ActiveCfg = Release|Any CPU
		{CFDA8F3E-904D-4AA4-BFB7-6749C38EEA64}.AppStore|ARM.Build.0 = Release|Any CPU
		{CFDA8F3E-904D-4AA4-BFB7-6749C38EEA64}.AppStore|ARM.Deploy.0 = Release|Any CPU
		{CFDA8F3E-904D-4AA4-BFB7-6749C38EEA64}.AppStore|iPhone.ActiveCfg = Release|Any CPU
		{CFDA8F3E-904D-4AA4-BFB7-6749C38EEA64}.AppStore|iPhone.Build.0 = Release|Any CPU
		{CFDA8F3E-904D-4AA4-BFB7-6749C38EEA64}.AppStore|iPhone.Deploy.0 = Release|Any CPU
		{CFDA8F3E-904D-4AA4-BFB7-6749C38EEA64}.AppStore|iPhoneSimulator.ActiveCfg = Release|Any CPU
		{CFDA8F3E-904D-4AA4-BFB7-6749C38EEA64}.AppStore|iPhoneSimulator.Build.0 = Release|Any CPU
		{CFDA8F3E-904D-4AA4-BFB7-6749C38EEA64}.AppStore|iPhoneSimulator.Deploy.0 = Release|Any CPU
		{CFDA8F3E-904D-4AA4-BFB7-6749C38EEA64}.AppStore|x64.ActiveCfg = Release|Any CPU
		{CFDA8F3E-904D-4AA4-BFB7-6749C38EEA64}.AppStore|x64.Build.0 = Release|Any CPU
		{CFDA8F3E-904D-4AA4-BFB7-6749C38EEA64}.AppStore|x64.Deploy.0 = Release|Any CPU
		{CFDA8F3E-904D-4AA4-BFB7-6749C38EEA64}.AppStore|x86.ActiveCfg = Release|Any CPU
		{CFDA8F3E-904D-4AA4-BFB7-6749C38EEA64}.AppStore|x86.Build.0 = Release|Any CPU
		{CFDA8F3E-904D-4AA4-BFB7-6749C38EEA64}.AppStore|x86.Deploy.0 = Release|Any CPU
		{CFDA8F3E-904D-4AA4-BFB7-6749C38EEA64}.Debug|Any CPU.ActiveCfg = Debug|Any CPU
		{CFDA8F3E-904D-4AA4-BFB7-6749C38EEA64}.Debug|Any CPU.Build.0 = Debug|Any CPU
		{CFDA8F3E-904D-4AA4-BFB7-6749C38EEA64}.Debug|Any CPU.Deploy.0 = Debug|Any CPU
		{CFDA8F3E-904D-4AA4-BFB7-6749C38EEA64}.Debug|ARM.ActiveCfg = Debug|Any CPU
		{CFDA8F3E-904D-4AA4-BFB7-6749C38EEA64}.Debug|ARM.Build.0 = Debug|Any CPU
		{CFDA8F3E-904D-4AA4-BFB7-6749C38EEA64}.Debug|ARM.Deploy.0 = Debug|Any CPU
		{CFDA8F3E-904D-4AA4-BFB7-6749C38EEA64}.Debug|iPhone.ActiveCfg = Debug|Any CPU
		{CFDA8F3E-904D-4AA4-BFB7-6749C38EEA64}.Debug|iPhone.Build.0 = Debug|Any CPU
		{CFDA8F3E-904D-4AA4-BFB7-6749C38EEA64}.Debug|iPhone.Deploy.0 = Debug|Any CPU
		{CFDA8F3E-904D-4AA4-BFB7-6749C38EEA64}.Debug|iPhoneSimulator.ActiveCfg = Debug|Any CPU
		{CFDA8F3E-904D-4AA4-BFB7-6749C38EEA64}.Debug|iPhoneSimulator.Build.0 = Debug|Any CPU
		{CFDA8F3E-904D-4AA4-BFB7-6749C38EEA64}.Debug|iPhoneSimulator.Deploy.0 = Debug|Any CPU
		{CFDA8F3E-904D-4AA4-BFB7-6749C38EEA64}.Debug|x64.ActiveCfg = Debug|Any CPU
		{CFDA8F3E-904D-4AA4-BFB7-6749C38EEA64}.Debug|x64.Build.0 = Debug|Any CPU
		{CFDA8F3E-904D-4AA4-BFB7-6749C38EEA64}.Debug|x64.Deploy.0 = Debug|Any CPU
		{CFDA8F3E-904D-4AA4-BFB7-6749C38EEA64}.Debug|x86.ActiveCfg = Debug|Any CPU
		{CFDA8F3E-904D-4AA4-BFB7-6749C38EEA64}.Debug|x86.Build.0 = Debug|Any CPU
		{CFDA8F3E-904D-4AA4-BFB7-6749C38EEA64}.Debug|x86.Deploy.0 = Debug|Any CPU
		{CFDA8F3E-904D-4AA4-BFB7-6749C38EEA64}.Release|Any CPU.ActiveCfg = Release|Any CPU
		{CFDA8F3E-904D-4AA4-BFB7-6749C38EEA64}.Release|Any CPU.Build.0 = Release|Any CPU
		{CFDA8F3E-904D-4AA4-BFB7-6749C38EEA64}.Release|Any CPU.Deploy.0 = Release|Any CPU
		{CFDA8F3E-904D-4AA4-BFB7-6749C38EEA64}.Release|ARM.ActiveCfg = Release|Any CPU
		{CFDA8F3E-904D-4AA4-BFB7-6749C38EEA64}.Release|ARM.Build.0 = Release|Any CPU
		{CFDA8F3E-904D-4AA4-BFB7-6749C38EEA64}.Release|ARM.Deploy.0 = Release|Any CPU
		{CFDA8F3E-904D-4AA4-BFB7-6749C38EEA64}.Release|iPhone.ActiveCfg = Release|Any CPU
		{CFDA8F3E-904D-4AA4-BFB7-6749C38EEA64}.Release|iPhone.Build.0 = Release|Any CPU
		{CFDA8F3E-904D-4AA4-BFB7-6749C38EEA64}.Release|iPhone.Deploy.0 = Release|Any CPU
		{CFDA8F3E-904D-4AA4-BFB7-6749C38EEA64}.Release|iPhoneSimulator.ActiveCfg = Release|Any CPU
		{CFDA8F3E-904D-4AA4-BFB7-6749C38EEA64}.Release|iPhoneSimulator.Build.0 = Release|Any CPU
		{CFDA8F3E-904D-4AA4-BFB7-6749C38EEA64}.Release|iPhoneSimulator.Deploy.0 = Release|Any CPU
		{CFDA8F3E-904D-4AA4-BFB7-6749C38EEA64}.Release|x64.ActiveCfg = Release|Any CPU
		{CFDA8F3E-904D-4AA4-BFB7-6749C38EEA64}.Release|x64.Build.0 = Release|Any CPU
		{CFDA8F3E-904D-4AA4-BFB7-6749C38EEA64}.Release|x64.Deploy.0 = Release|Any CPU
		{CFDA8F3E-904D-4AA4-BFB7-6749C38EEA64}.Release|x86.ActiveCfg = Release|Any CPU
		{CFDA8F3E-904D-4AA4-BFB7-6749C38EEA64}.Release|x86.Build.0 = Release|Any CPU
		{CFDA8F3E-904D-4AA4-BFB7-6749C38EEA64}.Release|x86.Deploy.0 = Release|Any CPU
		{8C6D77C2-5F93-4F66-A590-64473BF74A1D}.Ad-Hoc|Any CPU.ActiveCfg = Release|x86
		{8C6D77C2-5F93-4F66-A590-64473BF74A1D}.Ad-Hoc|Any CPU.Build.0 = Release|x86
		{8C6D77C2-5F93-4F66-A590-64473BF74A1D}.Ad-Hoc|Any CPU.Deploy.0 = Release|x86
		{8C6D77C2-5F93-4F66-A590-64473BF74A1D}.Ad-Hoc|ARM.ActiveCfg = Release|ARM
		{8C6D77C2-5F93-4F66-A590-64473BF74A1D}.Ad-Hoc|ARM.Build.0 = Release|ARM
		{8C6D77C2-5F93-4F66-A590-64473BF74A1D}.Ad-Hoc|ARM.Deploy.0 = Release|ARM
		{8C6D77C2-5F93-4F66-A590-64473BF74A1D}.Ad-Hoc|iPhone.ActiveCfg = Release|x86
		{8C6D77C2-5F93-4F66-A590-64473BF74A1D}.Ad-Hoc|iPhone.Build.0 = Release|x86
		{8C6D77C2-5F93-4F66-A590-64473BF74A1D}.Ad-Hoc|iPhone.Deploy.0 = Release|x86
		{8C6D77C2-5F93-4F66-A590-64473BF74A1D}.Ad-Hoc|iPhoneSimulator.ActiveCfg = Release|x86
		{8C6D77C2-5F93-4F66-A590-64473BF74A1D}.Ad-Hoc|iPhoneSimulator.Build.0 = Release|x86
		{8C6D77C2-5F93-4F66-A590-64473BF74A1D}.Ad-Hoc|iPhoneSimulator.Deploy.0 = Release|x86
		{8C6D77C2-5F93-4F66-A590-64473BF74A1D}.Ad-Hoc|x64.ActiveCfg = Release|x64
		{8C6D77C2-5F93-4F66-A590-64473BF74A1D}.Ad-Hoc|x64.Build.0 = Release|x64
		{8C6D77C2-5F93-4F66-A590-64473BF74A1D}.Ad-Hoc|x64.Deploy.0 = Release|x64
		{8C6D77C2-5F93-4F66-A590-64473BF74A1D}.Ad-Hoc|x86.ActiveCfg = Release|x86
		{8C6D77C2-5F93-4F66-A590-64473BF74A1D}.Ad-Hoc|x86.Build.0 = Release|x86
		{8C6D77C2-5F93-4F66-A590-64473BF74A1D}.Ad-Hoc|x86.Deploy.0 = Release|x86
		{8C6D77C2-5F93-4F66-A590-64473BF74A1D}.AppStore|Any CPU.ActiveCfg = Release|x86
		{8C6D77C2-5F93-4F66-A590-64473BF74A1D}.AppStore|Any CPU.Build.0 = Release|x86
		{8C6D77C2-5F93-4F66-A590-64473BF74A1D}.AppStore|Any CPU.Deploy.0 = Release|x86
		{8C6D77C2-5F93-4F66-A590-64473BF74A1D}.AppStore|ARM.ActiveCfg = Release|ARM
		{8C6D77C2-5F93-4F66-A590-64473BF74A1D}.AppStore|ARM.Build.0 = Release|ARM
		{8C6D77C2-5F93-4F66-A590-64473BF74A1D}.AppStore|ARM.Deploy.0 = Release|ARM
		{8C6D77C2-5F93-4F66-A590-64473BF74A1D}.AppStore|iPhone.ActiveCfg = Release|x86
		{8C6D77C2-5F93-4F66-A590-64473BF74A1D}.AppStore|iPhone.Build.0 = Release|x86
		{8C6D77C2-5F93-4F66-A590-64473BF74A1D}.AppStore|iPhone.Deploy.0 = Release|x86
		{8C6D77C2-5F93-4F66-A590-64473BF74A1D}.AppStore|iPhoneSimulator.ActiveCfg = Release|x86
		{8C6D77C2-5F93-4F66-A590-64473BF74A1D}.AppStore|iPhoneSimulator.Build.0 = Release|x86
		{8C6D77C2-5F93-4F66-A590-64473BF74A1D}.AppStore|iPhoneSimulator.Deploy.0 = Release|x86
		{8C6D77C2-5F93-4F66-A590-64473BF74A1D}.AppStore|x64.ActiveCfg = Release|x64
		{8C6D77C2-5F93-4F66-A590-64473BF74A1D}.AppStore|x64.Build.0 = Release|x64
		{8C6D77C2-5F93-4F66-A590-64473BF74A1D}.AppStore|x64.Deploy.0 = Release|x64
		{8C6D77C2-5F93-4F66-A590-64473BF74A1D}.AppStore|x86.ActiveCfg = Release|x86
		{8C6D77C2-5F93-4F66-A590-64473BF74A1D}.AppStore|x86.Build.0 = Release|x86
		{8C6D77C2-5F93-4F66-A590-64473BF74A1D}.AppStore|x86.Deploy.0 = Release|x86
		{8C6D77C2-5F93-4F66-A590-64473BF74A1D}.Debug|Any CPU.ActiveCfg = Debug|x86
		{8C6D77C2-5F93-4F66-A590-64473BF74A1D}.Debug|Any CPU.Build.0 = Debug|x86
		{8C6D77C2-5F93-4F66-A590-64473BF74A1D}.Debug|Any CPU.Deploy.0 = Debug|x86
		{8C6D77C2-5F93-4F66-A590-64473BF74A1D}.Debug|ARM.ActiveCfg = Debug|ARM
		{8C6D77C2-5F93-4F66-A590-64473BF74A1D}.Debug|ARM.Build.0 = Debug|ARM
		{8C6D77C2-5F93-4F66-A590-64473BF74A1D}.Debug|ARM.Deploy.0 = Debug|ARM
		{8C6D77C2-5F93-4F66-A590-64473BF74A1D}.Debug|iPhone.ActiveCfg = Debug|x86
		{8C6D77C2-5F93-4F66-A590-64473BF74A1D}.Debug|iPhone.Build.0 = Debug|x86
		{8C6D77C2-5F93-4F66-A590-64473BF74A1D}.Debug|iPhone.Deploy.0 = Debug|x86
		{8C6D77C2-5F93-4F66-A590-64473BF74A1D}.Debug|iPhoneSimulator.ActiveCfg = Debug|x86
		{8C6D77C2-5F93-4F66-A590-64473BF74A1D}.Debug|iPhoneSimulator.Build.0 = Debug|x86
		{8C6D77C2-5F93-4F66-A590-64473BF74A1D}.Debug|iPhoneSimulator.Deploy.0 = Debug|x86
		{8C6D77C2-5F93-4F66-A590-64473BF74A1D}.Debug|x64.ActiveCfg = Debug|x64
		{8C6D77C2-5F93-4F66-A590-64473BF74A1D}.Debug|x64.Build.0 = Debug|x64
		{8C6D77C2-5F93-4F66-A590-64473BF74A1D}.Debug|x64.Deploy.0 = Debug|x64
		{8C6D77C2-5F93-4F66-A590-64473BF74A1D}.Debug|x86.ActiveCfg = Debug|x86
		{8C6D77C2-5F93-4F66-A590-64473BF74A1D}.Debug|x86.Build.0 = Debug|x86
		{8C6D77C2-5F93-4F66-A590-64473BF74A1D}.Debug|x86.Deploy.0 = Debug|x86
		{8C6D77C2-5F93-4F66-A590-64473BF74A1D}.Release|Any CPU.ActiveCfg = Release|x86
		{8C6D77C2-5F93-4F66-A590-64473BF74A1D}.Release|Any CPU.Build.0 = Release|x86
		{8C6D77C2-5F93-4F66-A590-64473BF74A1D}.Release|Any CPU.Deploy.0 = Release|x86
		{8C6D77C2-5F93-4F66-A590-64473BF74A1D}.Release|ARM.ActiveCfg = Release|ARM
		{8C6D77C2-5F93-4F66-A590-64473BF74A1D}.Release|ARM.Build.0 = Release|ARM
		{8C6D77C2-5F93-4F66-A590-64473BF74A1D}.Release|ARM.Deploy.0 = Release|ARM
		{8C6D77C2-5F93-4F66-A590-64473BF74A1D}.Release|iPhone.ActiveCfg = Release|x86
		{8C6D77C2-5F93-4F66-A590-64473BF74A1D}.Release|iPhone.Build.0 = Release|x86
		{8C6D77C2-5F93-4F66-A590-64473BF74A1D}.Release|iPhone.Deploy.0 = Release|x86
		{8C6D77C2-5F93-4F66-A590-64473BF74A1D}.Release|iPhoneSimulator.ActiveCfg = Release|x86
		{8C6D77C2-5F93-4F66-A590-64473BF74A1D}.Release|iPhoneSimulator.Build.0 = Release|x86
		{8C6D77C2-5F93-4F66-A590-64473BF74A1D}.Release|iPhoneSimulator.Deploy.0 = Release|x86
		{8C6D77C2-5F93-4F66-A590-64473BF74A1D}.Release|x64.ActiveCfg = Release|x64
		{8C6D77C2-5F93-4F66-A590-64473BF74A1D}.Release|x64.Build.0 = Release|x64
		{8C6D77C2-5F93-4F66-A590-64473BF74A1D}.Release|x64.Deploy.0 = Release|x64
		{8C6D77C2-5F93-4F66-A590-64473BF74A1D}.Release|x86.ActiveCfg = Release|x86
		{8C6D77C2-5F93-4F66-A590-64473BF74A1D}.Release|x86.Build.0 = Release|x86
		{8C6D77C2-5F93-4F66-A590-64473BF74A1D}.Release|x86.Deploy.0 = Release|x86
	EndGlobalSection
	GlobalSection(SolutionProperties) = preSolution
		HideSolutionNode = FALSE
	EndGlobalSection
EndGlobal
