
Microsoft Visual Studio Solution File, Format Version 12.00
# Visual Studio 14
VisualStudioVersion = 14.0.23107.0
MinimumVisualStudioVersion = 10.0.40219.1
Project("{FAE04EC0-301F-11D3-BF4B-00C04F79EFBC}") = "EntrySwell", "EntrySwell\EntrySwell\EntrySwell.csproj", "{E41BE550-F9A0-4CA1-AC24-F0CDA943B1E7}"
EndProject
Project("{FAE04EC0-301F-11D3-BF4B-00C04F79EFBC}") = "EntrySwell.iOS", "EntrySwell\EntrySwell.iOS\EntrySwell.iOS.csproj", "{4FF76A87-105F-4B3D-AD35-9F956CEFE364}"
EndProject
Project("{FAE04EC0-301F-11D3-BF4B-00C04F79EFBC}") = "EntrySwell.Droid", "EntrySwell\EntrySwell.Droid\EntrySwell.Droid.csproj", "{734F2F59-9584-443E-BD78-90FFACE707EC}"
EndProject
Project("{FAE04EC0-301F-11D3-BF4B-00C04F79EFBC}") = "Xamarin.FormsBook.Toolkit", "..\..\Libraries\Xamarin.FormsBook.Toolkit\Xamarin.FormsBook.Toolkit\Xamarin.FormsBook.Toolkit.csproj", "{58EEAFFF-D1BB-4375-AEFC-8270F8415DCE}"
EndProject
Project("{FAE04EC0-301F-11D3-BF4B-00C04F79EFBC}") = "EntrySwell.UWP", "EntrySwell\EntrySwell.UWP\EntrySwell.UWP.csproj", "{94269E8C-3479-45B1-ADA5-3AD3B5C4DAAC}"
EndProject
Global
	GlobalSection(SolutionConfigurationPlatforms) = preSolution
		Ad-Hoc|Any CPU = Ad-Hoc|Any CPU
		Ad-Hoc|ARM = Ad-Hoc|ARM
		Ad-Hoc|iPhone = Ad-Hoc|iPhone
		Ad-Hoc|iPhoneSimulator = Ad-Hoc|iPhoneSimulator
		Ad-Hoc|x64 = Ad-Hoc|x64
		Ad-Hoc|x86 = Ad-Hoc|x86
		AppStore|Any CPU = AppStore|Any CPU
		AppStore|ARM = AppStore|ARM
		AppStore|iPhone = AppStore|iPhone
		AppStore|iPhoneSimulator = AppStore|iPhoneSimulator
		AppStore|x64 = AppStore|x64
		AppStore|x86 = AppStore|x86
		Debug|Any CPU = Debug|Any CPU
		Debug|ARM = Debug|ARM
		Debug|iPhone = Debug|iPhone
		Debug|iPhoneSimulator = Debug|iPhoneSimulator
		Debug|x64 = Debug|x64
		Debug|x86 = Debug|x86
		Release|Any CPU = Release|Any CPU
		Release|ARM = Release|ARM
		Release|iPhone = Release|iPhone
		Release|iPhoneSimulator = Release|iPhoneSimulator
		Release|x64 = Release|x64
		Release|x86 = Release|x86
	EndGlobalSection
	GlobalSection(ProjectConfigurationPlatforms) = postSolution
		{E41BE550-F9A0-4CA1-AC24-F0CDA943B1E7}.Ad-Hoc|Any CPU.ActiveCfg = Release|Any CPU
		{E41BE550-F9A0-4CA1-AC24-F0CDA943B1E7}.Ad-Hoc|Any CPU.Build.0 = Release|Any CPU
		{E41BE550-F9A0-4CA1-AC24-F0CDA943B1E7}.Ad-Hoc|ARM.ActiveCfg = Release|Any CPU
		{E41BE550-F9A0-4CA1-AC24-F0CDA943B1E7}.Ad-Hoc|ARM.Build.0 = Release|Any CPU
		{E41BE550-F9A0-4CA1-AC24-F0CDA943B1E7}.Ad-Hoc|iPhone.ActiveCfg = Release|Any CPU
		{E41BE550-F9A0-4CA1-AC24-F0CDA943B1E7}.Ad-Hoc|iPhone.Build.0 = Release|Any CPU
		{E41BE550-F9A0-4CA1-AC24-F0CDA943B1E7}.Ad-Hoc|iPhoneSimulator.ActiveCfg = Release|Any CPU
		{E41BE550-F9A0-4CA1-AC24-F0CDA943B1E7}.Ad-Hoc|iPhoneSimulator.Build.0 = Release|Any CPU
		{E41BE550-F9A0-4CA1-AC24-F0CDA943B1E7}.Ad-Hoc|x64.ActiveCfg = Release|Any CPU
		{E41BE550-F9A0-4CA1-AC24-F0CDA943B1E7}.Ad-Hoc|x64.Build.0 = Release|Any CPU
		{E41BE550-F9A0-4CA1-AC24-F0CDA943B1E7}.Ad-Hoc|x86.ActiveCfg = Release|Any CPU
		{E41BE550-F9A0-4CA1-AC24-F0CDA943B1E7}.Ad-Hoc|x86.Build.0 = Release|Any CPU
		{E41BE550-F9A0-4CA1-AC24-F0CDA943B1E7}.AppStore|Any CPU.ActiveCfg = Release|Any CPU
		{E41BE550-F9A0-4CA1-AC24-F0CDA943B1E7}.AppStore|Any CPU.Build.0 = Release|Any CPU
		{E41BE550-F9A0-4CA1-AC24-F0CDA943B1E7}.AppStore|ARM.ActiveCfg = Release|Any CPU
		{E41BE550-F9A0-4CA1-AC24-F0CDA943B1E7}.AppStore|ARM.Build.0 = Release|Any CPU
		{E41BE550-F9A0-4CA1-AC24-F0CDA943B1E7}.AppStore|iPhone.ActiveCfg = Release|Any CPU
		{E41BE550-F9A0-4CA1-AC24-F0CDA943B1E7}.AppStore|iPhone.Build.0 = Release|Any CPU
		{E41BE550-F9A0-4CA1-AC24-F0CDA943B1E7}.AppStore|iPhoneSimulator.ActiveCfg = Release|Any CPU
		{E41BE550-F9A0-4CA1-AC24-F0CDA943B1E7}.AppStore|iPhoneSimulator.Build.0 = Release|Any CPU
		{E41BE550-F9A0-4CA1-AC24-F0CDA943B1E7}.AppStore|x64.ActiveCfg = Release|Any CPU
		{E41BE550-F9A0-4CA1-AC24-F0CDA943B1E7}.AppStore|x64.Build.0 = Release|Any CPU
		{E41BE550-F9A0-4CA1-AC24-F0CDA943B1E7}.AppStore|x86.ActiveCfg = Release|Any CPU
		{E41BE550-F9A0-4CA1-AC24-F0CDA943B1E7}.AppStore|x86.Build.0 = Release|Any CPU
		{E41BE550-F9A0-4CA1-AC24-F0CDA943B1E7}.Debug|Any CPU.ActiveCfg = Debug|Any CPU
		{E41BE550-F9A0-4CA1-AC24-F0CDA943B1E7}.Debug|Any CPU.Build.0 = Debug|Any CPU
		{E41BE550-F9A0-4CA1-AC24-F0CDA943B1E7}.Debug|ARM.ActiveCfg = Debug|Any CPU
		{E41BE550-F9A0-4CA1-AC24-F0CDA943B1E7}.Debug|ARM.Build.0 = Debug|Any CPU
		{E41BE550-F9A0-4CA1-AC24-F0CDA943B1E7}.Debug|iPhone.ActiveCfg = Debug|Any CPU
		{E41BE550-F9A0-4CA1-AC24-F0CDA943B1E7}.Debug|iPhone.Build.0 = Debug|Any CPU
		{E41BE550-F9A0-4CA1-AC24-F0CDA943B1E7}.Debug|iPhoneSimulator.ActiveCfg = Debug|Any CPU
		{E41BE550-F9A0-4CA1-AC24-F0CDA943B1E7}.Debug|iPhoneSimulator.Build.0 = Debug|Any CPU
		{E41BE550-F9A0-4CA1-AC24-F0CDA943B1E7}.Debug|x64.ActiveCfg = Debug|Any CPU
		{E41BE550-F9A0-4CA1-AC24-F0CDA943B1E7}.Debug|x64.Build.0 = Debug|Any CPU
		{E41BE550-F9A0-4CA1-AC24-F0CDA943B1E7}.Debug|x86.ActiveCfg = Debug|Any CPU
		{E41BE550-F9A0-4CA1-AC24-F0CDA943B1E7}.Debug|x86.Build.0 = Debug|Any CPU
		{E41BE550-F9A0-4CA1-AC24-F0CDA943B1E7}.Release|Any CPU.ActiveCfg = Release|Any CPU
		{E41BE550-F9A0-4CA1-AC24-F0CDA943B1E7}.Release|Any CPU.Build.0 = Release|Any CPU
		{E41BE550-F9A0-4CA1-AC24-F0CDA943B1E7}.Release|ARM.ActiveCfg = Release|Any CPU
		{E41BE550-F9A0-4CA1-AC24-F0CDA943B1E7}.Release|ARM.Build.0 = Release|Any CPU
		{E41BE550-F9A0-4CA1-AC24-F0CDA943B1E7}.Release|iPhone.ActiveCfg = Release|Any CPU
		{E41BE550-F9A0-4CA1-AC24-F0CDA943B1E7}.Release|iPhone.Build.0 = Release|Any CPU
		{E41BE550-F9A0-4CA1-AC24-F0CDA943B1E7}.Release|iPhoneSimulator.ActiveCfg = Release|Any CPU
		{E41BE550-F9A0-4CA1-AC24-F0CDA943B1E7}.Release|iPhoneSimulator.Build.0 = Release|Any CPU
		{E41BE550-F9A0-4CA1-AC24-F0CDA943B1E7}.Release|x64.ActiveCfg = Release|Any CPU
		{E41BE550-F9A0-4CA1-AC24-F0CDA943B1E7}.Release|x64.Build.0 = Release|Any CPU
		{E41BE550-F9A0-4CA1-AC24-F0CDA943B1E7}.Release|x86.ActiveCfg = Release|Any CPU
		{E41BE550-F9A0-4CA1-AC24-F0CDA943B1E7}.Release|x86.Build.0 = Release|Any CPU
		{4FF76A87-105F-4B3D-AD35-9F956CEFE364}.Ad-Hoc|Any CPU.ActiveCfg = Ad-Hoc|iPhone
		{4FF76A87-105F-4B3D-AD35-9F956CEFE364}.Ad-Hoc|ARM.ActiveCfg = Ad-Hoc|iPhone
		{4FF76A87-105F-4B3D-AD35-9F956CEFE364}.Ad-Hoc|iPhone.ActiveCfg = Ad-Hoc|iPhone
		{4FF76A87-105F-4B3D-AD35-9F956CEFE364}.Ad-Hoc|iPhone.Build.0 = Ad-Hoc|iPhone
		{4FF76A87-105F-4B3D-AD35-9F956CEFE364}.Ad-Hoc|iPhoneSimulator.ActiveCfg = Ad-Hoc|iPhoneSimulator
		{4FF76A87-105F-4B3D-AD35-9F956CEFE364}.Ad-Hoc|iPhoneSimulator.Build.0 = Ad-Hoc|iPhoneSimulator
		{4FF76A87-105F-4B3D-AD35-9F956CEFE364}.Ad-Hoc|x64.ActiveCfg = Ad-Hoc|iPhoneSimulator
		{4FF76A87-105F-4B3D-AD35-9F956CEFE364}.Ad-Hoc|x86.ActiveCfg = Ad-Hoc|iPhone
		{4FF76A87-105F-4B3D-AD35-9F956CEFE364}.AppStore|Any CPU.ActiveCfg = AppStore|iPhone
		{4FF76A87-105F-4B3D-AD35-9F956CEFE364}.AppStore|ARM.ActiveCfg = AppStore|iPhone
		{4FF76A87-105F-4B3D-AD35-9F956CEFE364}.AppStore|iPhone.ActiveCfg = AppStore|iPhone
		{4FF76A87-105F-4B3D-AD35-9F956CEFE364}.AppStore|iPhone.Build.0 = AppStore|iPhone
		{4FF76A87-105F-4B3D-AD35-9F956CEFE364}.AppStore|iPhoneSimulator.ActiveCfg = AppStore|iPhoneSimulator
		{4FF76A87-105F-4B3D-AD35-9F956CEFE364}.AppStore|iPhoneSimulator.Build.0 = AppStore|iPhoneSimulator
		{4FF76A87-105F-4B3D-AD35-9F956CEFE364}.AppStore|x64.ActiveCfg = AppStore|iPhoneSimulator
		{4FF76A87-105F-4B3D-AD35-9F956CEFE364}.AppStore|x86.ActiveCfg = AppStore|iPhone
		{4FF76A87-105F-4B3D-AD35-9F956CEFE364}.Debug|Any CPU.ActiveCfg = Debug|iPhone
		{4FF76A87-105F-4B3D-AD35-9F956CEFE364}.Debug|ARM.ActiveCfg = Debug|iPhone
		{4FF76A87-105F-4B3D-AD35-9F956CEFE364}.Debug|iPhone.ActiveCfg = Debug|iPhone
		{4FF76A87-105F-4B3D-AD35-9F956CEFE364}.Debug|iPhone.Build.0 = Debug|iPhone
		{4FF76A87-105F-4B3D-AD35-9F956CEFE364}.Debug|iPhoneSimulator.ActiveCfg = Debug|iPhoneSimulator
		{4FF76A87-105F-4B3D-AD35-9F956CEFE364}.Debug|iPhoneSimulator.Build.0 = Debug|iPhoneSimulator
		{4FF76A87-105F-4B3D-AD35-9F956CEFE364}.Debug|x64.ActiveCfg = Debug|iPhoneSimulator
		{4FF76A87-105F-4B3D-AD35-9F956CEFE364}.Debug|x86.ActiveCfg = Debug|iPhone
		{4FF76A87-105F-4B3D-AD35-9F956CEFE364}.Release|Any CPU.ActiveCfg = Release|iPhone
		{4FF76A87-105F-4B3D-AD35-9F956CEFE364}.Release|ARM.ActiveCfg = Release|iPhone
		{4FF76A87-105F-4B3D-AD35-9F956CEFE364}.Release|iPhone.ActiveCfg = Release|iPhone
		{4FF76A87-105F-4B3D-AD35-9F956CEFE364}.Release|iPhone.Build.0 = Release|iPhone
		{4FF76A87-105F-4B3D-AD35-9F956CEFE364}.Release|iPhoneSimulator.ActiveCfg = Release|iPhoneSimulator
		{4FF76A87-105F-4B3D-AD35-9F956CEFE364}.Release|iPhoneSimulator.Build.0 = Release|iPhoneSimulator
		{4FF76A87-105F-4B3D-AD35-9F956CEFE364}.Release|x64.ActiveCfg = Release|iPhoneSimulator
		{4FF76A87-105F-4B3D-AD35-9F956CEFE364}.Release|x86.ActiveCfg = Release|iPhone
		{734F2F59-9584-443E-BD78-90FFACE707EC}.Ad-Hoc|Any CPU.ActiveCfg = Release|Any CPU
		{734F2F59-9584-443E-BD78-90FFACE707EC}.Ad-Hoc|Any CPU.Build.0 = Release|Any CPU
		{734F2F59-9584-443E-BD78-90FFACE707EC}.Ad-Hoc|Any CPU.Deploy.0 = Release|Any CPU
		{734F2F59-9584-443E-BD78-90FFACE707EC}.Ad-Hoc|ARM.ActiveCfg = Release|Any CPU
		{734F2F59-9584-443E-BD78-90FFACE707EC}.Ad-Hoc|ARM.Build.0 = Release|Any CPU
		{734F2F59-9584-443E-BD78-90FFACE707EC}.Ad-Hoc|ARM.Deploy.0 = Release|Any CPU
		{734F2F59-9584-443E-BD78-90FFACE707EC}.Ad-Hoc|iPhone.ActiveCfg = Release|Any CPU
		{734F2F59-9584-443E-BD78-90FFACE707EC}.Ad-Hoc|iPhone.Build.0 = Release|Any CPU
		{734F2F59-9584-443E-BD78-90FFACE707EC}.Ad-Hoc|iPhone.Deploy.0 = Release|Any CPU
		{734F2F59-9584-443E-BD78-90FFACE707EC}.Ad-Hoc|iPhoneSimulator.ActiveCfg = Release|Any CPU
		{734F2F59-9584-443E-BD78-90FFACE707EC}.Ad-Hoc|iPhoneSimulator.Build.0 = Release|Any CPU
		{734F2F59-9584-443E-BD78-90FFACE707EC}.Ad-Hoc|iPhoneSimulator.Deploy.0 = Release|Any CPU
		{734F2F59-9584-443E-BD78-90FFACE707EC}.Ad-Hoc|x64.ActiveCfg = Release|Any CPU
		{734F2F59-9584-443E-BD78-90FFACE707EC}.Ad-Hoc|x64.Build.0 = Release|Any CPU
		{734F2F59-9584-443E-BD78-90FFACE707EC}.Ad-Hoc|x64.Deploy.0 = Release|Any CPU
		{734F2F59-9584-443E-BD78-90FFACE707EC}.Ad-Hoc|x86.ActiveCfg = Release|Any CPU
		{734F2F59-9584-443E-BD78-90FFACE707EC}.Ad-Hoc|x86.Build.0 = Release|Any CPU
		{734F2F59-9584-443E-BD78-90FFACE707EC}.Ad-Hoc|x86.Deploy.0 = Release|Any CPU
		{734F2F59-9584-443E-BD78-90FFACE707EC}.AppStore|Any CPU.ActiveCfg = Release|Any CPU
		{734F2F59-9584-443E-BD78-90FFACE707EC}.AppStore|Any CPU.Build.0 = Release|Any CPU
		{734F2F59-9584-443E-BD78-90FFACE707EC}.AppStore|Any CPU.Deploy.0 = Release|Any CPU
		{734F2F59-9584-443E-BD78-90FFACE707EC}.AppStore|ARM.ActiveCfg = Release|Any CPU
		{734F2F59-9584-443E-BD78-90FFACE707EC}.AppStore|ARM.Build.0 = Release|Any CPU
		{734F2F59-9584-443E-BD78-90FFACE707EC}.AppStore|ARM.Deploy.0 = Release|Any CPU
		{734F2F59-9584-443E-BD78-90FFACE707EC}.AppStore|iPhone.ActiveCfg = Release|Any CPU
		{734F2F59-9584-443E-BD78-90FFACE707EC}.AppStore|iPhone.Build.0 = Release|Any CPU
		{734F2F59-9584-443E-BD78-90FFACE707EC}.AppStore|iPhone.Deploy.0 = Release|Any CPU
		{734F2F59-9584-443E-BD78-90FFACE707EC}.AppStore|iPhoneSimulator.ActiveCfg = Release|Any CPU
		{734F2F59-9584-443E-BD78-90FFACE707EC}.AppStore|iPhoneSimulator.Build.0 = Release|Any CPU
		{734F2F59-9584-443E-BD78-90FFACE707EC}.AppStore|iPhoneSimulator.Deploy.0 = Release|Any CPU
		{734F2F59-9584-443E-BD78-90FFACE707EC}.AppStore|x64.ActiveCfg = Release|Any CPU
		{734F2F59-9584-443E-BD78-90FFACE707EC}.AppStore|x64.Build.0 = Release|Any CPU
		{734F2F59-9584-443E-BD78-90FFACE707EC}.AppStore|x64.Deploy.0 = Release|Any CPU
		{734F2F59-9584-443E-BD78-90FFACE707EC}.AppStore|x86.ActiveCfg = Release|Any CPU
		{734F2F59-9584-443E-BD78-90FFACE707EC}.AppStore|x86.Build.0 = Release|Any CPU
		{734F2F59-9584-443E-BD78-90FFACE707EC}.AppStore|x86.Deploy.0 = Release|Any CPU
		{734F2F59-9584-443E-BD78-90FFACE707EC}.Debug|Any CPU.ActiveCfg = Debug|Any CPU
		{734F2F59-9584-443E-BD78-90FFACE707EC}.Debug|Any CPU.Build.0 = Debug|Any CPU
		{734F2F59-9584-443E-BD78-90FFACE707EC}.Debug|Any CPU.Deploy.0 = Debug|Any CPU
		{734F2F59-9584-443E-BD78-90FFACE707EC}.Debug|ARM.ActiveCfg = Debug|Any CPU
		{734F2F59-9584-443E-BD78-90FFACE707EC}.Debug|ARM.Build.0 = Debug|Any CPU
		{734F2F59-9584-443E-BD78-90FFACE707EC}.Debug|ARM.Deploy.0 = Debug|Any CPU
		{734F2F59-9584-443E-BD78-90FFACE707EC}.Debug|iPhone.ActiveCfg = Debug|Any CPU
		{734F2F59-9584-443E-BD78-90FFACE707EC}.Debug|iPhone.Build.0 = Debug|Any CPU
		{734F2F59-9584-443E-BD78-90FFACE707EC}.Debug|iPhone.Deploy.0 = Debug|Any CPU
		{734F2F59-9584-443E-BD78-90FFACE707EC}.Debug|iPhoneSimulator.ActiveCfg = Debug|Any CPU
		{734F2F59-9584-443E-BD78-90FFACE707EC}.Debug|iPhoneSimulator.Build.0 = Debug|Any CPU
		{734F2F59-9584-443E-BD78-90FFACE707EC}.Debug|iPhoneSimulator.Deploy.0 = Debug|Any CPU
		{734F2F59-9584-443E-BD78-90FFACE707EC}.Debug|x64.ActiveCfg = Debug|Any CPU
		{734F2F59-9584-443E-BD78-90FFACE707EC}.Debug|x64.Build.0 = Debug|Any CPU
		{734F2F59-9584-443E-BD78-90FFACE707EC}.Debug|x64.Deploy.0 = Debug|Any CPU
		{734F2F59-9584-443E-BD78-90FFACE707EC}.Debug|x86.ActiveCfg = Debug|Any CPU
		{734F2F59-9584-443E-BD78-90FFACE707EC}.Debug|x86.Build.0 = Debug|Any CPU
		{734F2F59-9584-443E-BD78-90FFACE707EC}.Debug|x86.Deploy.0 = Debug|Any CPU
		{734F2F59-9584-443E-BD78-90FFACE707EC}.Release|Any CPU.ActiveCfg = Release|Any CPU
		{734F2F59-9584-443E-BD78-90FFACE707EC}.Release|Any CPU.Build.0 = Release|Any CPU
		{734F2F59-9584-443E-BD78-90FFACE707EC}.Release|Any CPU.Deploy.0 = Release|Any CPU
		{734F2F59-9584-443E-BD78-90FFACE707EC}.Release|ARM.ActiveCfg = Release|Any CPU
		{734F2F59-9584-443E-BD78-90FFACE707EC}.Release|ARM.Build.0 = Release|Any CPU
		{734F2F59-9584-443E-BD78-90FFACE707EC}.Release|ARM.Deploy.0 = Release|Any CPU
		{734F2F59-9584-443E-BD78-90FFACE707EC}.Release|iPhone.ActiveCfg = Release|Any CPU
		{734F2F59-9584-443E-BD78-90FFACE707EC}.Release|iPhone.Build.0 = Release|Any CPU
		{734F2F59-9584-443E-BD78-90FFACE707EC}.Release|iPhone.Deploy.0 = Release|Any CPU
		{734F2F59-9584-443E-BD78-90FFACE707EC}.Release|iPhoneSimulator.ActiveCfg = Release|Any CPU
		{734F2F59-9584-443E-BD78-90FFACE707EC}.Release|iPhoneSimulator.Build.0 = Release|Any CPU
		{734F2F59-9584-443E-BD78-90FFACE707EC}.Release|iPhoneSimulator.Deploy.0 = Release|Any CPU
		{734F2F59-9584-443E-BD78-90FFACE707EC}.Release|x64.ActiveCfg = Release|Any CPU
		{734F2F59-9584-443E-BD78-90FFACE707EC}.Release|x64.Build.0 = Release|Any CPU
		{734F2F59-9584-443E-BD78-90FFACE707EC}.Release|x64.Deploy.0 = Release|Any CPU
		{734F2F59-9584-443E-BD78-90FFACE707EC}.Release|x86.ActiveCfg = Release|Any CPU
		{734F2F59-9584-443E-BD78-90FFACE707EC}.Release|x86.Build.0 = Release|Any CPU
		{734F2F59-9584-443E-BD78-90FFACE707EC}.Release|x86.Deploy.0 = Release|Any CPU
		{58EEAFFF-D1BB-4375-AEFC-8270F8415DCE}.Ad-Hoc|Any CPU.ActiveCfg = Release|Any CPU
		{58EEAFFF-D1BB-4375-AEFC-8270F8415DCE}.Ad-Hoc|Any CPU.Build.0 = Release|Any CPU
		{58EEAFFF-D1BB-4375-AEFC-8270F8415DCE}.Ad-Hoc|ARM.ActiveCfg = Release|Any CPU
		{58EEAFFF-D1BB-4375-AEFC-8270F8415DCE}.Ad-Hoc|ARM.Build.0 = Release|Any CPU
		{58EEAFFF-D1BB-4375-AEFC-8270F8415DCE}.Ad-Hoc|iPhone.ActiveCfg = Release|Any CPU
		{58EEAFFF-D1BB-4375-AEFC-8270F8415DCE}.Ad-Hoc|iPhone.Build.0 = Release|Any CPU
		{58EEAFFF-D1BB-4375-AEFC-8270F8415DCE}.Ad-Hoc|iPhoneSimulator.ActiveCfg = Release|Any CPU
		{58EEAFFF-D1BB-4375-AEFC-8270F8415DCE}.Ad-Hoc|iPhoneSimulator.Build.0 = Release|Any CPU
		{58EEAFFF-D1BB-4375-AEFC-8270F8415DCE}.Ad-Hoc|x64.ActiveCfg = Release|Any CPU
		{58EEAFFF-D1BB-4375-AEFC-8270F8415DCE}.Ad-Hoc|x64.Build.0 = Release|Any CPU
		{58EEAFFF-D1BB-4375-AEFC-8270F8415DCE}.Ad-Hoc|x86.ActiveCfg = Release|Any CPU
		{58EEAFFF-D1BB-4375-AEFC-8270F8415DCE}.Ad-Hoc|x86.Build.0 = Release|Any CPU
		{58EEAFFF-D1BB-4375-AEFC-8270F8415DCE}.AppStore|Any CPU.ActiveCfg = Release|Any CPU
		{58EEAFFF-D1BB-4375-AEFC-8270F8415DCE}.AppStore|Any CPU.Build.0 = Release|Any CPU
		{58EEAFFF-D1BB-4375-AEFC-8270F8415DCE}.AppStore|ARM.ActiveCfg = Release|Any CPU
		{58EEAFFF-D1BB-4375-AEFC-8270F8415DCE}.AppStore|ARM.Build.0 = Release|Any CPU
		{58EEAFFF-D1BB-4375-AEFC-8270F8415DCE}.AppStore|iPhone.ActiveCfg = Release|Any CPU
		{58EEAFFF-D1BB-4375-AEFC-8270F8415DCE}.AppStore|iPhone.Build.0 = Release|Any CPU
		{58EEAFFF-D1BB-4375-AEFC-8270F8415DCE}.AppStore|iPhoneSimulator.ActiveCfg = Release|Any CPU
		{58EEAFFF-D1BB-4375-AEFC-8270F8415DCE}.AppStore|iPhoneSimulator.Build.0 = Release|Any CPU
		{58EEAFFF-D1BB-4375-AEFC-8270F8415DCE}.AppStore|x64.ActiveCfg = Release|Any CPU
		{58EEAFFF-D1BB-4375-AEFC-8270F8415DCE}.AppStore|x64.Build.0 = Release|Any CPU
		{58EEAFFF-D1BB-4375-AEFC-8270F8415DCE}.AppStore|x86.ActiveCfg = Release|Any CPU
		{58EEAFFF-D1BB-4375-AEFC-8270F8415DCE}.AppStore|x86.Build.0 = Release|Any CPU
		{58EEAFFF-D1BB-4375-AEFC-8270F8415DCE}.Debug|Any CPU.ActiveCfg = Debug|Any CPU
		{58EEAFFF-D1BB-4375-AEFC-8270F8415DCE}.Debug|Any CPU.Build.0 = Debug|Any CPU
		{58EEAFFF-D1BB-4375-AEFC-8270F8415DCE}.Debug|ARM.ActiveCfg = Debug|Any CPU
		{58EEAFFF-D1BB-4375-AEFC-8270F8415DCE}.Debug|ARM.Build.0 = Debug|Any CPU
		{58EEAFFF-D1BB-4375-AEFC-8270F8415DCE}.Debug|iPhone.ActiveCfg = Debug|Any CPU
		{58EEAFFF-D1BB-4375-AEFC-8270F8415DCE}.Debug|iPhone.Build.0 = Debug|Any CPU
		{58EEAFFF-D1BB-4375-AEFC-8270F8415DCE}.Debug|iPhoneSimulator.ActiveCfg = Debug|Any CPU
		{58EEAFFF-D1BB-4375-AEFC-8270F8415DCE}.Debug|iPhoneSimulator.Build.0 = Debug|Any CPU
		{58EEAFFF-D1BB-4375-AEFC-8270F8415DCE}.Debug|x64.ActiveCfg = Debug|Any CPU
		{58EEAFFF-D1BB-4375-AEFC-8270F8415DCE}.Debug|x64.Build.0 = Debug|Any CPU
		{58EEAFFF-D1BB-4375-AEFC-8270F8415DCE}.Debug|x86.ActiveCfg = Debug|Any CPU
		{58EEAFFF-D1BB-4375-AEFC-8270F8415DCE}.Debug|x86.Build.0 = Debug|Any CPU
		{58EEAFFF-D1BB-4375-AEFC-8270F8415DCE}.Release|Any CPU.ActiveCfg = Release|Any CPU
		{58EEAFFF-D1BB-4375-AEFC-8270F8415DCE}.Release|Any CPU.Build.0 = Release|Any CPU
		{58EEAFFF-D1BB-4375-AEFC-8270F8415DCE}.Release|ARM.ActiveCfg = Release|Any CPU
		{58EEAFFF-D1BB-4375-AEFC-8270F8415DCE}.Release|ARM.Build.0 = Release|Any CPU
		{58EEAFFF-D1BB-4375-AEFC-8270F8415DCE}.Release|iPhone.ActiveCfg = Release|Any CPU
		{58EEAFFF-D1BB-4375-AEFC-8270F8415DCE}.Release|iPhone.Build.0 = Release|Any CPU
		{58EEAFFF-D1BB-4375-AEFC-8270F8415DCE}.Release|iPhoneSimulator.ActiveCfg = Release|Any CPU
		{58EEAFFF-D1BB-4375-AEFC-8270F8415DCE}.Release|iPhoneSimulator.Build.0 = Release|Any CPU
		{58EEAFFF-D1BB-4375-AEFC-8270F8415DCE}.Release|x64.ActiveCfg = Release|Any CPU
		{58EEAFFF-D1BB-4375-AEFC-8270F8415DCE}.Release|x64.Build.0 = Release|Any CPU
		{58EEAFFF-D1BB-4375-AEFC-8270F8415DCE}.Release|x86.ActiveCfg = Release|Any CPU
		{58EEAFFF-D1BB-4375-AEFC-8270F8415DCE}.Release|x86.Build.0 = Release|Any CPU
		{94269E8C-3479-45B1-ADA5-3AD3B5C4DAAC}.Ad-Hoc|Any CPU.ActiveCfg = Release|x86
		{94269E8C-3479-45B1-ADA5-3AD3B5C4DAAC}.Ad-Hoc|Any CPU.Build.0 = Release|x86
		{94269E8C-3479-45B1-ADA5-3AD3B5C4DAAC}.Ad-Hoc|Any CPU.Deploy.0 = Release|x86
		{94269E8C-3479-45B1-ADA5-3AD3B5C4DAAC}.Ad-Hoc|ARM.ActiveCfg = Release|ARM
		{94269E8C-3479-45B1-ADA5-3AD3B5C4DAAC}.Ad-Hoc|ARM.Build.0 = Release|ARM
		{94269E8C-3479-45B1-ADA5-3AD3B5C4DAAC}.Ad-Hoc|ARM.Deploy.0 = Release|ARM
		{94269E8C-3479-45B1-ADA5-3AD3B5C4DAAC}.Ad-Hoc|iPhone.ActiveCfg = Release|x86
		{94269E8C-3479-45B1-ADA5-3AD3B5C4DAAC}.Ad-Hoc|iPhone.Build.0 = Release|x86
		{94269E8C-3479-45B1-ADA5-3AD3B5C4DAAC}.Ad-Hoc|iPhone.Deploy.0 = Release|x86
		{94269E8C-3479-45B1-ADA5-3AD3B5C4DAAC}.Ad-Hoc|iPhoneSimulator.ActiveCfg = Release|x86
		{94269E8C-3479-45B1-ADA5-3AD3B5C4DAAC}.Ad-Hoc|iPhoneSimulator.Build.0 = Release|x86
		{94269E8C-3479-45B1-ADA5-3AD3B5C4DAAC}.Ad-Hoc|iPhoneSimulator.Deploy.0 = Release|x86
		{94269E8C-3479-45B1-ADA5-3AD3B5C4DAAC}.Ad-Hoc|x64.ActiveCfg = Release|x64
		{94269E8C-3479-45B1-ADA5-3AD3B5C4DAAC}.Ad-Hoc|x64.Build.0 = Release|x64
		{94269E8C-3479-45B1-ADA5-3AD3B5C4DAAC}.Ad-Hoc|x64.Deploy.0 = Release|x64
		{94269E8C-3479-45B1-ADA5-3AD3B5C4DAAC}.Ad-Hoc|x86.ActiveCfg = Release|x86
		{94269E8C-3479-45B1-ADA5-3AD3B5C4DAAC}.Ad-Hoc|x86.Build.0 = Release|x86
		{94269E8C-3479-45B1-ADA5-3AD3B5C4DAAC}.Ad-Hoc|x86.Deploy.0 = Release|x86
		{94269E8C-3479-45B1-ADA5-3AD3B5C4DAAC}.AppStore|Any CPU.ActiveCfg = Release|x86
		{94269E8C-3479-45B1-ADA5-3AD3B5C4DAAC}.AppStore|Any CPU.Build.0 = Release|x86
		{94269E8C-3479-45B1-ADA5-3AD3B5C4DAAC}.AppStore|Any CPU.Deploy.0 = Release|x86
		{94269E8C-3479-45B1-ADA5-3AD3B5C4DAAC}.AppStore|ARM.ActiveCfg = Release|ARM
		{94269E8C-3479-45B1-ADA5-3AD3B5C4DAAC}.AppStore|ARM.Build.0 = Release|ARM
		{94269E8C-3479-45B1-ADA5-3AD3B5C4DAAC}.AppStore|ARM.Deploy.0 = Release|ARM
		{94269E8C-3479-45B1-ADA5-3AD3B5C4DAAC}.AppStore|iPhone.ActiveCfg = Release|x86
		{94269E8C-3479-45B1-ADA5-3AD3B5C4DAAC}.AppStore|iPhone.Build.0 = Release|x86
		{94269E8C-3479-45B1-ADA5-3AD3B5C4DAAC}.AppStore|iPhone.Deploy.0 = Release|x86
		{94269E8C-3479-45B1-ADA5-3AD3B5C4DAAC}.AppStore|iPhoneSimulator.ActiveCfg = Release|x86
		{94269E8C-3479-45B1-ADA5-3AD3B5C4DAAC}.AppStore|iPhoneSimulator.Build.0 = Release|x86
		{94269E8C-3479-45B1-ADA5-3AD3B5C4DAAC}.AppStore|iPhoneSimulator.Deploy.0 = Release|x86
		{94269E8C-3479-45B1-ADA5-3AD3B5C4DAAC}.AppStore|x64.ActiveCfg = Release|x64
		{94269E8C-3479-45B1-ADA5-3AD3B5C4DAAC}.AppStore|x64.Build.0 = Release|x64
		{94269E8C-3479-45B1-ADA5-3AD3B5C4DAAC}.AppStore|x64.Deploy.0 = Release|x64
		{94269E8C-3479-45B1-ADA5-3AD3B5C4DAAC}.AppStore|x86.ActiveCfg = Release|x86
		{94269E8C-3479-45B1-ADA5-3AD3B5C4DAAC}.AppStore|x86.Build.0 = Release|x86
		{94269E8C-3479-45B1-ADA5-3AD3B5C4DAAC}.AppStore|x86.Deploy.0 = Release|x86
		{94269E8C-3479-45B1-ADA5-3AD3B5C4DAAC}.Debug|Any CPU.ActiveCfg = Debug|x86
		{94269E8C-3479-45B1-ADA5-3AD3B5C4DAAC}.Debug|Any CPU.Build.0 = Debug|x86
		{94269E8C-3479-45B1-ADA5-3AD3B5C4DAAC}.Debug|Any CPU.Deploy.0 = Debug|x86
		{94269E8C-3479-45B1-ADA5-3AD3B5C4DAAC}.Debug|ARM.ActiveCfg = Debug|ARM
		{94269E8C-3479-45B1-ADA5-3AD3B5C4DAAC}.Debug|ARM.Build.0 = Debug|ARM
		{94269E8C-3479-45B1-ADA5-3AD3B5C4DAAC}.Debug|ARM.Deploy.0 = Debug|ARM
		{94269E8C-3479-45B1-ADA5-3AD3B5C4DAAC}.Debug|iPhone.ActiveCfg = Debug|x86
		{94269E8C-3479-45B1-ADA5-3AD3B5C4DAAC}.Debug|iPhone.Build.0 = Debug|x86
		{94269E8C-3479-45B1-ADA5-3AD3B5C4DAAC}.Debug|iPhone.Deploy.0 = Debug|x86
		{94269E8C-3479-45B1-ADA5-3AD3B5C4DAAC}.Debug|iPhoneSimulator.ActiveCfg = Debug|x86
		{94269E8C-3479-45B1-ADA5-3AD3B5C4DAAC}.Debug|iPhoneSimulator.Build.0 = Debug|x86
		{94269E8C-3479-45B1-ADA5-3AD3B5C4DAAC}.Debug|iPhoneSimulator.Deploy.0 = Debug|x86
		{94269E8C-3479-45B1-ADA5-3AD3B5C4DAAC}.Debug|x64.ActiveCfg = Debug|x64
		{94269E8C-3479-45B1-ADA5-3AD3B5C4DAAC}.Debug|x64.Build.0 = Debug|x64
		{94269E8C-3479-45B1-ADA5-3AD3B5C4DAAC}.Debug|x64.Deploy.0 = Debug|x64
		{94269E8C-3479-45B1-ADA5-3AD3B5C4DAAC}.Debug|x86.ActiveCfg = Debug|x86
		{94269E8C-3479-45B1-ADA5-3AD3B5C4DAAC}.Debug|x86.Build.0 = Debug|x86
		{94269E8C-3479-45B1-ADA5-3AD3B5C4DAAC}.Debug|x86.Deploy.0 = Debug|x86
		{94269E8C-3479-45B1-ADA5-3AD3B5C4DAAC}.Release|Any CPU.ActiveCfg = Release|x86
		{94269E8C-3479-45B1-ADA5-3AD3B5C4DAAC}.Release|Any CPU.Build.0 = Release|x86
		{94269E8C-3479-45B1-ADA5-3AD3B5C4DAAC}.Release|Any CPU.Deploy.0 = Release|x86
		{94269E8C-3479-45B1-ADA5-3AD3B5C4DAAC}.Release|ARM.ActiveCfg = Release|ARM
		{94269E8C-3479-45B1-ADA5-3AD3B5C4DAAC}.Release|ARM.Build.0 = Release|ARM
		{94269E8C-3479-45B1-ADA5-3AD3B5C4DAAC}.Release|ARM.Deploy.0 = Release|ARM
		{94269E8C-3479-45B1-ADA5-3AD3B5C4DAAC}.Release|iPhone.ActiveCfg = Release|x86
		{94269E8C-3479-45B1-ADA5-3AD3B5C4DAAC}.Release|iPhone.Build.0 = Release|x86
		{94269E8C-3479-45B1-ADA5-3AD3B5C4DAAC}.Release|iPhone.Deploy.0 = Release|x86
		{94269E8C-3479-45B1-ADA5-3AD3B5C4DAAC}.Release|iPhoneSimulator.ActiveCfg = Release|x86
		{94269E8C-3479-45B1-ADA5-3AD3B5C4DAAC}.Release|iPhoneSimulator.Build.0 = Release|x86
		{94269E8C-3479-45B1-ADA5-3AD3B5C4DAAC}.Release|iPhoneSimulator.Deploy.0 = Release|x86
		{94269E8C-3479-45B1-ADA5-3AD3B5C4DAAC}.Release|x64.ActiveCfg = Release|x64
		{94269E8C-3479-45B1-ADA5-3AD3B5C4DAAC}.Release|x64.Build.0 = Release|x64
		{94269E8C-3479-45B1-ADA5-3AD3B5C4DAAC}.Release|x64.Deploy.0 = Release|x64
		{94269E8C-3479-45B1-ADA5-3AD3B5C4DAAC}.Release|x86.ActiveCfg = Release|x86
		{94269E8C-3479-45B1-ADA5-3AD3B5C4DAAC}.Release|x86.Build.0 = Release|x86
		{94269E8C-3479-45B1-ADA5-3AD3B5C4DAAC}.Release|x86.Deploy.0 = Release|x86
	EndGlobalSection
	GlobalSection(SolutionProperties) = preSolution
		HideSolutionNode = FALSE
	EndGlobalSection
EndGlobal
